// !$*UTF8*$!
{
	archiveVersion = 1;
	classes = {
	};
	objectVersion = 46;
	objects = {

/* Begin PBXBuildFile section */
		02671DA6FD436813772668A4 /* libPods-MapDemo.a in Frameworks */ = {isa = PBXBuildFile; fileRef = 67D9105E086DC24E2898C5D5 /* libPods-MapDemo.a */; };
		8630CB391F25EDDD00243A93 /* main.m in Sources */ = {isa = PBXBuildFile; fileRef = 8630CB381F25EDDD00243A93 /* main.m */; };
		8630CB3C1F25EDDD00243A93 /* AppDelegate.m in Sources */ = {isa = PBXBuildFile; fileRef = 8630CB3B1F25EDDD00243A93 /* AppDelegate.m */; };
		8630CB3F1F25EDDD00243A93 /* ViewController.m in Sources */ = {isa = PBXBuildFile; fileRef = 8630CB3E1F25EDDD00243A93 /* ViewController.m */; };
		8630CB421F25EDDD00243A93 /* Main.storyboard in Resources */ = {isa = PBXBuildFile; fileRef = 8630CB401F25EDDD00243A93 /* Main.storyboard */; };
		8630CB441F25EDDD00243A93 /* Assets.xcassets in Resources */ = {isa = PBXBuildFile; fileRef = 8630CB431F25EDDD00243A93 /* Assets.xcassets */; };
		8630CB471F25EDDD00243A93 /* LaunchScreen.storyboard in Resources */ = {isa = PBXBuildFile; fileRef = 8630CB451F25EDDD00243A93 /* LaunchScreen.storyboard */; };
		8630CB521F25EDDD00243A93 /* MapDemoTests.m in Sources */ = {isa = PBXBuildFile; fileRef = 8630CB511F25EDDD00243A93 /* MapDemoTests.m */; };
		8630CB5D1F25EDDD00243A93 /* MapDemoUITests.m in Sources */ = {isa = PBXBuildFile; fileRef = 8630CB5C1F25EDDD00243A93 /* MapDemoUITests.m */; };
		8630CC061F25EE7500243A93 /* DrawDriveRecordViewController.m in Sources */ = {isa = PBXBuildFile; fileRef = 8630CB6C1F25EE7500243A93 /* DrawDriveRecordViewController.m */; };
		8630CC071F25EE7500243A93 /* DrawLineViewController.m in Sources */ = {isa = PBXBuildFile; fileRef = 8630CB6E1F25EE7500243A93 /* DrawLineViewController.m */; };
		8630CC081F25EE7500243A93 /* DrawRouteViewController.m in Sources */ = {isa = PBXBuildFile; fileRef = 8630CB701F25EE7500243A93 /* DrawRouteViewController.m */; };
		8630CC091F25EE7500243A93 /* KeyWordsViewController.m in Sources */ = {isa = PBXBuildFile; fileRef = 8630CB721F25EE7500243A93 /* KeyWordsViewController.m */; };
		8630CC0A1F25EE7500243A93 /* MapFenceViewController.m in Sources */ = {isa = PBXBuildFile; fileRef = 8630CB741F25EE7500243A93 /* MapFenceViewController.m */; };
		8630CC0B1F25EE7500243A93 /* MapInputTipsViewController.m in Sources */ = {isa = PBXBuildFile; fileRef = 8630CB761F25EE7500243A93 /* MapInputTipsViewController.m */; };
		8630CC0C1F25EE7500243A93 /* MapPointViewController.m in Sources */ = {isa = PBXBuildFile; fileRef = 8630CB781F25EE7500243A93 /* MapPointViewController.m */; };
		8630CC1E1F25EE7500243A93 /* CarSimulator.m in Sources */ = {isa = PBXBuildFile; fileRef = 8630CBA11F25EE7500243A93 /* CarSimulator.m */; };
		8630CC261F25EE7500243A93 /* FourAngleLabel.m in Sources */ = {isa = PBXBuildFile; fileRef = 8630CBB31F25EE7500243A93 /* FourAngleLabel.m */; };
		8630CC461F25EE7500243A93 /* TableViewCellModel.m in Sources */ = {isa = PBXBuildFile; fileRef = 8630CC031F25EE7500243A93 /* TableViewCellModel.m */; };
		8630CC471F25EE7500243A93 /* UIViewController+Alert.m in Sources */ = {isa = PBXBuildFile; fileRef = 8630CC051F25EE7500243A93 /* UIViewController+Alert.m */; };
		86973D191FBD328C00E55838 /* MapManager+MapLocation.m in Sources */ = {isa = PBXBuildFile; fileRef = 86973D171FBD328B00E55838 /* MapManager+MapLocation.m */; };
		86973DA11FBD329F00E55838 /* BrakeMapAnnotation.m in Sources */ = {isa = PBXBuildFile; fileRef = 86973D1E1FBD329E00E55838 /* BrakeMapAnnotation.m */; };
		86973DA21FBD329F00E55838 /* CarMapAnnotation.m in Sources */ = {isa = PBXBuildFile; fileRef = 86973D201FBD329E00E55838 /* CarMapAnnotation.m */; };
		86973DA31FBD329F00E55838 /* EndPointMapAnnotation.m in Sources */ = {isa = PBXBuildFile; fileRef = 86973D221FBD329E00E55838 /* EndPointMapAnnotation.m */; };
		86973DA41FBD329F00E55838 /* SearchMapAnnotation.m in Sources */ = {isa = PBXBuildFile; fileRef = 86973D241FBD329E00E55838 /* SearchMapAnnotation.m */; };
		86973DA51FBD329F00E55838 /* SpeedUpMapAnnotation.m in Sources */ = {isa = PBXBuildFile; fileRef = 86973D261FBD329E00E55838 /* SpeedUpMapAnnotation.m */; };
		86973DA61FBD329F00E55838 /* StartPointMapAnnotation.m in Sources */ = {isa = PBXBuildFile; fileRef = 86973D281FBD329E00E55838 /* StartPointMapAnnotation.m */; };
		86973DA71FBD329F00E55838 /* TextMapAnnotation.m in Sources */ = {isa = PBXBuildFile; fileRef = 86973D2A1FBD329E00E55838 /* TextMapAnnotation.m */; };
		86973DA81FBD329F00E55838 /* TurnMapAnnotation.m in Sources */ = {isa = PBXBuildFile; fileRef = 86973D2C1FBD329E00E55838 /* TurnMapAnnotation.m */; };
		86973DA91FBD329F00E55838 /* MapAnnotation.m in Sources */ = {isa = PBXBuildFile; fileRef = 86973D2E1FBD329E00E55838 /* MapAnnotation.m */; };
		86973DAA1FBD329F00E55838 /* MapAnnotationView.m in Sources */ = {isa = PBXBuildFile; fileRef = 86973D301FBD329E00E55838 /* MapAnnotationView.m */; };
		86973DAB1FBD329F00E55838 /* CACoordLayer.m in Sources */ = {isa = PBXBuildFile; fileRef = 86973D341FBD329E00E55838 /* CACoordLayer.m */; };
		86973DAC1FBD329F00E55838 /* MovingAnnotationView.m in Sources */ = {isa = PBXBuildFile; fileRef = 86973D361FBD329E00E55838 /* MovingAnnotationView.m */; };
		86973DAD1FBD329F00E55838 /* TracingPoint.m in Sources */ = {isa = PBXBuildFile; fileRef = 86973D381FBD329E00E55838 /* TracingPoint.m */; };
		86973DAE1FBD329F00E55838 /* AngleLabel.m in Sources */ = {isa = PBXBuildFile; fileRef = 86973D3B1FBD329E00E55838 /* AngleLabel.m */; };
		86973DAF1FBD329F00E55838 /* CarMapAnnotationView.m in Sources */ = {isa = PBXBuildFile; fileRef = 86973D3D1FBD329E00E55838 /* CarMapAnnotationView.m */; };
		86973DB01FBD329F00E55838 /* TextMapAnnotationView.m in Sources */ = {isa = PBXBuildFile; fileRef = 86973D3F1FBD329E00E55838 /* TextMapAnnotationView.m */; };
		86973DB11FBD329F00E55838 /* MapDrawDriveRecord.m in Sources */ = {isa = PBXBuildFile; fileRef = 86973D421FBD329E00E55838 /* MapDrawDriveRecord.m */; };
		86973DB21FBD329F00E55838 /* MapDrawLine.m in Sources */ = {isa = PBXBuildFile; fileRef = 86973D441FBD329E00E55838 /* MapDrawLine.m */; };
		86973DB31FBD329F00E55838 /* MapDrawPoint.m in Sources */ = {isa = PBXBuildFile; fileRef = 86973D461FBD329E00E55838 /* MapDrawPoint.m */; };
		86973DB41FBD329F00E55838 /* MapDrawRoute.m in Sources */ = {isa = PBXBuildFile; fileRef = 86973D481FBD329E00E55838 /* MapDrawRoute.m */; };
		86973DB51FBD329F00E55838 /* MapDriveRecordObject.m in Sources */ = {isa = PBXBuildFile; fileRef = 86973D4B1FBD329E00E55838 /* MapDriveRecordObject.m */; };
		86973DB61FBD329F00E55838 /* MapRouteObject.m in Sources */ = {isa = PBXBuildFile; fileRef = 86973D4D1FBD329E00E55838 /* MapRouteObject.m */; };
		86973DB71FBD329F00E55838 /* MapDrawFenceView.m in Sources */ = {isa = PBXBuildFile; fileRef = 86973D501FBD329E00E55838 /* MapDrawFenceView.m */; };
		86973DB81FBD329F00E55838 /* MapFenceAMapViewModel.m in Sources */ = {isa = PBXBuildFile; fileRef = 86973D521FBD329E00E55838 /* MapFenceAMapViewModel.m */; };
		86973DB91FBD329F00E55838 /* MapFenceModel.m in Sources */ = {isa = PBXBuildFile; fileRef = 86973D541FBD329E00E55838 /* MapFenceModel.m */; };
		86973DBA1FBD329F00E55838 /* MapManager+Location.m in Sources */ = {isa = PBXBuildFile; fileRef = 86973D561FBD329E00E55838 /* MapManager+Location.m */; };
		86973DBB1FBD329F00E55838 /* MapManager+MapView.m in Sources */ = {isa = PBXBuildFile; fileRef = 86973D581FBD329E00E55838 /* MapManager+MapView.m */; };
		86973DBC1FBD329F00E55838 /* MapManager+Search.m in Sources */ = {isa = PBXBuildFile; fileRef = 86973D5A1FBD329E00E55838 /* MapManager+Search.m */; };
		86973DBD1FBD329F00E55838 /* MapManager+Tools.m in Sources */ = {isa = PBXBuildFile; fileRef = 86973D5C1FBD329E00E55838 /* MapManager+Tools.m */; };
		86973DBE1FBD329F00E55838 /* MapManager.m in Sources */ = {isa = PBXBuildFile; fileRef = 86973D5E1FBD329E00E55838 /* MapManager.m */; };
		86973DBF1FBD329F00E55838 /* CarMapLocation.m in Sources */ = {isa = PBXBuildFile; fileRef = 86973D621FBD329E00E55838 /* CarMapLocation.m */; };
		86973DC01FBD329F00E55838 /* CacheMapLocationManager.m in Sources */ = {isa = PBXBuildFile; fileRef = 86973D651FBD329E00E55838 /* CacheMapLocationManager.m */; };
		86973DC11FBD329F00E55838 /* CarLocationManager.m in Sources */ = {isa = PBXBuildFile; fileRef = 86973D671FBD329E00E55838 /* CarLocationManager.m */; };
		86973DC21FBD329F00E55838 /* MapLocationManager.m in Sources */ = {isa = PBXBuildFile; fileRef = 86973D691FBD329E00E55838 /* MapLocationManager.m */; };
		86973DC31FBD329F00E55838 /* UserLocationManager.m in Sources */ = {isa = PBXBuildFile; fileRef = 86973D6B1FBD329E00E55838 /* UserLocationManager.m */; };
		86973DC41FBD329F00E55838 /* MapLocationModel+RegeoSearch.m in Sources */ = {isa = PBXBuildFile; fileRef = 86973D6D1FBD329E00E55838 /* MapLocationModel+RegeoSearch.m */; };
		86973DC51FBD329F00E55838 /* MapLocationModel.m in Sources */ = {isa = PBXBuildFile; fileRef = 86973D6F1FBD329E00E55838 /* MapLocationModel.m */; };
		86973DC61FBD329F00E55838 /* MyLatLng.m in Sources */ = {isa = PBXBuildFile; fileRef = 86973D711FBD329E00E55838 /* MyLatLng.m */; };
		86973DC71FBD329F00E55838 /* SearchMapLocation.m in Sources */ = {isa = PBXBuildFile; fileRef = 86973D731FBD329E00E55838 /* SearchMapLocation.m */; };
		86973DC81FBD329F00E55838 /* DriveNaviViewController.m in Sources */ = {isa = PBXBuildFile; fileRef = 86973D761FBD329E00E55838 /* DriveNaviViewController.m */; };
		86973DC91FBD329F00E55838 /* WalkNaviView.m in Sources */ = {isa = PBXBuildFile; fileRef = 86973D781FBD329E00E55838 /* WalkNaviView.m */; };
		86973DCA1FBD329F00E55838 /* WalkNaviViewController.m in Sources */ = {isa = PBXBuildFile; fileRef = 86973D7A1FBD329E00E55838 /* WalkNaviViewController.m */; };
		86973DCB1FBD329F00E55838 /* MapDrivePlanningRoute.m in Sources */ = {isa = PBXBuildFile; fileRef = 86973D7D1FBD329E00E55838 /* MapDrivePlanningRoute.m */; };
		86973DCC1FBD329F00E55838 /* MapPlanningRoute.m in Sources */ = {isa = PBXBuildFile; fileRef = 86973D7F1FBD329E00E55838 /* MapPlanningRoute.m */; };
		86973DCD1FBD329F00E55838 /* MapWalkPlanningRoute.m in Sources */ = {isa = PBXBuildFile; fileRef = 86973D831FBD329E00E55838 /* MapWalkPlanningRoute.m */; };
		86973DCE1FBD329F00E55838 /* MapDeselectPolylineView.m in Sources */ = {isa = PBXBuildFile; fileRef = 86973D861FBD329E00E55838 /* MapDeselectPolylineView.m */; };
		86973DCF1FBD329F00E55838 /* MapPolyLineObject.m in Sources */ = {isa = PBXBuildFile; fileRef = 86973D881FBD329E00E55838 /* MapPolyLineObject.m */; };
		86973DD01FBD329F00E55838 /* MapPolylineView.m in Sources */ = {isa = PBXBuildFile; fileRef = 86973D8A1FBD329E00E55838 /* MapPolylineView.m */; };
		86973DD11FBD329F00E55838 /* MapRedPolylineView.m in Sources */ = {isa = PBXBuildFile; fileRef = 86973D8C1FBD329E00E55838 /* MapRedPolylineView.m */; };
		86973DD21FBD329F00E55838 /* MapSearchInputTips.m in Sources */ = {isa = PBXBuildFile; fileRef = 86973D901FBD329E00E55838 /* MapSearchInputTips.m */; };
		86973DD31FBD329F00E55838 /* MapSearchKeywords.m in Sources */ = {isa = PBXBuildFile; fileRef = 86973D931FBD329E00E55838 /* MapSearchKeywords.m */; };
		86973DD41FBD329F00E55838 /* MapSearchKeywords_MapView.m in Sources */ = {isa = PBXBuildFile; fileRef = 86973D951FBD329E00E55838 /* MapSearchKeywords_MapView.m */; };
		86973DD51FBD329F00E55838 /* MapSearch+Search.m in Sources */ = {isa = PBXBuildFile; fileRef = 86973D981FBD329E00E55838 /* MapSearch+Search.m */; };
		86973DD61FBD329F00E55838 /* MapSearch.m in Sources */ = {isa = PBXBuildFile; fileRef = 86973D9A1FBD329E00E55838 /* MapSearch.m */; };
		86973DD71FBD329F00E55838 /* MapSearchObject.m in Sources */ = {isa = PBXBuildFile; fileRef = 86973D9C1FBD329E00E55838 /* MapSearchObject.m */; };
		86973DD81FBD329F00E55838 /* MapSearchInputTipModel.m in Sources */ = {isa = PBXBuildFile; fileRef = 86973DA01FBD329E00E55838 /* MapSearchInputTipModel.m */; };
/* End PBXBuildFile section */

/* Begin PBXContainerItemProxy section */
		8630CB4E1F25EDDD00243A93 /* PBXContainerItemProxy */ = {
			isa = PBXContainerItemProxy;
			containerPortal = 8630CB2C1F25EDDD00243A93 /* Project object */;
			proxyType = 1;
			remoteGlobalIDString = 8630CB331F25EDDD00243A93;
			remoteInfo = MapDemo;
		};
		8630CB591F25EDDD00243A93 /* PBXContainerItemProxy */ = {
			isa = PBXContainerItemProxy;
			containerPortal = 8630CB2C1F25EDDD00243A93 /* Project object */;
			proxyType = 1;
			remoteGlobalIDString = 8630CB331F25EDDD00243A93;
			remoteInfo = MapDemo;
		};
/* End PBXContainerItemProxy section */

/* Begin PBXFileReference section */
		67D9105E086DC24E2898C5D5 /* libPods-MapDemo.a */ = {isa = PBXFileReference; explicitFileType = archive.ar; includeInIndex = 0; path = "libPods-MapDemo.a"; sourceTree = BUILT_PRODUCTS_DIR; };
		8630CB341F25EDDD00243A93 /* MapDemo.app */ = {isa = PBXFileReference; explicitFileType = wrapper.application; includeInIndex = 0; path = MapDemo.app; sourceTree = BUILT_PRODUCTS_DIR; };
		8630CB381F25EDDD00243A93 /* main.m */ = {isa = PBXFileReference; lastKnownFileType = sourcecode.c.objc; path = main.m; sourceTree = "<group>"; };
		8630CB3A1F25EDDD00243A93 /* AppDelegate.h */ = {isa = PBXFileReference; lastKnownFileType = sourcecode.c.h; path = AppDelegate.h; sourceTree = "<group>"; };
		8630CB3B1F25EDDD00243A93 /* AppDelegate.m */ = {isa = PBXFileReference; lastKnownFileType = sourcecode.c.objc; path = AppDelegate.m; sourceTree = "<group>"; };
		8630CB3D1F25EDDD00243A93 /* ViewController.h */ = {isa = PBXFileReference; lastKnownFileType = sourcecode.c.h; path = ViewController.h; sourceTree = "<group>"; };
		8630CB3E1F25EDDD00243A93 /* ViewController.m */ = {isa = PBXFileReference; lastKnownFileType = sourcecode.c.objc; path = ViewController.m; sourceTree = "<group>"; };
		8630CB411F25EDDD00243A93 /* Base */ = {isa = PBXFileReference; lastKnownFileType = file.storyboard; name = Base; path = Base.lproj/Main.storyboard; sourceTree = "<group>"; };
		8630CB431F25EDDD00243A93 /* Assets.xcassets */ = {isa = PBXFileReference; lastKnownFileType = folder.assetcatalog; path = Assets.xcassets; sourceTree = "<group>"; };
		8630CB461F25EDDD00243A93 /* Base */ = {isa = PBXFileReference; lastKnownFileType = file.storyboard; name = Base; path = Base.lproj/LaunchScreen.storyboard; sourceTree = "<group>"; };
		8630CB481F25EDDD00243A93 /* Info.plist */ = {isa = PBXFileReference; lastKnownFileType = text.plist.xml; path = Info.plist; sourceTree = "<group>"; };
		8630CB4D1F25EDDD00243A93 /* MapDemoTests.xctest */ = {isa = PBXFileReference; explicitFileType = wrapper.cfbundle; includeInIndex = 0; path = MapDemoTests.xctest; sourceTree = BUILT_PRODUCTS_DIR; };
		8630CB511F25EDDD00243A93 /* MapDemoTests.m */ = {isa = PBXFileReference; lastKnownFileType = sourcecode.c.objc; path = MapDemoTests.m; sourceTree = "<group>"; };
		8630CB531F25EDDD00243A93 /* Info.plist */ = {isa = PBXFileReference; lastKnownFileType = text.plist.xml; path = Info.plist; sourceTree = "<group>"; };
		8630CB581F25EDDD00243A93 /* MapDemoUITests.xctest */ = {isa = PBXFileReference; explicitFileType = wrapper.cfbundle; includeInIndex = 0; path = MapDemoUITests.xctest; sourceTree = BUILT_PRODUCTS_DIR; };
		8630CB5C1F25EDDD00243A93 /* MapDemoUITests.m */ = {isa = PBXFileReference; lastKnownFileType = sourcecode.c.objc; path = MapDemoUITests.m; sourceTree = "<group>"; };
		8630CB5E1F25EDDD00243A93 /* Info.plist */ = {isa = PBXFileReference; lastKnownFileType = text.plist.xml; path = Info.plist; sourceTree = "<group>"; };
		8630CB6B1F25EE7500243A93 /* DrawDriveRecordViewController.h */ = {isa = PBXFileReference; fileEncoding = 4; lastKnownFileType = sourcecode.c.h; path = DrawDriveRecordViewController.h; sourceTree = "<group>"; };
		8630CB6C1F25EE7500243A93 /* DrawDriveRecordViewController.m */ = {isa = PBXFileReference; fileEncoding = 4; lastKnownFileType = sourcecode.c.objc; path = DrawDriveRecordViewController.m; sourceTree = "<group>"; };
		8630CB6D1F25EE7500243A93 /* DrawLineViewController.h */ = {isa = PBXFileReference; fileEncoding = 4; lastKnownFileType = sourcecode.c.h; path = DrawLineViewController.h; sourceTree = "<group>"; };
		8630CB6E1F25EE7500243A93 /* DrawLineViewController.m */ = {isa = PBXFileReference; fileEncoding = 4; lastKnownFileType = sourcecode.c.objc; path = DrawLineViewController.m; sourceTree = "<group>"; };
		8630CB6F1F25EE7500243A93 /* DrawRouteViewController.h */ = {isa = PBXFileReference; fileEncoding = 4; lastKnownFileType = sourcecode.c.h; path = DrawRouteViewController.h; sourceTree = "<group>"; };
		8630CB701F25EE7500243A93 /* DrawRouteViewController.m */ = {isa = PBXFileReference; fileEncoding = 4; lastKnownFileType = sourcecode.c.objc; path = DrawRouteViewController.m; sourceTree = "<group>"; };
		8630CB711F25EE7500243A93 /* KeyWordsViewController.h */ = {isa = PBXFileReference; fileEncoding = 4; lastKnownFileType = sourcecode.c.h; path = KeyWordsViewController.h; sourceTree = "<group>"; };
		8630CB721F25EE7500243A93 /* KeyWordsViewController.m */ = {isa = PBXFileReference; fileEncoding = 4; lastKnownFileType = sourcecode.c.objc; path = KeyWordsViewController.m; sourceTree = "<group>"; };
		8630CB731F25EE7500243A93 /* MapFenceViewController.h */ = {isa = PBXFileReference; fileEncoding = 4; lastKnownFileType = sourcecode.c.h; path = MapFenceViewController.h; sourceTree = "<group>"; };
		8630CB741F25EE7500243A93 /* MapFenceViewController.m */ = {isa = PBXFileReference; fileEncoding = 4; lastKnownFileType = sourcecode.c.objc; path = MapFenceViewController.m; sourceTree = "<group>"; };
		8630CB751F25EE7500243A93 /* MapInputTipsViewController.h */ = {isa = PBXFileReference; fileEncoding = 4; lastKnownFileType = sourcecode.c.h; path = MapInputTipsViewController.h; sourceTree = "<group>"; };
		8630CB761F25EE7500243A93 /* MapInputTipsViewController.m */ = {isa = PBXFileReference; fileEncoding = 4; lastKnownFileType = sourcecode.c.objc; path = MapInputTipsViewController.m; sourceTree = "<group>"; };
		8630CB771F25EE7500243A93 /* MapPointViewController.h */ = {isa = PBXFileReference; fileEncoding = 4; lastKnownFileType = sourcecode.c.h; path = MapPointViewController.h; sourceTree = "<group>"; };
		8630CB781F25EE7500243A93 /* MapPointViewController.m */ = {isa = PBXFileReference; fileEncoding = 4; lastKnownFileType = sourcecode.c.objc; path = MapPointViewController.m; sourceTree = "<group>"; };
		8630CBA01F25EE7500243A93 /* CarSimulator.h */ = {isa = PBXFileReference; fileEncoding = 4; lastKnownFileType = sourcecode.c.h; path = CarSimulator.h; sourceTree = "<group>"; };
		8630CBA11F25EE7500243A93 /* CarSimulator.m */ = {isa = PBXFileReference; fileEncoding = 4; lastKnownFileType = sourcecode.c.objc; path = CarSimulator.m; sourceTree = "<group>"; };
		8630CBB21F25EE7500243A93 /* FourAngleLabel.h */ = {isa = PBXFileReference; fileEncoding = 4; lastKnownFileType = sourcecode.c.h; path = FourAngleLabel.h; sourceTree = "<group>"; };
		8630CBB31F25EE7500243A93 /* FourAngleLabel.m */ = {isa = PBXFileReference; fileEncoding = 4; lastKnownFileType = sourcecode.c.objc; path = FourAngleLabel.m; sourceTree = "<group>"; };
		8630CBFE1F25EE7500243A93 /* PrefixHeader.pch */ = {isa = PBXFileReference; fileEncoding = 4; lastKnownFileType = sourcecode.c.h; path = PrefixHeader.pch; sourceTree = "<group>"; };
		8630CC021F25EE7500243A93 /* TableViewCellModel.h */ = {isa = PBXFileReference; fileEncoding = 4; lastKnownFileType = sourcecode.c.h; path = TableViewCellModel.h; sourceTree = "<group>"; };
		8630CC031F25EE7500243A93 /* TableViewCellModel.m */ = {isa = PBXFileReference; fileEncoding = 4; lastKnownFileType = sourcecode.c.objc; path = TableViewCellModel.m; sourceTree = "<group>"; };
		8630CC041F25EE7500243A93 /* UIViewController+Alert.h */ = {isa = PBXFileReference; fileEncoding = 4; lastKnownFileType = sourcecode.c.h; path = "UIViewController+Alert.h"; sourceTree = "<group>"; };
		8630CC051F25EE7500243A93 /* UIViewController+Alert.m */ = {isa = PBXFileReference; fileEncoding = 4; lastKnownFileType = sourcecode.c.objc; path = "UIViewController+Alert.m"; sourceTree = "<group>"; };
		8648BFD11FB592DA009703EB /* MapDemo.entitlements */ = {isa = PBXFileReference; lastKnownFileType = text.plist.entitlements; path = MapDemo.entitlements; sourceTree = "<group>"; };
		86973D171FBD328B00E55838 /* MapManager+MapLocation.m */ = {isa = PBXFileReference; fileEncoding = 4; lastKnownFileType = sourcecode.c.objc; path = "MapManager+MapLocation.m"; sourceTree = "<group>"; };
		86973D181FBD328B00E55838 /* MapManager+MapLocation.h */ = {isa = PBXFileReference; fileEncoding = 4; lastKnownFileType = sourcecode.c.h; path = "MapManager+MapLocation.h"; sourceTree = "<group>"; };
		86973D1D1FBD329E00E55838 /* BrakeMapAnnotation.h */ = {isa = PBXFileReference; fileEncoding = 4; lastKnownFileType = sourcecode.c.h; path = BrakeMapAnnotation.h; sourceTree = "<group>"; };
		86973D1E1FBD329E00E55838 /* BrakeMapAnnotation.m */ = {isa = PBXFileReference; fileEncoding = 4; lastKnownFileType = sourcecode.c.objc; path = BrakeMapAnnotation.m; sourceTree = "<group>"; };
		86973D1F1FBD329E00E55838 /* CarMapAnnotation.h */ = {isa = PBXFileReference; fileEncoding = 4; lastKnownFileType = sourcecode.c.h; path = CarMapAnnotation.h; sourceTree = "<group>"; };
		86973D201FBD329E00E55838 /* CarMapAnnotation.m */ = {isa = PBXFileReference; fileEncoding = 4; lastKnownFileType = sourcecode.c.objc; path = CarMapAnnotation.m; sourceTree = "<group>"; };
		86973D211FBD329E00E55838 /* EndPointMapAnnotation.h */ = {isa = PBXFileReference; fileEncoding = 4; lastKnownFileType = sourcecode.c.h; path = EndPointMapAnnotation.h; sourceTree = "<group>"; };
		86973D221FBD329E00E55838 /* EndPointMapAnnotation.m */ = {isa = PBXFileReference; fileEncoding = 4; lastKnownFileType = sourcecode.c.objc; path = EndPointMapAnnotation.m; sourceTree = "<group>"; };
		86973D231FBD329E00E55838 /* SearchMapAnnotation.h */ = {isa = PBXFileReference; fileEncoding = 4; lastKnownFileType = sourcecode.c.h; path = SearchMapAnnotation.h; sourceTree = "<group>"; };
		86973D241FBD329E00E55838 /* SearchMapAnnotation.m */ = {isa = PBXFileReference; fileEncoding = 4; lastKnownFileType = sourcecode.c.objc; path = SearchMapAnnotation.m; sourceTree = "<group>"; };
		86973D251FBD329E00E55838 /* SpeedUpMapAnnotation.h */ = {isa = PBXFileReference; fileEncoding = 4; lastKnownFileType = sourcecode.c.h; path = SpeedUpMapAnnotation.h; sourceTree = "<group>"; };
		86973D261FBD329E00E55838 /* SpeedUpMapAnnotation.m */ = {isa = PBXFileReference; fileEncoding = 4; lastKnownFileType = sourcecode.c.objc; path = SpeedUpMapAnnotation.m; sourceTree = "<group>"; };
		86973D271FBD329E00E55838 /* StartPointMapAnnotation.h */ = {isa = PBXFileReference; fileEncoding = 4; lastKnownFileType = sourcecode.c.h; path = StartPointMapAnnotation.h; sourceTree = "<group>"; };
		86973D281FBD329E00E55838 /* StartPointMapAnnotation.m */ = {isa = PBXFileReference; fileEncoding = 4; lastKnownFileType = sourcecode.c.objc; path = StartPointMapAnnotation.m; sourceTree = "<group>"; };
		86973D291FBD329E00E55838 /* TextMapAnnotation.h */ = {isa = PBXFileReference; fileEncoding = 4; lastKnownFileType = sourcecode.c.h; path = TextMapAnnotation.h; sourceTree = "<group>"; };
		86973D2A1FBD329E00E55838 /* TextMapAnnotation.m */ = {isa = PBXFileReference; fileEncoding = 4; lastKnownFileType = sourcecode.c.objc; path = TextMapAnnotation.m; sourceTree = "<group>"; };
		86973D2B1FBD329E00E55838 /* TurnMapAnnotation.h */ = {isa = PBXFileReference; fileEncoding = 4; lastKnownFileType = sourcecode.c.h; path = TurnMapAnnotation.h; sourceTree = "<group>"; };
		86973D2C1FBD329E00E55838 /* TurnMapAnnotation.m */ = {isa = PBXFileReference; fileEncoding = 4; lastKnownFileType = sourcecode.c.objc; path = TurnMapAnnotation.m; sourceTree = "<group>"; };
		86973D2D1FBD329E00E55838 /* MapAnnotation.h */ = {isa = PBXFileReference; fileEncoding = 4; lastKnownFileType = sourcecode.c.h; path = MapAnnotation.h; sourceTree = "<group>"; };
		86973D2E1FBD329E00E55838 /* MapAnnotation.m */ = {isa = PBXFileReference; fileEncoding = 4; lastKnownFileType = sourcecode.c.objc; path = MapAnnotation.m; sourceTree = "<group>"; };
		86973D2F1FBD329E00E55838 /* MapAnnotationView.h */ = {isa = PBXFileReference; fileEncoding = 4; lastKnownFileType = sourcecode.c.h; path = MapAnnotationView.h; sourceTree = "<group>"; };
		86973D301FBD329E00E55838 /* MapAnnotationView.m */ = {isa = PBXFileReference; fileEncoding = 4; lastKnownFileType = sourcecode.c.objc; path = MapAnnotationView.m; sourceTree = "<group>"; };
		86973D311FBD329E00E55838 /* MapAnnotationViewProtocol.h */ = {isa = PBXFileReference; fileEncoding = 4; lastKnownFileType = sourcecode.c.h; path = MapAnnotationViewProtocol.h; sourceTree = "<group>"; };
		86973D331FBD329E00E55838 /* CACoordLayer.h */ = {isa = PBXFileReference; fileEncoding = 4; lastKnownFileType = sourcecode.c.h; path = CACoordLayer.h; sourceTree = "<group>"; };
		86973D341FBD329E00E55838 /* CACoordLayer.m */ = {isa = PBXFileReference; fileEncoding = 4; lastKnownFileType = sourcecode.c.objc; path = CACoordLayer.m; sourceTree = "<group>"; };
		86973D351FBD329E00E55838 /* MovingAnnotationView.h */ = {isa = PBXFileReference; fileEncoding = 4; lastKnownFileType = sourcecode.c.h; path = MovingAnnotationView.h; sourceTree = "<group>"; };
		86973D361FBD329E00E55838 /* MovingAnnotationView.m */ = {isa = PBXFileReference; fileEncoding = 4; lastKnownFileType = sourcecode.c.objc; path = MovingAnnotationView.m; sourceTree = "<group>"; };
		86973D371FBD329E00E55838 /* TracingPoint.h */ = {isa = PBXFileReference; fileEncoding = 4; lastKnownFileType = sourcecode.c.h; path = TracingPoint.h; sourceTree = "<group>"; };
		86973D381FBD329E00E55838 /* TracingPoint.m */ = {isa = PBXFileReference; fileEncoding = 4; lastKnownFileType = sourcecode.c.objc; path = TracingPoint.m; sourceTree = "<group>"; };
		86973D3A1FBD329E00E55838 /* AngleLabel.h */ = {isa = PBXFileReference; fileEncoding = 4; lastKnownFileType = sourcecode.c.h; path = AngleLabel.h; sourceTree = "<group>"; };
		86973D3B1FBD329E00E55838 /* AngleLabel.m */ = {isa = PBXFileReference; fileEncoding = 4; lastKnownFileType = sourcecode.c.objc; path = AngleLabel.m; sourceTree = "<group>"; };
		86973D3C1FBD329E00E55838 /* CarMapAnnotationView.h */ = {isa = PBXFileReference; fileEncoding = 4; lastKnownFileType = sourcecode.c.h; path = CarMapAnnotationView.h; sourceTree = "<group>"; };
		86973D3D1FBD329E00E55838 /* CarMapAnnotationView.m */ = {isa = PBXFileReference; fileEncoding = 4; lastKnownFileType = sourcecode.c.objc; path = CarMapAnnotationView.m; sourceTree = "<group>"; };
		86973D3E1FBD329E00E55838 /* TextMapAnnotationView.h */ = {isa = PBXFileReference; fileEncoding = 4; lastKnownFileType = sourcecode.c.h; path = TextMapAnnotationView.h; sourceTree = "<group>"; };
		86973D3F1FBD329E00E55838 /* TextMapAnnotationView.m */ = {isa = PBXFileReference; fileEncoding = 4; lastKnownFileType = sourcecode.c.objc; path = TextMapAnnotationView.m; sourceTree = "<group>"; };
		86973D411FBD329E00E55838 /* MapDrawDriveRecord.h */ = {isa = PBXFileReference; fileEncoding = 4; lastKnownFileType = sourcecode.c.h; path = MapDrawDriveRecord.h; sourceTree = "<group>"; };
		86973D421FBD329E00E55838 /* MapDrawDriveRecord.m */ = {isa = PBXFileReference; fileEncoding = 4; lastKnownFileType = sourcecode.c.objc; path = MapDrawDriveRecord.m; sourceTree = "<group>"; };
		86973D431FBD329E00E55838 /* MapDrawLine.h */ = {isa = PBXFileReference; fileEncoding = 4; lastKnownFileType = sourcecode.c.h; path = MapDrawLine.h; sourceTree = "<group>"; };
		86973D441FBD329E00E55838 /* MapDrawLine.m */ = {isa = PBXFileReference; fileEncoding = 4; lastKnownFileType = sourcecode.c.objc; path = MapDrawLine.m; sourceTree = "<group>"; };
		86973D451FBD329E00E55838 /* MapDrawPoint.h */ = {isa = PBXFileReference; fileEncoding = 4; lastKnownFileType = sourcecode.c.h; path = MapDrawPoint.h; sourceTree = "<group>"; };
		86973D461FBD329E00E55838 /* MapDrawPoint.m */ = {isa = PBXFileReference; fileEncoding = 4; lastKnownFileType = sourcecode.c.objc; path = MapDrawPoint.m; sourceTree = "<group>"; };
		86973D471FBD329E00E55838 /* MapDrawRoute.h */ = {isa = PBXFileReference; fileEncoding = 4; lastKnownFileType = sourcecode.c.h; path = MapDrawRoute.h; sourceTree = "<group>"; };
		86973D481FBD329E00E55838 /* MapDrawRoute.m */ = {isa = PBXFileReference; fileEncoding = 4; lastKnownFileType = sourcecode.c.objc; path = MapDrawRoute.m; sourceTree = "<group>"; };
		86973D4A1FBD329E00E55838 /* MapDriveRecordObject.h */ = {isa = PBXFileReference; fileEncoding = 4; lastKnownFileType = sourcecode.c.h; path = MapDriveRecordObject.h; sourceTree = "<group>"; };
		86973D4B1FBD329E00E55838 /* MapDriveRecordObject.m */ = {isa = PBXFileReference; fileEncoding = 4; lastKnownFileType = sourcecode.c.objc; path = MapDriveRecordObject.m; sourceTree = "<group>"; };
		86973D4C1FBD329E00E55838 /* MapRouteObject.h */ = {isa = PBXFileReference; fileEncoding = 4; lastKnownFileType = sourcecode.c.h; path = MapRouteObject.h; sourceTree = "<group>"; };
		86973D4D1FBD329E00E55838 /* MapRouteObject.m */ = {isa = PBXFileReference; fileEncoding = 4; lastKnownFileType = sourcecode.c.objc; path = MapRouteObject.m; sourceTree = "<group>"; };
		86973D4F1FBD329E00E55838 /* MapDrawFenceView.h */ = {isa = PBXFileReference; fileEncoding = 4; lastKnownFileType = sourcecode.c.h; path = MapDrawFenceView.h; sourceTree = "<group>"; };
		86973D501FBD329E00E55838 /* MapDrawFenceView.m */ = {isa = PBXFileReference; fileEncoding = 4; lastKnownFileType = sourcecode.c.objc; path = MapDrawFenceView.m; sourceTree = "<group>"; };
		86973D511FBD329E00E55838 /* MapFenceAMapViewModel.h */ = {isa = PBXFileReference; fileEncoding = 4; lastKnownFileType = sourcecode.c.h; path = MapFenceAMapViewModel.h; sourceTree = "<group>"; };
		86973D521FBD329E00E55838 /* MapFenceAMapViewModel.m */ = {isa = PBXFileReference; fileEncoding = 4; lastKnownFileType = sourcecode.c.objc; path = MapFenceAMapViewModel.m; sourceTree = "<group>"; };
		86973D531FBD329E00E55838 /* MapFenceModel.h */ = {isa = PBXFileReference; fileEncoding = 4; lastKnownFileType = sourcecode.c.h; path = MapFenceModel.h; sourceTree = "<group>"; };
		86973D541FBD329E00E55838 /* MapFenceModel.m */ = {isa = PBXFileReference; fileEncoding = 4; lastKnownFileType = sourcecode.c.objc; path = MapFenceModel.m; sourceTree = "<group>"; };
		86973D551FBD329E00E55838 /* MapManager+Location.h */ = {isa = PBXFileReference; fileEncoding = 4; lastKnownFileType = sourcecode.c.h; path = "MapManager+Location.h"; sourceTree = "<group>"; };
		86973D561FBD329E00E55838 /* MapManager+Location.m */ = {isa = PBXFileReference; fileEncoding = 4; lastKnownFileType = sourcecode.c.objc; path = "MapManager+Location.m"; sourceTree = "<group>"; };
		86973D571FBD329E00E55838 /* MapManager+MapView.h */ = {isa = PBXFileReference; fileEncoding = 4; lastKnownFileType = sourcecode.c.h; path = "MapManager+MapView.h"; sourceTree = "<group>"; };
		86973D581FBD329E00E55838 /* MapManager+MapView.m */ = {isa = PBXFileReference; fileEncoding = 4; lastKnownFileType = sourcecode.c.objc; path = "MapManager+MapView.m"; sourceTree = "<group>"; };
		86973D591FBD329E00E55838 /* MapManager+Search.h */ = {isa = PBXFileReference; fileEncoding = 4; lastKnownFileType = sourcecode.c.h; path = "MapManager+Search.h"; sourceTree = "<group>"; };
		86973D5A1FBD329E00E55838 /* MapManager+Search.m */ = {isa = PBXFileReference; fileEncoding = 4; lastKnownFileType = sourcecode.c.objc; path = "MapManager+Search.m"; sourceTree = "<group>"; };
		86973D5B1FBD329E00E55838 /* MapManager+Tools.h */ = {isa = PBXFileReference; fileEncoding = 4; lastKnownFileType = sourcecode.c.h; path = "MapManager+Tools.h"; sourceTree = "<group>"; };
		86973D5C1FBD329E00E55838 /* MapManager+Tools.m */ = {isa = PBXFileReference; fileEncoding = 4; lastKnownFileType = sourcecode.c.objc; path = "MapManager+Tools.m"; sourceTree = "<group>"; };
		86973D5D1FBD329E00E55838 /* MapManager.h */ = {isa = PBXFileReference; fileEncoding = 4; lastKnownFileType = sourcecode.c.h; path = MapManager.h; sourceTree = "<group>"; };
		86973D5E1FBD329E00E55838 /* MapManager.m */ = {isa = PBXFileReference; fileEncoding = 4; lastKnownFileType = sourcecode.c.objc; path = MapManager.m; sourceTree = "<group>"; };
		86973D5F1FBD329E00E55838 /* MapManagerHeader.h */ = {isa = PBXFileReference; fileEncoding = 4; lastKnownFileType = sourcecode.c.h; path = MapManagerHeader.h; sourceTree = "<group>"; };
		86973D611FBD329E00E55838 /* CarMapLocation.h */ = {isa = PBXFileReference; fileEncoding = 4; lastKnownFileType = sourcecode.c.h; path = CarMapLocation.h; sourceTree = "<group>"; };
		86973D621FBD329E00E55838 /* CarMapLocation.m */ = {isa = PBXFileReference; fileEncoding = 4; lastKnownFileType = sourcecode.c.objc; path = CarMapLocation.m; sourceTree = "<group>"; };
		86973D641FBD329E00E55838 /* CacheMapLocationManager.h */ = {isa = PBXFileReference; fileEncoding = 4; lastKnownFileType = sourcecode.c.h; path = CacheMapLocationManager.h; sourceTree = "<group>"; };
		86973D651FBD329E00E55838 /* CacheMapLocationManager.m */ = {isa = PBXFileReference; fileEncoding = 4; lastKnownFileType = sourcecode.c.objc; path = CacheMapLocationManager.m; sourceTree = "<group>"; };
		86973D661FBD329E00E55838 /* CarLocationManager.h */ = {isa = PBXFileReference; fileEncoding = 4; lastKnownFileType = sourcecode.c.h; path = CarLocationManager.h; sourceTree = "<group>"; };
		86973D671FBD329E00E55838 /* CarLocationManager.m */ = {isa = PBXFileReference; fileEncoding = 4; lastKnownFileType = sourcecode.c.objc; path = CarLocationManager.m; sourceTree = "<group>"; };
		86973D681FBD329E00E55838 /* MapLocationManager.h */ = {isa = PBXFileReference; fileEncoding = 4; lastKnownFileType = sourcecode.c.h; path = MapLocationManager.h; sourceTree = "<group>"; };
		86973D691FBD329E00E55838 /* MapLocationManager.m */ = {isa = PBXFileReference; fileEncoding = 4; lastKnownFileType = sourcecode.c.objc; path = MapLocationManager.m; sourceTree = "<group>"; };
		86973D6A1FBD329E00E55838 /* UserLocationManager.h */ = {isa = PBXFileReference; fileEncoding = 4; lastKnownFileType = sourcecode.c.h; path = UserLocationManager.h; sourceTree = "<group>"; };
		86973D6B1FBD329E00E55838 /* UserLocationManager.m */ = {isa = PBXFileReference; fileEncoding = 4; lastKnownFileType = sourcecode.c.objc; path = UserLocationManager.m; sourceTree = "<group>"; };
		86973D6C1FBD329E00E55838 /* MapLocationModel+RegeoSearch.h */ = {isa = PBXFileReference; fileEncoding = 4; lastKnownFileType = sourcecode.c.h; path = "MapLocationModel+RegeoSearch.h"; sourceTree = "<group>"; };
		86973D6D1FBD329E00E55838 /* MapLocationModel+RegeoSearch.m */ = {isa = PBXFileReference; fileEncoding = 4; lastKnownFileType = sourcecode.c.objc; path = "MapLocationModel+RegeoSearch.m"; sourceTree = "<group>"; };
		86973D6E1FBD329E00E55838 /* MapLocationModel.h */ = {isa = PBXFileReference; fileEncoding = 4; lastKnownFileType = sourcecode.c.h; path = MapLocationModel.h; sourceTree = "<group>"; };
		86973D6F1FBD329E00E55838 /* MapLocationModel.m */ = {isa = PBXFileReference; fileEncoding = 4; lastKnownFileType = sourcecode.c.objc; path = MapLocationModel.m; sourceTree = "<group>"; };
		86973D701FBD329E00E55838 /* MyLatLng.h */ = {isa = PBXFileReference; fileEncoding = 4; lastKnownFileType = sourcecode.c.h; path = MyLatLng.h; sourceTree = "<group>"; };
		86973D711FBD329E00E55838 /* MyLatLng.m */ = {isa = PBXFileReference; fileEncoding = 4; lastKnownFileType = sourcecode.c.objc; path = MyLatLng.m; sourceTree = "<group>"; };
		86973D721FBD329E00E55838 /* SearchMapLocation.h */ = {isa = PBXFileReference; fileEncoding = 4; lastKnownFileType = sourcecode.c.h; path = SearchMapLocation.h; sourceTree = "<group>"; };
		86973D731FBD329E00E55838 /* SearchMapLocation.m */ = {isa = PBXFileReference; fileEncoding = 4; lastKnownFileType = sourcecode.c.objc; path = SearchMapLocation.m; sourceTree = "<group>"; };
		86973D751FBD329E00E55838 /* DriveNaviViewController.h */ = {isa = PBXFileReference; fileEncoding = 4; lastKnownFileType = sourcecode.c.h; path = DriveNaviViewController.h; sourceTree = "<group>"; };
		86973D761FBD329E00E55838 /* DriveNaviViewController.m */ = {isa = PBXFileReference; fileEncoding = 4; lastKnownFileType = sourcecode.c.objc; path = DriveNaviViewController.m; sourceTree = "<group>"; };
		86973D771FBD329E00E55838 /* WalkNaviView.h */ = {isa = PBXFileReference; fileEncoding = 4; lastKnownFileType = sourcecode.c.h; path = WalkNaviView.h; sourceTree = "<group>"; };
		86973D781FBD329E00E55838 /* WalkNaviView.m */ = {isa = PBXFileReference; fileEncoding = 4; lastKnownFileType = sourcecode.c.objc; path = WalkNaviView.m; sourceTree = "<group>"; };
		86973D791FBD329E00E55838 /* WalkNaviViewController.h */ = {isa = PBXFileReference; fileEncoding = 4; lastKnownFileType = sourcecode.c.h; path = WalkNaviViewController.h; sourceTree = "<group>"; };
		86973D7A1FBD329E00E55838 /* WalkNaviViewController.m */ = {isa = PBXFileReference; fileEncoding = 4; lastKnownFileType = sourcecode.c.objc; path = WalkNaviViewController.m; sourceTree = "<group>"; };
		86973D7C1FBD329E00E55838 /* MapDrivePlanningRoute.h */ = {isa = PBXFileReference; fileEncoding = 4; lastKnownFileType = sourcecode.c.h; path = MapDrivePlanningRoute.h; sourceTree = "<group>"; };
		86973D7D1FBD329E00E55838 /* MapDrivePlanningRoute.m */ = {isa = PBXFileReference; fileEncoding = 4; lastKnownFileType = sourcecode.c.objc; path = MapDrivePlanningRoute.m; sourceTree = "<group>"; };
		86973D7E1FBD329E00E55838 /* MapPlanningRoute.h */ = {isa = PBXFileReference; fileEncoding = 4; lastKnownFileType = sourcecode.c.h; path = MapPlanningRoute.h; sourceTree = "<group>"; };
		86973D7F1FBD329E00E55838 /* MapPlanningRoute.m */ = {isa = PBXFileReference; fileEncoding = 4; lastKnownFileType = sourcecode.c.objc; path = MapPlanningRoute.m; sourceTree = "<group>"; };
		86973D801FBD329E00E55838 /* MapPlanningRouteDelegate.h */ = {isa = PBXFileReference; fileEncoding = 4; lastKnownFileType = sourcecode.c.h; path = MapPlanningRouteDelegate.h; sourceTree = "<group>"; };
		86973D811FBD329E00E55838 /* MapPlanningRouteProtocol.h */ = {isa = PBXFileReference; fileEncoding = 4; lastKnownFileType = sourcecode.c.h; path = MapPlanningRouteProtocol.h; sourceTree = "<group>"; };
		86973D821FBD329E00E55838 /* MapWalkPlanningRoute.h */ = {isa = PBXFileReference; fileEncoding = 4; lastKnownFileType = sourcecode.c.h; path = MapWalkPlanningRoute.h; sourceTree = "<group>"; };
		86973D831FBD329E00E55838 /* MapWalkPlanningRoute.m */ = {isa = PBXFileReference; fileEncoding = 4; lastKnownFileType = sourcecode.c.objc; path = MapWalkPlanningRoute.m; sourceTree = "<group>"; };
		86973D851FBD329E00E55838 /* MapDeselectPolylineView.h */ = {isa = PBXFileReference; fileEncoding = 4; lastKnownFileType = sourcecode.c.h; path = MapDeselectPolylineView.h; sourceTree = "<group>"; };
		86973D861FBD329E00E55838 /* MapDeselectPolylineView.m */ = {isa = PBXFileReference; fileEncoding = 4; lastKnownFileType = sourcecode.c.objc; path = MapDeselectPolylineView.m; sourceTree = "<group>"; };
		86973D871FBD329E00E55838 /* MapPolyLineObject.h */ = {isa = PBXFileReference; fileEncoding = 4; lastKnownFileType = sourcecode.c.h; path = MapPolyLineObject.h; sourceTree = "<group>"; };
		86973D881FBD329E00E55838 /* MapPolyLineObject.m */ = {isa = PBXFileReference; fileEncoding = 4; lastKnownFileType = sourcecode.c.objc; path = MapPolyLineObject.m; sourceTree = "<group>"; };
		86973D891FBD329E00E55838 /* MapPolylineView.h */ = {isa = PBXFileReference; fileEncoding = 4; lastKnownFileType = sourcecode.c.h; path = MapPolylineView.h; sourceTree = "<group>"; };
		86973D8A1FBD329E00E55838 /* MapPolylineView.m */ = {isa = PBXFileReference; fileEncoding = 4; lastKnownFileType = sourcecode.c.objc; path = MapPolylineView.m; sourceTree = "<group>"; };
		86973D8B1FBD329E00E55838 /* MapRedPolylineView.h */ = {isa = PBXFileReference; fileEncoding = 4; lastKnownFileType = sourcecode.c.h; path = MapRedPolylineView.h; sourceTree = "<group>"; };
		86973D8C1FBD329E00E55838 /* MapRedPolylineView.m */ = {isa = PBXFileReference; fileEncoding = 4; lastKnownFileType = sourcecode.c.objc; path = MapRedPolylineView.m; sourceTree = "<group>"; };
		86973D8F1FBD329E00E55838 /* MapSearchInputTips.h */ = {isa = PBXFileReference; fileEncoding = 4; lastKnownFileType = sourcecode.c.h; path = MapSearchInputTips.h; sourceTree = "<group>"; };
		86973D901FBD329E00E55838 /* MapSearchInputTips.m */ = {isa = PBXFileReference; fileEncoding = 4; lastKnownFileType = sourcecode.c.objc; path = MapSearchInputTips.m; sourceTree = "<group>"; };
		86973D921FBD329E00E55838 /* MapSearchKeywords.h */ = {isa = PBXFileReference; fileEncoding = 4; lastKnownFileType = sourcecode.c.h; path = MapSearchKeywords.h; sourceTree = "<group>"; };
		86973D931FBD329E00E55838 /* MapSearchKeywords.m */ = {isa = PBXFileReference; fileEncoding = 4; lastKnownFileType = sourcecode.c.objc; path = MapSearchKeywords.m; sourceTree = "<group>"; };
		86973D941FBD329E00E55838 /* MapSearchKeywords_MapView.h */ = {isa = PBXFileReference; fileEncoding = 4; lastKnownFileType = sourcecode.c.h; path = MapSearchKeywords_MapView.h; sourceTree = "<group>"; };
		86973D951FBD329E00E55838 /* MapSearchKeywords_MapView.m */ = {isa = PBXFileReference; fileEncoding = 4; lastKnownFileType = sourcecode.c.objc; path = MapSearchKeywords_MapView.m; sourceTree = "<group>"; };
		86973D971FBD329E00E55838 /* MapSearch+Search.h */ = {isa = PBXFileReference; fileEncoding = 4; lastKnownFileType = sourcecode.c.h; path = "MapSearch+Search.h"; sourceTree = "<group>"; };
		86973D981FBD329E00E55838 /* MapSearch+Search.m */ = {isa = PBXFileReference; fileEncoding = 4; lastKnownFileType = sourcecode.c.objc; path = "MapSearch+Search.m"; sourceTree = "<group>"; };
		86973D991FBD329E00E55838 /* MapSearch.h */ = {isa = PBXFileReference; fileEncoding = 4; lastKnownFileType = sourcecode.c.h; path = MapSearch.h; sourceTree = "<group>"; };
		86973D9A1FBD329E00E55838 /* MapSearch.m */ = {isa = PBXFileReference; fileEncoding = 4; lastKnownFileType = sourcecode.c.objc; path = MapSearch.m; sourceTree = "<group>"; };
		86973D9B1FBD329E00E55838 /* MapSearchObject.h */ = {isa = PBXFileReference; fileEncoding = 4; lastKnownFileType = sourcecode.c.h; path = MapSearchObject.h; sourceTree = "<group>"; };
		86973D9C1FBD329E00E55838 /* MapSearchObject.m */ = {isa = PBXFileReference; fileEncoding = 4; lastKnownFileType = sourcecode.c.objc; path = MapSearchObject.m; sourceTree = "<group>"; };
		86973D9E1FBD329E00E55838 /* MapSearchInputProtocol.h */ = {isa = PBXFileReference; fileEncoding = 4; lastKnownFileType = sourcecode.c.h; path = MapSearchInputProtocol.h; sourceTree = "<group>"; };
		86973D9F1FBD329E00E55838 /* MapSearchInputTipModel.h */ = {isa = PBXFileReference; fileEncoding = 4; lastKnownFileType = sourcecode.c.h; path = MapSearchInputTipModel.h; sourceTree = "<group>"; };
		86973DA01FBD329E00E55838 /* MapSearchInputTipModel.m */ = {isa = PBXFileReference; fileEncoding = 4; lastKnownFileType = sourcecode.c.objc; path = MapSearchInputTipModel.m; sourceTree = "<group>"; };
		9A50D6CFF12A25AA33FDF08B /* Pods-MapDemo.release.xcconfig */ = {isa = PBXFileReference; includeInIndex = 1; lastKnownFileType = text.xcconfig; name = "Pods-MapDemo.release.xcconfig"; path = "Pods/Target Support Files/Pods-MapDemo/Pods-MapDemo.release.xcconfig"; sourceTree = "<group>"; };
		B47ADE36CE3324CE23C89D9C /* Pods-MapDemo.debug.xcconfig */ = {isa = PBXFileReference; includeInIndex = 1; lastKnownFileType = text.xcconfig; name = "Pods-MapDemo.debug.xcconfig"; path = "Pods/Target Support Files/Pods-MapDemo/Pods-MapDemo.debug.xcconfig"; sourceTree = "<group>"; };
/* End PBXFileReference section */

/* Begin PBXFrameworksBuildPhase section */
		8630CB311F25EDDD00243A93 /* Frameworks */ = {
			isa = PBXFrameworksBuildPhase;
			buildActionMask = 2147483647;
			files = (
				02671DA6FD436813772668A4 /* libPods-MapDemo.a in Frameworks */,
			);
			runOnlyForDeploymentPostprocessing = 0;
		};
		8630CB4A1F25EDDD00243A93 /* Frameworks */ = {
			isa = PBXFrameworksBuildPhase;
			buildActionMask = 2147483647;
			files = (
			);
			runOnlyForDeploymentPostprocessing = 0;
		};
		8630CB551F25EDDD00243A93 /* Frameworks */ = {
			isa = PBXFrameworksBuildPhase;
			buildActionMask = 2147483647;
			files = (
			);
			runOnlyForDeploymentPostprocessing = 0;
		};
/* End PBXFrameworksBuildPhase section */

/* Begin PBXGroup section */
		08ACC4188A46F0E25DA42A24 /* Pods */ = {
			isa = PBXGroup;
			children = (
				B47ADE36CE3324CE23C89D9C /* Pods-MapDemo.debug.xcconfig */,
				9A50D6CFF12A25AA33FDF08B /* Pods-MapDemo.release.xcconfig */,
			);
			name = Pods;
			sourceTree = "<group>";
		};
		8630CB2B1F25EDDD00243A93 = {
			isa = PBXGroup;
			children = (
				94E92798F41DE30D1FAD4849 /* Frameworks */,
				8630CB361F25EDDD00243A93 /* MapDemo */,
				8630CB501F25EDDD00243A93 /* MapDemoTests */,
				8630CB5B1F25EDDD00243A93 /* MapDemoUITests */,
				08ACC4188A46F0E25DA42A24 /* Pods */,
				8630CB351F25EDDD00243A93 /* Products */,
			);
			sourceTree = "<group>";
		};
		8630CB351F25EDDD00243A93 /* Products */ = {
			isa = PBXGroup;
			children = (
				8630CB341F25EDDD00243A93 /* MapDemo.app */,
				8630CB4D1F25EDDD00243A93 /* MapDemoTests.xctest */,
				8630CB581F25EDDD00243A93 /* MapDemoUITests.xctest */,
			);
			name = Products;
			sourceTree = "<group>";
		};
		8630CB361F25EDDD00243A93 /* MapDemo */ = {
			isa = PBXGroup;
			children = (
				8648BFD11FB592DA009703EB /* MapDemo.entitlements */,
				86973D1A1FBD329E00E55838 /* MapManager */,
				8630CBFF1F25EE7500243A93 /* Tools */,
				8630CB6A1F25EE7500243A93 /* Controllers */,
				8630CB3A1F25EDDD00243A93 /* AppDelegate.h */,
				8630CB3B1F25EDDD00243A93 /* AppDelegate.m */,
				8630CB401F25EDDD00243A93 /* Main.storyboard */,
				8630CB451F25EDDD00243A93 /* LaunchScreen.storyboard */,
				8630CB481F25EDDD00243A93 /* Info.plist */,
				8630CB431F25EDDD00243A93 /* Assets.xcassets */,
				8630CBFE1F25EE7500243A93 /* PrefixHeader.pch */,
				8630CB3D1F25EDDD00243A93 /* ViewController.h */,
				8630CB3E1F25EDDD00243A93 /* ViewController.m */,
				8630CB371F25EDDD00243A93 /* Supporting Files */,
			);
			path = MapDemo;
			sourceTree = "<group>";
		};
		8630CB371F25EDDD00243A93 /* Supporting Files */ = {
			isa = PBXGroup;
			children = (
				8630CB381F25EDDD00243A93 /* main.m */,
			);
			path = "Supporting Files";
			sourceTree = "<group>";
		};
		8630CB501F25EDDD00243A93 /* MapDemoTests */ = {
			isa = PBXGroup;
			children = (
				8630CB531F25EDDD00243A93 /* Info.plist */,
				8630CB511F25EDDD00243A93 /* MapDemoTests.m */,
			);
			path = MapDemoTests;
			sourceTree = "<group>";
		};
		8630CB5B1F25EDDD00243A93 /* MapDemoUITests */ = {
			isa = PBXGroup;
			children = (
				8630CB5E1F25EDDD00243A93 /* Info.plist */,
				8630CB5C1F25EDDD00243A93 /* MapDemoUITests.m */,
			);
			path = MapDemoUITests;
			sourceTree = "<group>";
		};
		8630CB6A1F25EE7500243A93 /* Controllers */ = {
			isa = PBXGroup;
			children = (
				8630CB6B1F25EE7500243A93 /* DrawDriveRecordViewController.h */,
				8630CB6C1F25EE7500243A93 /* DrawDriveRecordViewController.m */,
				8630CB6D1F25EE7500243A93 /* DrawLineViewController.h */,
				8630CB6E1F25EE7500243A93 /* DrawLineViewController.m */,
				8630CB6F1F25EE7500243A93 /* DrawRouteViewController.h */,
				8630CB701F25EE7500243A93 /* DrawRouteViewController.m */,
				8630CB711F25EE7500243A93 /* KeyWordsViewController.h */,
				8630CB721F25EE7500243A93 /* KeyWordsViewController.m */,
				8630CB731F25EE7500243A93 /* MapFenceViewController.h */,
				8630CB741F25EE7500243A93 /* MapFenceViewController.m */,
				8630CB751F25EE7500243A93 /* MapInputTipsViewController.h */,
				8630CB761F25EE7500243A93 /* MapInputTipsViewController.m */,
				8630CB771F25EE7500243A93 /* MapPointViewController.h */,
				8630CB781F25EE7500243A93 /* MapPointViewController.m */,
			);
			path = Controllers;
			sourceTree = "<group>";
		};
		8630CBFF1F25EE7500243A93 /* Tools */ = {
			isa = PBXGroup;
			children = (
				86973D181FBD328B00E55838 /* MapManager+MapLocation.h */,
				86973D171FBD328B00E55838 /* MapManager+MapLocation.m */,
				8630CBA01F25EE7500243A93 /* CarSimulator.h */,
				8630CBA11F25EE7500243A93 /* CarSimulator.m */,
				8630CBB21F25EE7500243A93 /* FourAngleLabel.h */,
				8630CBB31F25EE7500243A93 /* FourAngleLabel.m */,
				8630CC021F25EE7500243A93 /* TableViewCellModel.h */,
				8630CC031F25EE7500243A93 /* TableViewCellModel.m */,
				8630CC041F25EE7500243A93 /* UIViewController+Alert.h */,
				8630CC051F25EE7500243A93 /* UIViewController+Alert.m */,
			);
			path = Tools;
			sourceTree = "<group>";
		};
		86973D1A1FBD329E00E55838 /* MapManager */ = {
			isa = PBXGroup;
			children = (
				86973D1B1FBD329E00E55838 /* Annotation */,
				86973D401FBD329E00E55838 /* Draw */,
				86973D4E1FBD329E00E55838 /* Fence */,
				86973D551FBD329E00E55838 /* MapManager+Location.h */,
				86973D561FBD329E00E55838 /* MapManager+Location.m */,
				86973D571FBD329E00E55838 /* MapManager+MapView.h */,
				86973D581FBD329E00E55838 /* MapManager+MapView.m */,
				86973D591FBD329E00E55838 /* MapManager+Search.h */,
				86973D5A1FBD329E00E55838 /* MapManager+Search.m */,
				86973D5B1FBD329E00E55838 /* MapManager+Tools.h */,
				86973D5C1FBD329E00E55838 /* MapManager+Tools.m */,
				86973D5D1FBD329E00E55838 /* MapManager.h */,
				86973D5E1FBD329E00E55838 /* MapManager.m */,
				86973D5F1FBD329E00E55838 /* MapManagerHeader.h */,
				86973D601FBD329E00E55838 /* Model */,
				86973D741FBD329E00E55838 /* NaviVC */,
				86973D7B1FBD329E00E55838 /* PlanningRoute */,
				86973D841FBD329E00E55838 /* Polyline */,
				86973D8D1FBD329E00E55838 /* Search */,
			);
			name = MapManager;
			path = ../../MapManager;
			sourceTree = "<group>";
		};
		86973D1B1FBD329E00E55838 /* Annotation */ = {
			isa = PBXGroup;
			children = (
				86973D1C1FBD329E00E55838 /* Annotation */,
				86973D2D1FBD329E00E55838 /* MapAnnotation.h */,
				86973D2E1FBD329E00E55838 /* MapAnnotation.m */,
				86973D2F1FBD329E00E55838 /* MapAnnotationView.h */,
				86973D301FBD329E00E55838 /* MapAnnotationView.m */,
				86973D311FBD329E00E55838 /* MapAnnotationViewProtocol.h */,
				86973D321FBD329E00E55838 /* MovingAnnotationView */,
				86973D391FBD329E00E55838 /* View */,
			);
			path = Annotation;
			sourceTree = "<group>";
		};
		86973D1C1FBD329E00E55838 /* Annotation */ = {
			isa = PBXGroup;
			children = (
				86973D1D1FBD329E00E55838 /* BrakeMapAnnotation.h */,
				86973D1E1FBD329E00E55838 /* BrakeMapAnnotation.m */,
				86973D1F1FBD329E00E55838 /* CarMapAnnotation.h */,
				86973D201FBD329E00E55838 /* CarMapAnnotation.m */,
				86973D211FBD329E00E55838 /* EndPointMapAnnotation.h */,
				86973D221FBD329E00E55838 /* EndPointMapAnnotation.m */,
				86973D231FBD329E00E55838 /* SearchMapAnnotation.h */,
				86973D241FBD329E00E55838 /* SearchMapAnnotation.m */,
				86973D251FBD329E00E55838 /* SpeedUpMapAnnotation.h */,
				86973D261FBD329E00E55838 /* SpeedUpMapAnnotation.m */,
				86973D271FBD329E00E55838 /* StartPointMapAnnotation.h */,
				86973D281FBD329E00E55838 /* StartPointMapAnnotation.m */,
				86973D291FBD329E00E55838 /* TextMapAnnotation.h */,
				86973D2A1FBD329E00E55838 /* TextMapAnnotation.m */,
				86973D2B1FBD329E00E55838 /* TurnMapAnnotation.h */,
				86973D2C1FBD329E00E55838 /* TurnMapAnnotation.m */,
			);
			path = Annotation;
			sourceTree = "<group>";
		};
		86973D321FBD329E00E55838 /* MovingAnnotationView */ = {
			isa = PBXGroup;
			children = (
				86973D331FBD329E00E55838 /* CACoordLayer.h */,
				86973D341FBD329E00E55838 /* CACoordLayer.m */,
				86973D351FBD329E00E55838 /* MovingAnnotationView.h */,
				86973D361FBD329E00E55838 /* MovingAnnotationView.m */,
				86973D371FBD329E00E55838 /* TracingPoint.h */,
				86973D381FBD329E00E55838 /* TracingPoint.m */,
			);
			path = MovingAnnotationView;
			sourceTree = "<group>";
		};
		86973D391FBD329E00E55838 /* View */ = {
			isa = PBXGroup;
			children = (
				86973D3A1FBD329E00E55838 /* AngleLabel.h */,
				86973D3B1FBD329E00E55838 /* AngleLabel.m */,
				86973D3C1FBD329E00E55838 /* CarMapAnnotationView.h */,
				86973D3D1FBD329E00E55838 /* CarMapAnnotationView.m */,
				86973D3E1FBD329E00E55838 /* TextMapAnnotationView.h */,
				86973D3F1FBD329E00E55838 /* TextMapAnnotationView.m */,
			);
			path = View;
			sourceTree = "<group>";
		};
		86973D401FBD329E00E55838 /* Draw */ = {
			isa = PBXGroup;
			children = (
				86973D411FBD329E00E55838 /* MapDrawDriveRecord.h */,
				86973D421FBD329E00E55838 /* MapDrawDriveRecord.m */,
				86973D431FBD329E00E55838 /* MapDrawLine.h */,
				86973D441FBD329E00E55838 /* MapDrawLine.m */,
				86973D451FBD329E00E55838 /* MapDrawPoint.h */,
				86973D461FBD329E00E55838 /* MapDrawPoint.m */,
				86973D471FBD329E00E55838 /* MapDrawRoute.h */,
				86973D481FBD329E00E55838 /* MapDrawRoute.m */,
				86973D491FBD329E00E55838 /* Route */,
			);
			path = Draw;
			sourceTree = "<group>";
		};
		86973D491FBD329E00E55838 /* Route */ = {
			isa = PBXGroup;
			children = (
				86973D4A1FBD329E00E55838 /* MapDriveRecordObject.h */,
				86973D4B1FBD329E00E55838 /* MapDriveRecordObject.m */,
				86973D4C1FBD329E00E55838 /* MapRouteObject.h */,
				86973D4D1FBD329E00E55838 /* MapRouteObject.m */,
			);
			path = Route;
			sourceTree = "<group>";
		};
		86973D4E1FBD329E00E55838 /* Fence */ = {
			isa = PBXGroup;
			children = (
				86973D4F1FBD329E00E55838 /* MapDrawFenceView.h */,
				86973D501FBD329E00E55838 /* MapDrawFenceView.m */,
				86973D511FBD329E00E55838 /* MapFenceAMapViewModel.h */,
				86973D521FBD329E00E55838 /* MapFenceAMapViewModel.m */,
				86973D531FBD329E00E55838 /* MapFenceModel.h */,
				86973D541FBD329E00E55838 /* MapFenceModel.m */,
			);
			path = Fence;
			sourceTree = "<group>";
		};
		86973D601FBD329E00E55838 /* Model */ = {
			isa = PBXGroup;
			children = (
				86973D611FBD329E00E55838 /* CarMapLocation.h */,
				86973D621FBD329E00E55838 /* CarMapLocation.m */,
				86973D631FBD329E00E55838 /* MapLocationManager */,
				86973D6C1FBD329E00E55838 /* MapLocationModel+RegeoSearch.h */,
				86973D6D1FBD329E00E55838 /* MapLocationModel+RegeoSearch.m */,
				86973D6E1FBD329E00E55838 /* MapLocationModel.h */,
				86973D6F1FBD329E00E55838 /* MapLocationModel.m */,
				86973D701FBD329E00E55838 /* MyLatLng.h */,
				86973D711FBD329E00E55838 /* MyLatLng.m */,
				86973D721FBD329E00E55838 /* SearchMapLocation.h */,
				86973D731FBD329E00E55838 /* SearchMapLocation.m */,
			);
			path = Model;
			sourceTree = "<group>";
		};
		86973D631FBD329E00E55838 /* MapLocationManager */ = {
			isa = PBXGroup;
			children = (
				86973D641FBD329E00E55838 /* CacheMapLocationManager.h */,
				86973D651FBD329E00E55838 /* CacheMapLocationManager.m */,
				86973D661FBD329E00E55838 /* CarLocationManager.h */,
				86973D671FBD329E00E55838 /* CarLocationManager.m */,
				86973D681FBD329E00E55838 /* MapLocationManager.h */,
				86973D691FBD329E00E55838 /* MapLocationManager.m */,
				86973D6A1FBD329E00E55838 /* UserLocationManager.h */,
				86973D6B1FBD329E00E55838 /* UserLocationManager.m */,
			);
			path = MapLocationManager;
			sourceTree = "<group>";
		};
		86973D741FBD329E00E55838 /* NaviVC */ = {
			isa = PBXGroup;
			children = (
				86973D751FBD329E00E55838 /* DriveNaviViewController.h */,
				86973D761FBD329E00E55838 /* DriveNaviViewController.m */,
				86973D771FBD329E00E55838 /* WalkNaviView.h */,
				86973D781FBD329E00E55838 /* WalkNaviView.m */,
				86973D791FBD329E00E55838 /* WalkNaviViewController.h */,
				86973D7A1FBD329E00E55838 /* WalkNaviViewController.m */,
			);
			path = NaviVC;
			sourceTree = "<group>";
		};
		86973D7B1FBD329E00E55838 /* PlanningRoute */ = {
			isa = PBXGroup;
			children = (
				86973D7C1FBD329E00E55838 /* MapDrivePlanningRoute.h */,
				86973D7D1FBD329E00E55838 /* MapDrivePlanningRoute.m */,
				86973D7E1FBD329E00E55838 /* MapPlanningRoute.h */,
				86973D7F1FBD329E00E55838 /* MapPlanningRoute.m */,
				86973D801FBD329E00E55838 /* MapPlanningRouteDelegate.h */,
				86973D811FBD329E00E55838 /* MapPlanningRouteProtocol.h */,
				86973D821FBD329E00E55838 /* MapWalkPlanningRoute.h */,
				86973D831FBD329E00E55838 /* MapWalkPlanningRoute.m */,
			);
			path = PlanningRoute;
			sourceTree = "<group>";
		};
		86973D841FBD329E00E55838 /* Polyline */ = {
			isa = PBXGroup;
			children = (
				86973D851FBD329E00E55838 /* MapDeselectPolylineView.h */,
				86973D861FBD329E00E55838 /* MapDeselectPolylineView.m */,
				86973D871FBD329E00E55838 /* MapPolyLineObject.h */,
				86973D881FBD329E00E55838 /* MapPolyLineObject.m */,
				86973D891FBD329E00E55838 /* MapPolylineView.h */,
				86973D8A1FBD329E00E55838 /* MapPolylineView.m */,
				86973D8B1FBD329E00E55838 /* MapRedPolylineView.h */,
				86973D8C1FBD329E00E55838 /* MapRedPolylineView.m */,
			);
			path = Polyline;
			sourceTree = "<group>";
		};
		86973D8D1FBD329E00E55838 /* Search */ = {
			isa = PBXGroup;
			children = (
				86973D8E1FBD329E00E55838 /* InputTip */,
				86973D911FBD329E00E55838 /* Keywords */,
				86973D961FBD329E00E55838 /* MapSearch */,
				86973D9D1FBD329E00E55838 /* Model */,
			);
			path = Search;
			sourceTree = "<group>";
		};
		86973D8E1FBD329E00E55838 /* InputTip */ = {
			isa = PBXGroup;
			children = (
				86973D8F1FBD329E00E55838 /* MapSearchInputTips.h */,
				86973D901FBD329E00E55838 /* MapSearchInputTips.m */,
			);
			path = InputTip;
			sourceTree = "<group>";
		};
		86973D911FBD329E00E55838 /* Keywords */ = {
			isa = PBXGroup;
			children = (
				86973D921FBD329E00E55838 /* MapSearchKeywords.h */,
				86973D931FBD329E00E55838 /* MapSearchKeywords.m */,
				86973D941FBD329E00E55838 /* MapSearchKeywords_MapView.h */,
				86973D951FBD329E00E55838 /* MapSearchKeywords_MapView.m */,
			);
			path = Keywords;
			sourceTree = "<group>";
		};
		86973D961FBD329E00E55838 /* MapSearch */ = {
			isa = PBXGroup;
			children = (
				86973D971FBD329E00E55838 /* MapSearch+Search.h */,
				86973D981FBD329E00E55838 /* MapSearch+Search.m */,
				86973D991FBD329E00E55838 /* MapSearch.h */,
				86973D9A1FBD329E00E55838 /* MapSearch.m */,
				86973D9B1FBD329E00E55838 /* MapSearchObject.h */,
				86973D9C1FBD329E00E55838 /* MapSearchObject.m */,
			);
			path = MapSearch;
			sourceTree = "<group>";
		};
		86973D9D1FBD329E00E55838 /* Model */ = {
			isa = PBXGroup;
			children = (
				86973D9E1FBD329E00E55838 /* MapSearchInputProtocol.h */,
				86973D9F1FBD329E00E55838 /* MapSearchInputTipModel.h */,
				86973DA01FBD329E00E55838 /* MapSearchInputTipModel.m */,
			);
			path = Model;
			sourceTree = "<group>";
		};
		94E92798F41DE30D1FAD4849 /* Frameworks */ = {
			isa = PBXGroup;
			children = (
				67D9105E086DC24E2898C5D5 /* libPods-MapDemo.a */,
			);
			name = Frameworks;
			sourceTree = "<group>";
		};
/* End PBXGroup section */

/* Begin PBXNativeTarget section */
		8630CB331F25EDDD00243A93 /* MapDemo */ = {
			isa = PBXNativeTarget;
			buildConfigurationList = 8630CB611F25EDDD00243A93 /* Build configuration list for PBXNativeTarget "MapDemo" */;
			buildPhases = (
				65F05882A6C7B647651A0A52 /* [CP] Check Pods Manifest.lock */,
				8630CB301F25EDDD00243A93 /* Sources */,
				8630CB311F25EDDD00243A93 /* Frameworks */,
				8630CB321F25EDDD00243A93 /* Resources */,
				CF383A69CE36F44F4B937A7B /* [CP] Embed Pods Frameworks */,
				58830A41FC77105F8C58E78E /* [CP] Copy Pods Resources */,
			);
			buildRules = (
			);
			dependencies = (
			);
			name = MapDemo;
			productName = MapDemo;
			productReference = 8630CB341F25EDDD00243A93 /* MapDemo.app */;
			productType = "com.apple.product-type.application";
		};
		8630CB4C1F25EDDD00243A93 /* MapDemoTests */ = {
			isa = PBXNativeTarget;
			buildConfigurationList = 8630CB641F25EDDD00243A93 /* Build configuration list for PBXNativeTarget "MapDemoTests" */;
			buildPhases = (
				8630CB491F25EDDD00243A93 /* Sources */,
				8630CB4A1F25EDDD00243A93 /* Frameworks */,
				8630CB4B1F25EDDD00243A93 /* Resources */,
			);
			buildRules = (
			);
			dependencies = (
				8630CB4F1F25EDDD00243A93 /* PBXTargetDependency */,
			);
			name = MapDemoTests;
			productName = MapDemoTests;
			productReference = 8630CB4D1F25EDDD00243A93 /* MapDemoTests.xctest */;
			productType = "com.apple.product-type.bundle.unit-test";
		};
		8630CB571F25EDDD00243A93 /* MapDemoUITests */ = {
			isa = PBXNativeTarget;
			buildConfigurationList = 8630CB671F25EDDD00243A93 /* Build configuration list for PBXNativeTarget "MapDemoUITests" */;
			buildPhases = (
				8630CB541F25EDDD00243A93 /* Sources */,
				8630CB551F25EDDD00243A93 /* Frameworks */,
				8630CB561F25EDDD00243A93 /* Resources */,
			);
			buildRules = (
			);
			dependencies = (
				8630CB5A1F25EDDD00243A93 /* PBXTargetDependency */,
			);
			name = MapDemoUITests;
			productName = MapDemoUITests;
			productReference = 8630CB581F25EDDD00243A93 /* MapDemoUITests.xctest */;
			productType = "com.apple.product-type.bundle.ui-testing";
		};
/* End PBXNativeTarget section */

/* Begin PBXProject section */
		8630CB2C1F25EDDD00243A93 /* Project object */ = {
			isa = PBXProject;
			attributes = {
				LastUpgradeCheck = 0830;
				ORGANIZATIONNAME = "flamegrace@hotmail.com";
				TargetAttributes = {
					8630CB331F25EDDD00243A93 = {
						CreatedOnToolsVersion = 8.3.3;
						DevelopmentTeam = PK25G5QCH4;
						ProvisioningStyle = Automatic;
						SystemCapabilities = {
							com.apple.WAC = {
								enabled = 0;
							};
						};
					};
					8630CB4C1F25EDDD00243A93 = {
						CreatedOnToolsVersion = 8.3.3;
						DevelopmentTeam = PK25G5QCH4;
						ProvisioningStyle = Automatic;
						TestTargetID = 8630CB331F25EDDD00243A93;
					};
					8630CB571F25EDDD00243A93 = {
						CreatedOnToolsVersion = 8.3.3;
						DevelopmentTeam = PK25G5QCH4;
						ProvisioningStyle = Automatic;
						TestTargetID = 8630CB331F25EDDD00243A93;
					};
				};
			};
			buildConfigurationList = 8630CB2F1F25EDDD00243A93 /* Build configuration list for PBXProject "MapDemo" */;
			compatibilityVersion = "Xcode 3.2";
			developmentRegion = English;
			hasScannedForEncodings = 0;
			knownRegions = (
				en,
				Base,
			);
			mainGroup = 8630CB2B1F25EDDD00243A93;
			productRefGroup = 8630CB351F25EDDD00243A93 /* Products */;
			projectDirPath = "";
			projectRoot = "";
			targets = (
				8630CB331F25EDDD00243A93 /* MapDemo */,
				8630CB4C1F25EDDD00243A93 /* MapDemoTests */,
				8630CB571F25EDDD00243A93 /* MapDemoUITests */,
			);
		};
/* End PBXProject section */

/* Begin PBXResourcesBuildPhase section */
		8630CB321F25EDDD00243A93 /* Resources */ = {
			isa = PBXResourcesBuildPhase;
			buildActionMask = 2147483647;
			files = (
				8630CB471F25EDDD00243A93 /* LaunchScreen.storyboard in Resources */,
				8630CB441F25EDDD00243A93 /* Assets.xcassets in Resources */,
				8630CB421F25EDDD00243A93 /* Main.storyboard in Resources */,
			);
			runOnlyForDeploymentPostprocessing = 0;
		};
		8630CB4B1F25EDDD00243A93 /* Resources */ = {
			isa = PBXResourcesBuildPhase;
			buildActionMask = 2147483647;
			files = (
			);
			runOnlyForDeploymentPostprocessing = 0;
		};
		8630CB561F25EDDD00243A93 /* Resources */ = {
			isa = PBXResourcesBuildPhase;
			buildActionMask = 2147483647;
			files = (
			);
			runOnlyForDeploymentPostprocessing = 0;
		};
/* End PBXResourcesBuildPhase section */

/* Begin PBXShellScriptBuildPhase section */
		58830A41FC77105F8C58E78E /* [CP] Copy Pods Resources */ = {
			isa = PBXShellScriptBuildPhase;
			buildActionMask = 2147483647;
			files = (
			);
			inputPaths = (
			);
			name = "[CP] Copy Pods Resources";
			outputPaths = (
			);
			runOnlyForDeploymentPostprocessing = 0;
			shellPath = /bin/sh;
			shellScript = "\"${SRCROOT}/Pods/Target Support Files/Pods-MapDemo/Pods-MapDemo-resources.sh\"\n";
			showEnvVarsInLog = 0;
		};
		65F05882A6C7B647651A0A52 /* [CP] Check Pods Manifest.lock */ = {
			isa = PBXShellScriptBuildPhase;
			buildActionMask = 2147483647;
			files = (
			);
			inputPaths = (
			);
			name = "[CP] Check Pods Manifest.lock";
			outputPaths = (
			);
			runOnlyForDeploymentPostprocessing = 0;
			shellPath = /bin/sh;
			shellScript = "diff \"${PODS_ROOT}/../Podfile.lock\" \"${PODS_ROOT}/Manifest.lock\" > /dev/null\nif [ $? != 0 ] ; then\n    # print error to STDERR\n    echo \"error: The sandbox is not in sync with the Podfile.lock. Run 'pod install' or update your CocoaPods installation.\" >&2\n    exit 1\nfi\n";
			showEnvVarsInLog = 0;
		};
		CF383A69CE36F44F4B937A7B /* [CP] Embed Pods Frameworks */ = {
			isa = PBXShellScriptBuildPhase;
			buildActionMask = 2147483647;
			files = (
			);
			inputPaths = (
			);
			name = "[CP] Embed Pods Frameworks";
			outputPaths = (
			);
			runOnlyForDeploymentPostprocessing = 0;
			shellPath = /bin/sh;
			shellScript = "\"${SRCROOT}/Pods/Target Support Files/Pods-MapDemo/Pods-MapDemo-frameworks.sh\"\n";
			showEnvVarsInLog = 0;
		};
/* End PBXShellScriptBuildPhase section */

/* Begin PBXSourcesBuildPhase section */
		8630CB301F25EDDD00243A93 /* Sources */ = {
			isa = PBXSourcesBuildPhase;
			buildActionMask = 2147483647;
			files = (
				86973DA81FBD329F00E55838 /* TurnMapAnnotation.m in Sources */,
				86973DC61FBD329F00E55838 /* MyLatLng.m in Sources */,
				8630CC061F25EE7500243A93 /* DrawDriveRecordViewController.m in Sources */,
				86973DC81FBD329F00E55838 /* DriveNaviViewController.m in Sources */,
				86973DAE1FBD329F00E55838 /* AngleLabel.m in Sources */,
				8630CC0A1F25EE7500243A93 /* MapFenceViewController.m in Sources */,
				86973DAC1FBD329F00E55838 /* MovingAnnotationView.m in Sources */,
				86973DD21FBD329F00E55838 /* MapSearchInputTips.m in Sources */,
				86973DA21FBD329F00E55838 /* CarMapAnnotation.m in Sources */,
				86973DBE1FBD329F00E55838 /* MapManager.m in Sources */,
				86973DD41FBD329F00E55838 /* MapSearchKeywords_MapView.m in Sources */,
				86973DA31FBD329F00E55838 /* EndPointMapAnnotation.m in Sources */,
				86973DB71FBD329F00E55838 /* MapDrawFenceView.m in Sources */,
				8630CC091F25EE7500243A93 /* KeyWordsViewController.m in Sources */,
				86973DB51FBD329F00E55838 /* MapDriveRecordObject.m in Sources */,
				86973DD11FBD329F00E55838 /* MapRedPolylineView.m in Sources */,
				8630CC471F25EE7500243A93 /* UIViewController+Alert.m in Sources */,
				86973DBB1FBD329F00E55838 /* MapManager+MapView.m in Sources */,
				8630CB3F1F25EDDD00243A93 /* ViewController.m in Sources */,
				86973DB11FBD329F00E55838 /* MapDrawDriveRecord.m in Sources */,
				8630CC0C1F25EE7500243A93 /* MapPointViewController.m in Sources */,
				86973DC41FBD329F00E55838 /* MapLocationModel+RegeoSearch.m in Sources */,
				86973DB01FBD329F00E55838 /* TextMapAnnotationView.m in Sources */,
				86973DB91FBD329F00E55838 /* MapFenceModel.m in Sources */,
				8630CB3C1F25EDDD00243A93 /* AppDelegate.m in Sources */,
				86973DB31FBD329F00E55838 /* MapDrawPoint.m in Sources */,
				86973DC71FBD329F00E55838 /* SearchMapLocation.m in Sources */,
				86973DBF1FBD329F00E55838 /* CarMapLocation.m in Sources */,
				8630CC1E1F25EE7500243A93 /* CarSimulator.m in Sources */,
				86973DBC1FBD329F00E55838 /* MapManager+Search.m in Sources */,
				86973DBD1FBD329F00E55838 /* MapManager+Tools.m in Sources */,
				86973DA51FBD329F00E55838 /* SpeedUpMapAnnotation.m in Sources */,
				8630CC0B1F25EE7500243A93 /* MapInputTipsViewController.m in Sources */,
				86973DD51FBD329F00E55838 /* MapSearch+Search.m in Sources */,
				86973DC01FBD329F00E55838 /* CacheMapLocationManager.m in Sources */,
				86973DC31FBD329F00E55838 /* UserLocationManager.m in Sources */,
				86973DD31FBD329F00E55838 /* MapSearchKeywords.m in Sources */,
				8630CB391F25EDDD00243A93 /* main.m in Sources */,
				86973DCF1FBD329F00E55838 /* MapPolyLineObject.m in Sources */,
				8630CC461F25EE7500243A93 /* TableViewCellModel.m in Sources */,
				86973DB41FBD329F00E55838 /* MapDrawRoute.m in Sources */,
				86973DAB1FBD329F00E55838 /* CACoordLayer.m in Sources */,
				86973DA71FBD329F00E55838 /* TextMapAnnotation.m in Sources */,
				86973DAF1FBD329F00E55838 /* CarMapAnnotationView.m in Sources */,
				86973DC11FBD329F00E55838 /* CarLocationManager.m in Sources */,
				8630CC081F25EE7500243A93 /* DrawRouteViewController.m in Sources */,
				86973DC91FBD329F00E55838 /* WalkNaviView.m in Sources */,
				86973DC51FBD329F00E55838 /* MapLocationModel.m in Sources */,
				86973DD71FBD329F00E55838 /* MapSearchObject.m in Sources */,
				86973DCD1FBD329F00E55838 /* MapWalkPlanningRoute.m in Sources */,
				86973DB61FBD329F00E55838 /* MapRouteObject.m in Sources */,
				86973DB21FBD329F00E55838 /* MapDrawLine.m in Sources */,
				86973DA41FBD329F00E55838 /* SearchMapAnnotation.m in Sources */,
				86973DCB1FBD329F00E55838 /* MapDrivePlanningRoute.m in Sources */,
				86973DD01FBD329F00E55838 /* MapPolylineView.m in Sources */,
				86973DC21FBD329F00E55838 /* MapLocationManager.m in Sources */,
				8630CC261F25EE7500243A93 /* FourAngleLabel.m in Sources */,
				86973DCC1FBD329F00E55838 /* MapPlanningRoute.m in Sources */,
				86973D191FBD328C00E55838 /* MapManager+MapLocation.m in Sources */,
				86973DA61FBD329F00E55838 /* StartPointMapAnnotation.m in Sources */,
				86973DD61FBD329F00E55838 /* MapSearch.m in Sources */,
				86973DA11FBD329F00E55838 /* BrakeMapAnnotation.m in Sources */,
				8630CC071F25EE7500243A93 /* DrawLineViewController.m in Sources */,
				86973DB81FBD329F00E55838 /* MapFenceAMapViewModel.m in Sources */,
				86973DAA1FBD329F00E55838 /* MapAnnotationView.m in Sources */,
				86973DBA1FBD329F00E55838 /* MapManager+Location.m in Sources */,
				86973DCE1FBD329F00E55838 /* MapDeselectPolylineView.m in Sources */,
				86973DCA1FBD329F00E55838 /* WalkNaviViewController.m in Sources */,
				86973DD81FBD329F00E55838 /* MapSearchInputTipModel.m in Sources */,
				86973DAD1FBD329F00E55838 /* TracingPoint.m in Sources */,
				86973DA91FBD329F00E55838 /* MapAnnotation.m in Sources */,
			);
			runOnlyForDeploymentPostprocessing = 0;
		};
		8630CB491F25EDDD00243A93 /* Sources */ = {
			isa = PBXSourcesBuildPhase;
			buildActionMask = 2147483647;
			files = (
				8630CB521F25EDDD00243A93 /* MapDemoTests.m in Sources */,
			);
			runOnlyForDeploymentPostprocessing = 0;
		};
		8630CB541F25EDDD00243A93 /* Sources */ = {
			isa = PBXSourcesBuildPhase;
			buildActionMask = 2147483647;
			files = (
				8630CB5D1F25EDDD00243A93 /* MapDemoUITests.m in Sources */,
			);
			runOnlyForDeploymentPostprocessing = 0;
		};
/* End PBXSourcesBuildPhase section */

/* Begin PBXTargetDependency section */
		8630CB4F1F25EDDD00243A93 /* PBXTargetDependency */ = {
			isa = PBXTargetDependency;
			target = 8630CB331F25EDDD00243A93 /* MapDemo */;
			targetProxy = 8630CB4E1F25EDDD00243A93 /* PBXContainerItemProxy */;
		};
		8630CB5A1F25EDDD00243A93 /* PBXTargetDependency */ = {
			isa = PBXTargetDependency;
			target = 8630CB331F25EDDD00243A93 /* MapDemo */;
			targetProxy = 8630CB591F25EDDD00243A93 /* PBXContainerItemProxy */;
		};
/* End PBXTargetDependency section */

/* Begin PBXVariantGroup section */
		8630CB401F25EDDD00243A93 /* Main.storyboard */ = {
			isa = PBXVariantGroup;
			children = (
				8630CB411F25EDDD00243A93 /* Base */,
			);
			name = Main.storyboard;
			path = .;
			sourceTree = "<group>";
		};
		8630CB451F25EDDD00243A93 /* LaunchScreen.storyboard */ = {
			isa = PBXVariantGroup;
			children = (
				8630CB461F25EDDD00243A93 /* Base */,
			);
			name = LaunchScreen.storyboard;
			path = .;
			sourceTree = "<group>";
		};
/* End PBXVariantGroup section */

/* Begin XCBuildConfiguration section */
		8630CB5F1F25EDDD00243A93 /* Debug */ = {
			isa = XCBuildConfiguration;
			buildSettings = {
				ALWAYS_SEARCH_USER_PATHS = NO;
				CLANG_ANALYZER_NONNULL = YES;
				CLANG_ANALYZER_NUMBER_OBJECT_CONVERSION = YES_AGGRESSIVE;
				CLANG_CXX_LANGUAGE_STANDARD = "gnu++0x";
				CLANG_CXX_LIBRARY = "libc++";
				CLANG_ENABLE_MODULES = YES;
				CLANG_ENABLE_OBJC_ARC = YES;
				CLANG_WARN_BOOL_CONVERSION = YES;
				CLANG_WARN_CONSTANT_CONVERSION = YES;
				CLANG_WARN_DIRECT_OBJC_ISA_USAGE = YES_ERROR;
				CLANG_WARN_DOCUMENTATION_COMMENTS = YES;
				CLANG_WARN_EMPTY_BODY = YES;
				CLANG_WARN_ENUM_CONVERSION = YES;
				CLANG_WARN_INFINITE_RECURSION = YES;
				CLANG_WARN_INT_CONVERSION = YES;
				CLANG_WARN_OBJC_ROOT_CLASS = YES_ERROR;
				CLANG_WARN_SUSPICIOUS_MOVE = YES;
				CLANG_WARN_UNREACHABLE_CODE = YES;
				CLANG_WARN__DUPLICATE_METHOD_MATCH = YES;
				"CODE_SIGN_IDENTITY[sdk=iphoneos*]" = "iPhone Developer";
				COPY_PHASE_STRIP = NO;
				DEBUG_INFORMATION_FORMAT = dwarf;
				ENABLE_STRICT_OBJC_MSGSEND = YES;
				ENABLE_TESTABILITY = YES;
				GCC_C_LANGUAGE_STANDARD = gnu99;
				GCC_DYNAMIC_NO_PIC = NO;
				GCC_NO_COMMON_BLOCKS = YES;
				GCC_OPTIMIZATION_LEVEL = 0;
				GCC_PREPROCESSOR_DEFINITIONS = (
					"DEBUG=1",
					"$(inherited)",
				);
				GCC_WARN_64_TO_32_BIT_CONVERSION = YES;
				GCC_WARN_ABOUT_RETURN_TYPE = YES_ERROR;
				GCC_WARN_UNDECLARED_SELECTOR = YES;
				GCC_WARN_UNINITIALIZED_AUTOS = YES_AGGRESSIVE;
				GCC_WARN_UNUSED_FUNCTION = YES;
				GCC_WARN_UNUSED_VARIABLE = YES;
				IPHONEOS_DEPLOYMENT_TARGET = 11.0;
				MTL_ENABLE_DEBUG_INFO = YES;
				ONLY_ACTIVE_ARCH = YES;
				SDKROOT = iphoneos;
			};
			name = Debug;
		};
		8630CB601F25EDDD00243A93 /* Release */ = {
			isa = XCBuildConfiguration;
			buildSettings = {
				ALWAYS_SEARCH_USER_PATHS = NO;
				CLANG_ANALYZER_NONNULL = YES;
				CLANG_ANALYZER_NUMBER_OBJECT_CONVERSION = YES_AGGRESSIVE;
				CLANG_CXX_LANGUAGE_STANDARD = "gnu++0x";
				CLANG_CXX_LIBRARY = "libc++";
				CLANG_ENABLE_MODULES = YES;
				CLANG_ENABLE_OBJC_ARC = YES;
				CLANG_WARN_BOOL_CONVERSION = YES;
				CLANG_WARN_CONSTANT_CONVERSION = YES;
				CLANG_WARN_DIRECT_OBJC_ISA_USAGE = YES_ERROR;
				CLANG_WARN_DOCUMENTATION_COMMENTS = YES;
				CLANG_WARN_EMPTY_BODY = YES;
				CLANG_WARN_ENUM_CONVERSION = YES;
				CLANG_WARN_INFINITE_RECURSION = YES;
				CLANG_WARN_INT_CONVERSION = YES;
				CLANG_WARN_OBJC_ROOT_CLASS = YES_ERROR;
				CLANG_WARN_SUSPICIOUS_MOVE = YES;
				CLANG_WARN_UNREACHABLE_CODE = YES;
				CLANG_WARN__DUPLICATE_METHOD_MATCH = YES;
				"CODE_SIGN_IDENTITY[sdk=iphoneos*]" = "iPhone Developer";
				COPY_PHASE_STRIP = NO;
				DEBUG_INFORMATION_FORMAT = "dwarf-with-dsym";
				ENABLE_NS_ASSERTIONS = NO;
				ENABLE_STRICT_OBJC_MSGSEND = YES;
				GCC_C_LANGUAGE_STANDARD = gnu99;
				GCC_NO_COMMON_BLOCKS = YES;
				GCC_WARN_64_TO_32_BIT_CONVERSION = YES;
				GCC_WARN_ABOUT_RETURN_TYPE = YES_ERROR;
				GCC_WARN_UNDECLARED_SELECTOR = YES;
				GCC_WARN_UNINITIALIZED_AUTOS = YES_AGGRESSIVE;
				GCC_WARN_UNUSED_FUNCTION = YES;
				GCC_WARN_UNUSED_VARIABLE = YES;
				IPHONEOS_DEPLOYMENT_TARGET = 11.0;
				MTL_ENABLE_DEBUG_INFO = NO;
				SDKROOT = iphoneos;
				VALIDATE_PRODUCT = YES;
			};
			name = Release;
		};
		8630CB621F25EDDD00243A93 /* Debug */ = {
			isa = XCBuildConfiguration;
			baseConfigurationReference = B47ADE36CE3324CE23C89D9C /* Pods-MapDemo.debug.xcconfig */;
			buildSettings = {
				ASSETCATALOG_COMPILER_APPICON_NAME = AppIcon;
				DEVELOPMENT_TEAM = PK25G5QCH4;
				GCC_PREFIX_HEADER = "$(SRCROOT)/MapDemo/PrefixHeader.pch";
				INFOPLIST_FILE = MapDemo/Info.plist;
				IPHONEOS_DEPLOYMENT_TARGET = 8.0;
				LD_RUNPATH_SEARCH_PATHS = "$(inherited) @executable_path/Frameworks";
				PRODUCT_BUNDLE_IDENTIFIER = com.flamegrace.mapdemo;
				PRODUCT_NAME = "$(TARGET_NAME)";
				WARNING_CFLAGS = "-Wno-documentation";
			};
			name = Debug;
		};
		8630CB631F25EDDD00243A93 /* Release */ = {
			isa = XCBuildConfiguration;
			baseConfigurationReference = 9A50D6CFF12A25AA33FDF08B /* Pods-MapDemo.release.xcconfig */;
			buildSettings = {
				ASSETCATALOG_COMPILER_APPICON_NAME = AppIcon;
				DEVELOPMENT_TEAM = PK25G5QCH4;
				GCC_PREFIX_HEADER = "$(SRCROOT)/MapDemo/PrefixHeader.pch";
				INFOPLIST_FILE = MapDemo/Info.plist;
				IPHONEOS_DEPLOYMENT_TARGET = 8.0;
				LD_RUNPATH_SEARCH_PATHS = "$(inherited) @executable_path/Frameworks";
				PRODUCT_BUNDLE_IDENTIFIER = com.flamegrace.mapdemo;
				PRODUCT_NAME = "$(TARGET_NAME)";
				WARNING_CFLAGS = "-Wno-documentation";
			};
			name = Release;
		};
		8630CB651F25EDDD00243A93 /* Debug */ = {
			isa = XCBuildConfiguration;
			buildSettings = {
				BUNDLE_LOADER = "$(TEST_HOST)";
				DEVELOPMENT_TEAM = PK25G5QCH4;
				INFOPLIST_FILE = MapDemoTests/Info.plist;
				LD_RUNPATH_SEARCH_PATHS = "$(inherited) @executable_path/Frameworks @loader_path/Frameworks";
				PRODUCT_BUNDLE_IDENTIFIER = com.flamegrace.demo.MapDemoTests;
				PRODUCT_NAME = "$(TARGET_NAME)";
				TEST_HOST = "$(BUILT_PRODUCTS_DIR)/MapDemo.app/MapDemo";
			};
			name = Debug;
		};
		8630CB661F25EDDD00243A93 /* Release */ = {
			isa = XCBuildConfiguration;
			buildSettings = {
				BUNDLE_LOADER = "$(TEST_HOST)";
				DEVELOPMENT_TEAM = PK25G5QCH4;
				INFOPLIST_FILE = MapDemoTests/Info.plist;
				LD_RUNPATH_SEARCH_PATHS = "$(inherited) @executable_path/Frameworks @loader_path/Frameworks";
				PRODUCT_BUNDLE_IDENTIFIER = com.flamegrace.demo.MapDemoTests;
				PRODUCT_NAME = "$(TARGET_NAME)";
				TEST_HOST = "$(BUILT_PRODUCTS_DIR)/MapDemo.app/MapDemo";
			};
			name = Release;
		};
		8630CB681F25EDDD00243A93 /* Debug */ = {
			isa = XCBuildConfiguration;
			buildSettings = {
				DEVELOPMENT_TEAM = PK25G5QCH4;
				INFOPLIST_FILE = MapDemoUITests/Info.plist;
				LD_RUNPATH_SEARCH_PATHS = "$(inherited) @executable_path/Frameworks @loader_path/Frameworks";
				PRODUCT_BUNDLE_IDENTIFIER = com.flamegrace.demo.MapDemoUITests;
				PRODUCT_NAME = "$(TARGET_NAME)";
				TEST_TARGET_NAME = MapDemo;
			};
			name = Debug;
		};
		8630CB691F25EDDD00243A93 /* Release */ = {
			isa = XCBuildConfiguration;
			buildSettings = {
				DEVELOPMENT_TEAM = PK25G5QCH4;
				INFOPLIST_FILE = MapDemoUITests/Info.plist;
				LD_RUNPATH_SEARCH_PATHS = "$(inherited) @executable_path/Frameworks @loader_path/Frameworks";
				PRODUCT_BUNDLE_IDENTIFIER = com.flamegrace.demo.MapDemoUITests;
				PRODUCT_NAME = "$(TARGET_NAME)";
				TEST_TARGET_NAME = MapDemo;
			};
			name = Release;
		};
/* End XCBuildConfiguration section */

/* Begin XCConfigurationList section */
		8630CB2F1F25EDDD00243A93 /* Build configuration list for PBXProject "MapDemo" */ = {
			isa = XCConfigurationList;
			buildConfigurations = (
				8630CB5F1F25EDDD00243A93 /* Debug */,
				8630CB601F25EDDD00243A93 /* Release */,
			);
			defaultConfigurationIsVisible = 0;
			defaultConfigurationName = Release;
		};
		8630CB611F25EDDD00243A93 /* Build configuration list for PBXNativeTarget "MapDemo" */ = {
			isa = XCConfigurationList;
			buildConfigurations = (
				8630CB621F25EDDD00243A93 /* Debug */,
				8630CB631F25EDDD00243A93 /* Release */,
			);
			defaultConfigurationIsVisible = 0;
			defaultConfigurationName = Release;
		};
		8630CB641F25EDDD00243A93 /* Build configuration list for PBXNativeTarget "MapDemoTests" */ = {
			isa = XCConfigurationList;
			buildConfigurations = (
				8630CB651F25EDDD00243A93 /* Debug */,
				8630CB661F25EDDD00243A93 /* Release */,
			);
			defaultConfigurationIsVisible = 0;
			defaultConfigurationName = Release;
		};
		8630CB671F25EDDD00243A93 /* Build configuration list for PBXNativeTarget "MapDemoUITests" */ = {
			isa = XCConfigurationList;
			buildConfigurations = (
				8630CB681F25EDDD00243A93 /* Debug */,
				8630CB691F25EDDD00243A93 /* Release */,
			);
			defaultConfigurationIsVisible = 0;
			defaultConfigurationName = Release;
		};
/* End XCConfigurationList section */
	};
	rootObject = 8630CB2C1F25EDDD00243A93 /* Project object */;
}
