// !$*UTF8*$!
{
	archiveVersion = 1;
	classes = {
	};
	objectVersion = 46;
	objects = {

/* Begin PBXBuildFile section */
		02671DA6FD436813772668A4 /* libPods-MapDemo.a in Frameworks */ = {isa = PBXBuildFile; fileRef = 67D9105E086DC24E2898C5D5 /* libPods-MapDemo.a */; };
		860037EB1FBAD35400E28F62 /* BrakeMapAnnotation.m in Sources */ = {isa = PBXBuildFile; fileRef = 860037711FBAD35400E28F62 /* BrakeMapAnnotation.m */; };
		860037EC1FBAD35400E28F62 /* CarMapAnnotation.m in Sources */ = {isa = PBXBuildFile; fileRef = 860037731FBAD35400E28F62 /* CarMapAnnotation.m */; };
		860037ED1FBAD35400E28F62 /* EndPointMapAnnotation.m in Sources */ = {isa = PBXBuildFile; fileRef = 860037751FBAD35400E28F62 /* EndPointMapAnnotation.m */; };
		860037EE1FBAD35400E28F62 /* SearchMapAnnotation.m in Sources */ = {isa = PBXBuildFile; fileRef = 860037771FBAD35400E28F62 /* SearchMapAnnotation.m */; };
		860037EF1FBAD35400E28F62 /* SpeedUpMapAnnotation.m in Sources */ = {isa = PBXBuildFile; fileRef = 860037791FBAD35400E28F62 /* SpeedUpMapAnnotation.m */; };
		860037F01FBAD35400E28F62 /* StartPointMapAnnotation.m in Sources */ = {isa = PBXBuildFile; fileRef = 8600377B1FBAD35400E28F62 /* StartPointMapAnnotation.m */; };
		860037F11FBAD35400E28F62 /* TextMapAnnotation.m in Sources */ = {isa = PBXBuildFile; fileRef = 8600377D1FBAD35400E28F62 /* TextMapAnnotation.m */; };
		860037F21FBAD35400E28F62 /* TurnMapAnnotation.m in Sources */ = {isa = PBXBuildFile; fileRef = 8600377F1FBAD35400E28F62 /* TurnMapAnnotation.m */; };
		860037F31FBAD35400E28F62 /* MapAnnotation.m in Sources */ = {isa = PBXBuildFile; fileRef = 860037811FBAD35400E28F62 /* MapAnnotation.m */; };
		860037F41FBAD35400E28F62 /* MapAnnotationView.m in Sources */ = {isa = PBXBuildFile; fileRef = 860037831FBAD35400E28F62 /* MapAnnotationView.m */; };
		860037F51FBAD35400E28F62 /* CACoordLayer.m in Sources */ = {isa = PBXBuildFile; fileRef = 860037871FBAD35400E28F62 /* CACoordLayer.m */; };
		860037F61FBAD35400E28F62 /* MovingAnnotationView.m in Sources */ = {isa = PBXBuildFile; fileRef = 860037891FBAD35400E28F62 /* MovingAnnotationView.m */; };
		860037F71FBAD35400E28F62 /* TracingPoint.m in Sources */ = {isa = PBXBuildFile; fileRef = 8600378B1FBAD35400E28F62 /* TracingPoint.m */; };
		860037F81FBAD35400E28F62 /* AngleLabel.m in Sources */ = {isa = PBXBuildFile; fileRef = 8600378E1FBAD35400E28F62 /* AngleLabel.m */; };
		860037F91FBAD35400E28F62 /* CarMapAnnotationView.m in Sources */ = {isa = PBXBuildFile; fileRef = 860037901FBAD35400E28F62 /* CarMapAnnotationView.m */; };
		860037FA1FBAD35400E28F62 /* TextMapAnnotationView.m in Sources */ = {isa = PBXBuildFile; fileRef = 860037921FBAD35400E28F62 /* TextMapAnnotationView.m */; };
		860037FB1FBAD35400E28F62 /* MapDrawDriveRecord.m in Sources */ = {isa = PBXBuildFile; fileRef = 860037951FBAD35400E28F62 /* MapDrawDriveRecord.m */; };
		860037FC1FBAD35400E28F62 /* MapDrawLine.m in Sources */ = {isa = PBXBuildFile; fileRef = 860037971FBAD35400E28F62 /* MapDrawLine.m */; };
		860037FD1FBAD35400E28F62 /* MapDrawPoint.m in Sources */ = {isa = PBXBuildFile; fileRef = 860037991FBAD35400E28F62 /* MapDrawPoint.m */; };
		860037FE1FBAD35400E28F62 /* MapDrawRoute.m in Sources */ = {isa = PBXBuildFile; fileRef = 8600379B1FBAD35400E28F62 /* MapDrawRoute.m */; };
		860037FF1FBAD35400E28F62 /* MapDriveRecordObject.m in Sources */ = {isa = PBXBuildFile; fileRef = 8600379E1FBAD35400E28F62 /* MapDriveRecordObject.m */; };
		860038001FBAD35400E28F62 /* MapRouteObject.m in Sources */ = {isa = PBXBuildFile; fileRef = 860037A01FBAD35400E28F62 /* MapRouteObject.m */; };
		860038011FBAD35400E28F62 /* MapDrawFenceView.m in Sources */ = {isa = PBXBuildFile; fileRef = 860037A31FBAD35400E28F62 /* MapDrawFenceView.m */; };
		860038021FBAD35400E28F62 /* MapFenceAMapViewModel.m in Sources */ = {isa = PBXBuildFile; fileRef = 860037A51FBAD35400E28F62 /* MapFenceAMapViewModel.m */; };
		860038031FBAD35400E28F62 /* MapFenceModel.m in Sources */ = {isa = PBXBuildFile; fileRef = 860037A71FBAD35400E28F62 /* MapFenceModel.m */; };
		860038041FBAD35400E28F62 /* MapManager+Tools.m in Sources */ = {isa = PBXBuildFile; fileRef = 860037A91FBAD35400E28F62 /* MapManager+Tools.m */; };
		860038051FBAD35400E28F62 /* MapManager.m in Sources */ = {isa = PBXBuildFile; fileRef = 860037AB1FBAD35400E28F62 /* MapManager.m */; };
		860038061FBAD35400E28F62 /* CarLocationManager.m in Sources */ = {isa = PBXBuildFile; fileRef = 860037AF1FBAD35400E28F62 /* CarLocationManager.m */; };
		860038071FBAD35400E28F62 /* CarMapLocation.m in Sources */ = {isa = PBXBuildFile; fileRef = 860037B11FBAD35400E28F62 /* CarMapLocation.m */; };
		860038081FBAD35400E28F62 /* MapLocationManager.m in Sources */ = {isa = PBXBuildFile; fileRef = 860037B31FBAD35400E28F62 /* MapLocationManager.m */; };
		860038091FBAD35400E28F62 /* MapLocationModel+RegeoSearch.m in Sources */ = {isa = PBXBuildFile; fileRef = 860037B51FBAD35400E28F62 /* MapLocationModel+RegeoSearch.m */; };
		8600380A1FBAD35400E28F62 /* MapLocationModel.m in Sources */ = {isa = PBXBuildFile; fileRef = 860037B71FBAD35400E28F62 /* MapLocationModel.m */; };
		8600380B1FBAD35400E28F62 /* MyLatLng.m in Sources */ = {isa = PBXBuildFile; fileRef = 860037B91FBAD35400E28F62 /* MyLatLng.m */; };
		8600380C1FBAD35400E28F62 /* SearchMapLocation.m in Sources */ = {isa = PBXBuildFile; fileRef = 860037BB1FBAD35400E28F62 /* SearchMapLocation.m */; };
		8600380D1FBAD35400E28F62 /* UserLocationManager.m in Sources */ = {isa = PBXBuildFile; fileRef = 860037BD1FBAD35400E28F62 /* UserLocationManager.m */; };
		8600380E1FBAD35400E28F62 /* DriveNaviViewController.m in Sources */ = {isa = PBXBuildFile; fileRef = 860037C01FBAD35400E28F62 /* DriveNaviViewController.m */; };
		8600380F1FBAD35400E28F62 /* WalkNaviView.m in Sources */ = {isa = PBXBuildFile; fileRef = 860037C21FBAD35400E28F62 /* WalkNaviView.m */; };
		860038101FBAD35400E28F62 /* WalkNaviViewController.m in Sources */ = {isa = PBXBuildFile; fileRef = 860037C41FBAD35400E28F62 /* WalkNaviViewController.m */; };
		860038111FBAD35400E28F62 /* MapDrivePlanningRoute.m in Sources */ = {isa = PBXBuildFile; fileRef = 860037C71FBAD35400E28F62 /* MapDrivePlanningRoute.m */; };
		860038121FBAD35400E28F62 /* MapPlanningRoute.m in Sources */ = {isa = PBXBuildFile; fileRef = 860037C91FBAD35400E28F62 /* MapPlanningRoute.m */; };
		860038131FBAD35400E28F62 /* MapWalkPlanningRoute.m in Sources */ = {isa = PBXBuildFile; fileRef = 860037CD1FBAD35400E28F62 /* MapWalkPlanningRoute.m */; };
		860038141FBAD35400E28F62 /* MapDeselectPolylineView.m in Sources */ = {isa = PBXBuildFile; fileRef = 860037D01FBAD35400E28F62 /* MapDeselectPolylineView.m */; };
		860038151FBAD35400E28F62 /* MapPolyLineObject.m in Sources */ = {isa = PBXBuildFile; fileRef = 860037D21FBAD35400E28F62 /* MapPolyLineObject.m */; };
		860038161FBAD35400E28F62 /* MapPolylineView.m in Sources */ = {isa = PBXBuildFile; fileRef = 860037D41FBAD35400E28F62 /* MapPolylineView.m */; };
		860038171FBAD35400E28F62 /* MapRedPolylineView.m in Sources */ = {isa = PBXBuildFile; fileRef = 860037D61FBAD35400E28F62 /* MapRedPolylineView.m */; };
		860038181FBAD35400E28F62 /* MapSearchInputTips.m in Sources */ = {isa = PBXBuildFile; fileRef = 860037DA1FBAD35400E28F62 /* MapSearchInputTips.m */; };
		860038191FBAD35400E28F62 /* MapSearchKeywords.m in Sources */ = {isa = PBXBuildFile; fileRef = 860037DD1FBAD35400E28F62 /* MapSearchKeywords.m */; };
		8600381A1FBAD35400E28F62 /* MapSearchKeywords_MapView.m in Sources */ = {isa = PBXBuildFile; fileRef = 860037DF1FBAD35400E28F62 /* MapSearchKeywords_MapView.m */; };
		8600381B1FBAD35400E28F62 /* MapSearch+Search.m in Sources */ = {isa = PBXBuildFile; fileRef = 860037E21FBAD35400E28F62 /* MapSearch+Search.m */; };
		8600381C1FBAD35400E28F62 /* MapSearch.m in Sources */ = {isa = PBXBuildFile; fileRef = 860037E41FBAD35400E28F62 /* MapSearch.m */; };
		8600381D1FBAD35400E28F62 /* MapSearchObject.m in Sources */ = {isa = PBXBuildFile; fileRef = 860037E61FBAD35400E28F62 /* MapSearchObject.m */; };
		8600381E1FBAD35400E28F62 /* MapSearchInputTipModel.m in Sources */ = {isa = PBXBuildFile; fileRef = 860037EA1FBAD35400E28F62 /* MapSearchInputTipModel.m */; };
		860038241FBAD39400E28F62 /* MapManager+Location.m in Sources */ = {isa = PBXBuildFile; fileRef = 860038231FBAD39400E28F62 /* MapManager+Location.m */; };
		860038271FBADB4600E28F62 /* CacheMapLocationManager.m in Sources */ = {isa = PBXBuildFile; fileRef = 860038261FBADB4600E28F62 /* CacheMapLocationManager.m */; };
		8630CB391F25EDDD00243A93 /* main.m in Sources */ = {isa = PBXBuildFile; fileRef = 8630CB381F25EDDD00243A93 /* main.m */; };
		8630CB3C1F25EDDD00243A93 /* AppDelegate.m in Sources */ = {isa = PBXBuildFile; fileRef = 8630CB3B1F25EDDD00243A93 /* AppDelegate.m */; };
		8630CB3F1F25EDDD00243A93 /* ViewController.m in Sources */ = {isa = PBXBuildFile; fileRef = 8630CB3E1F25EDDD00243A93 /* ViewController.m */; };
		8630CB421F25EDDD00243A93 /* Main.storyboard in Resources */ = {isa = PBXBuildFile; fileRef = 8630CB401F25EDDD00243A93 /* Main.storyboard */; };
		8630CB441F25EDDD00243A93 /* Assets.xcassets in Resources */ = {isa = PBXBuildFile; fileRef = 8630CB431F25EDDD00243A93 /* Assets.xcassets */; };
		8630CB471F25EDDD00243A93 /* LaunchScreen.storyboard in Resources */ = {isa = PBXBuildFile; fileRef = 8630CB451F25EDDD00243A93 /* LaunchScreen.storyboard */; };
		8630CB521F25EDDD00243A93 /* MapDemoTests.m in Sources */ = {isa = PBXBuildFile; fileRef = 8630CB511F25EDDD00243A93 /* MapDemoTests.m */; };
		8630CB5D1F25EDDD00243A93 /* MapDemoUITests.m in Sources */ = {isa = PBXBuildFile; fileRef = 8630CB5C1F25EDDD00243A93 /* MapDemoUITests.m */; };
		8630CC061F25EE7500243A93 /* DrawDriveRecordViewController.m in Sources */ = {isa = PBXBuildFile; fileRef = 8630CB6C1F25EE7500243A93 /* DrawDriveRecordViewController.m */; };
		8630CC071F25EE7500243A93 /* DrawLineViewController.m in Sources */ = {isa = PBXBuildFile; fileRef = 8630CB6E1F25EE7500243A93 /* DrawLineViewController.m */; };
		8630CC081F25EE7500243A93 /* DrawRouteViewController.m in Sources */ = {isa = PBXBuildFile; fileRef = 8630CB701F25EE7500243A93 /* DrawRouteViewController.m */; };
		8630CC091F25EE7500243A93 /* KeyWordsViewController.m in Sources */ = {isa = PBXBuildFile; fileRef = 8630CB721F25EE7500243A93 /* KeyWordsViewController.m */; };
		8630CC0A1F25EE7500243A93 /* MapFenceViewController.m in Sources */ = {isa = PBXBuildFile; fileRef = 8630CB741F25EE7500243A93 /* MapFenceViewController.m */; };
		8630CC0B1F25EE7500243A93 /* MapInputTipsViewController.m in Sources */ = {isa = PBXBuildFile; fileRef = 8630CB761F25EE7500243A93 /* MapInputTipsViewController.m */; };
		8630CC0C1F25EE7500243A93 /* MapPointViewController.m in Sources */ = {isa = PBXBuildFile; fileRef = 8630CB781F25EE7500243A93 /* MapPointViewController.m */; };
		8630CC0D1F25EE7500243A93 /* SimulateRouteViewController.m in Sources */ = {isa = PBXBuildFile; fileRef = 8630CB7A1F25EE7500243A93 /* SimulateRouteViewController.m */; };
		8630CC1E1F25EE7500243A93 /* CarSimulator.m in Sources */ = {isa = PBXBuildFile; fileRef = 8630CBA11F25EE7500243A93 /* CarSimulator.m */; };
		8630CC261F25EE7500243A93 /* FourAngleLabel.m in Sources */ = {isa = PBXBuildFile; fileRef = 8630CBB31F25EE7500243A93 /* FourAngleLabel.m */; };
		8630CC461F25EE7500243A93 /* TableViewCellModel.m in Sources */ = {isa = PBXBuildFile; fileRef = 8630CC031F25EE7500243A93 /* TableViewCellModel.m */; };
		8630CC471F25EE7500243A93 /* UIViewController+Alert.m in Sources */ = {isa = PBXBuildFile; fileRef = 8630CC051F25EE7500243A93 /* UIViewController+Alert.m */; };
/* End PBXBuildFile section */

/* Begin PBXContainerItemProxy section */
		8630CB4E1F25EDDD00243A93 /* PBXContainerItemProxy */ = {
			isa = PBXContainerItemProxy;
			containerPortal = 8630CB2C1F25EDDD00243A93 /* Project object */;
			proxyType = 1;
			remoteGlobalIDString = 8630CB331F25EDDD00243A93;
			remoteInfo = MapDemo;
		};
		8630CB591F25EDDD00243A93 /* PBXContainerItemProxy */ = {
			isa = PBXContainerItemProxy;
			containerPortal = 8630CB2C1F25EDDD00243A93 /* Project object */;
			proxyType = 1;
			remoteGlobalIDString = 8630CB331F25EDDD00243A93;
			remoteInfo = MapDemo;
		};
/* End PBXContainerItemProxy section */

/* Begin PBXFileReference section */
		67D9105E086DC24E2898C5D5 /* libPods-MapDemo.a */ = {isa = PBXFileReference; explicitFileType = archive.ar; includeInIndex = 0; path = "libPods-MapDemo.a"; sourceTree = BUILT_PRODUCTS_DIR; };
		860037701FBAD35400E28F62 /* BrakeMapAnnotation.h */ = {isa = PBXFileReference; fileEncoding = 4; lastKnownFileType = sourcecode.c.h; path = BrakeMapAnnotation.h; sourceTree = "<group>"; };
		860037711FBAD35400E28F62 /* BrakeMapAnnotation.m */ = {isa = PBXFileReference; fileEncoding = 4; lastKnownFileType = sourcecode.c.objc; path = BrakeMapAnnotation.m; sourceTree = "<group>"; };
		860037721FBAD35400E28F62 /* CarMapAnnotation.h */ = {isa = PBXFileReference; fileEncoding = 4; lastKnownFileType = sourcecode.c.h; path = CarMapAnnotation.h; sourceTree = "<group>"; };
		860037731FBAD35400E28F62 /* CarMapAnnotation.m */ = {isa = PBXFileReference; fileEncoding = 4; lastKnownFileType = sourcecode.c.objc; path = CarMapAnnotation.m; sourceTree = "<group>"; };
		860037741FBAD35400E28F62 /* EndPointMapAnnotation.h */ = {isa = PBXFileReference; fileEncoding = 4; lastKnownFileType = sourcecode.c.h; path = EndPointMapAnnotation.h; sourceTree = "<group>"; };
		860037751FBAD35400E28F62 /* EndPointMapAnnotation.m */ = {isa = PBXFileReference; fileEncoding = 4; lastKnownFileType = sourcecode.c.objc; path = EndPointMapAnnotation.m; sourceTree = "<group>"; };
		860037761FBAD35400E28F62 /* SearchMapAnnotation.h */ = {isa = PBXFileReference; fileEncoding = 4; lastKnownFileType = sourcecode.c.h; path = SearchMapAnnotation.h; sourceTree = "<group>"; };
		860037771FBAD35400E28F62 /* SearchMapAnnotation.m */ = {isa = PBXFileReference; fileEncoding = 4; lastKnownFileType = sourcecode.c.objc; path = SearchMapAnnotation.m; sourceTree = "<group>"; };
		860037781FBAD35400E28F62 /* SpeedUpMapAnnotation.h */ = {isa = PBXFileReference; fileEncoding = 4; lastKnownFileType = sourcecode.c.h; path = SpeedUpMapAnnotation.h; sourceTree = "<group>"; };
		860037791FBAD35400E28F62 /* SpeedUpMapAnnotation.m */ = {isa = PBXFileReference; fileEncoding = 4; lastKnownFileType = sourcecode.c.objc; path = SpeedUpMapAnnotation.m; sourceTree = "<group>"; };
		8600377A1FBAD35400E28F62 /* StartPointMapAnnotation.h */ = {isa = PBXFileReference; fileEncoding = 4; lastKnownFileType = sourcecode.c.h; path = StartPointMapAnnotation.h; sourceTree = "<group>"; };
		8600377B1FBAD35400E28F62 /* StartPointMapAnnotation.m */ = {isa = PBXFileReference; fileEncoding = 4; lastKnownFileType = sourcecode.c.objc; path = StartPointMapAnnotation.m; sourceTree = "<group>"; };
		8600377C1FBAD35400E28F62 /* TextMapAnnotation.h */ = {isa = PBXFileReference; fileEncoding = 4; lastKnownFileType = sourcecode.c.h; path = TextMapAnnotation.h; sourceTree = "<group>"; };
		8600377D1FBAD35400E28F62 /* TextMapAnnotation.m */ = {isa = PBXFileReference; fileEncoding = 4; lastKnownFileType = sourcecode.c.objc; path = TextMapAnnotation.m; sourceTree = "<group>"; };
		8600377E1FBAD35400E28F62 /* TurnMapAnnotation.h */ = {isa = PBXFileReference; fileEncoding = 4; lastKnownFileType = sourcecode.c.h; path = TurnMapAnnotation.h; sourceTree = "<group>"; };
		8600377F1FBAD35400E28F62 /* TurnMapAnnotation.m */ = {isa = PBXFileReference; fileEncoding = 4; lastKnownFileType = sourcecode.c.objc; path = TurnMapAnnotation.m; sourceTree = "<group>"; };
		860037801FBAD35400E28F62 /* MapAnnotation.h */ = {isa = PBXFileReference; fileEncoding = 4; lastKnownFileType = sourcecode.c.h; path = MapAnnotation.h; sourceTree = "<group>"; };
		860037811FBAD35400E28F62 /* MapAnnotation.m */ = {isa = PBXFileReference; fileEncoding = 4; lastKnownFileType = sourcecode.c.objc; path = MapAnnotation.m; sourceTree = "<group>"; };
		860037821FBAD35400E28F62 /* MapAnnotationView.h */ = {isa = PBXFileReference; fileEncoding = 4; lastKnownFileType = sourcecode.c.h; path = MapAnnotationView.h; sourceTree = "<group>"; };
		860037831FBAD35400E28F62 /* MapAnnotationView.m */ = {isa = PBXFileReference; fileEncoding = 4; lastKnownFileType = sourcecode.c.objc; path = MapAnnotationView.m; sourceTree = "<group>"; };
		860037841FBAD35400E28F62 /* MapAnnotationViewProtocol.h */ = {isa = PBXFileReference; fileEncoding = 4; lastKnownFileType = sourcecode.c.h; path = MapAnnotationViewProtocol.h; sourceTree = "<group>"; };
		860037861FBAD35400E28F62 /* CACoordLayer.h */ = {isa = PBXFileReference; fileEncoding = 4; lastKnownFileType = sourcecode.c.h; path = CACoordLayer.h; sourceTree = "<group>"; };
		860037871FBAD35400E28F62 /* CACoordLayer.m */ = {isa = PBXFileReference; fileEncoding = 4; lastKnownFileType = sourcecode.c.objc; path = CACoordLayer.m; sourceTree = "<group>"; };
		860037881FBAD35400E28F62 /* MovingAnnotationView.h */ = {isa = PBXFileReference; fileEncoding = 4; lastKnownFileType = sourcecode.c.h; path = MovingAnnotationView.h; sourceTree = "<group>"; };
		860037891FBAD35400E28F62 /* MovingAnnotationView.m */ = {isa = PBXFileReference; fileEncoding = 4; lastKnownFileType = sourcecode.c.objc; path = MovingAnnotationView.m; sourceTree = "<group>"; };
		8600378A1FBAD35400E28F62 /* TracingPoint.h */ = {isa = PBXFileReference; fileEncoding = 4; lastKnownFileType = sourcecode.c.h; path = TracingPoint.h; sourceTree = "<group>"; };
		8600378B1FBAD35400E28F62 /* TracingPoint.m */ = {isa = PBXFileReference; fileEncoding = 4; lastKnownFileType = sourcecode.c.objc; path = TracingPoint.m; sourceTree = "<group>"; };
		8600378D1FBAD35400E28F62 /* AngleLabel.h */ = {isa = PBXFileReference; fileEncoding = 4; lastKnownFileType = sourcecode.c.h; path = AngleLabel.h; sourceTree = "<group>"; };
		8600378E1FBAD35400E28F62 /* AngleLabel.m */ = {isa = PBXFileReference; fileEncoding = 4; lastKnownFileType = sourcecode.c.objc; path = AngleLabel.m; sourceTree = "<group>"; };
		8600378F1FBAD35400E28F62 /* CarMapAnnotationView.h */ = {isa = PBXFileReference; fileEncoding = 4; lastKnownFileType = sourcecode.c.h; path = CarMapAnnotationView.h; sourceTree = "<group>"; };
		860037901FBAD35400E28F62 /* CarMapAnnotationView.m */ = {isa = PBXFileReference; fileEncoding = 4; lastKnownFileType = sourcecode.c.objc; path = CarMapAnnotationView.m; sourceTree = "<group>"; };
		860037911FBAD35400E28F62 /* TextMapAnnotationView.h */ = {isa = PBXFileReference; fileEncoding = 4; lastKnownFileType = sourcecode.c.h; path = TextMapAnnotationView.h; sourceTree = "<group>"; };
		860037921FBAD35400E28F62 /* TextMapAnnotationView.m */ = {isa = PBXFileReference; fileEncoding = 4; lastKnownFileType = sourcecode.c.objc; path = TextMapAnnotationView.m; sourceTree = "<group>"; };
		860037941FBAD35400E28F62 /* MapDrawDriveRecord.h */ = {isa = PBXFileReference; fileEncoding = 4; lastKnownFileType = sourcecode.c.h; path = MapDrawDriveRecord.h; sourceTree = "<group>"; };
		860037951FBAD35400E28F62 /* MapDrawDriveRecord.m */ = {isa = PBXFileReference; fileEncoding = 4; lastKnownFileType = sourcecode.c.objc; path = MapDrawDriveRecord.m; sourceTree = "<group>"; };
		860037961FBAD35400E28F62 /* MapDrawLine.h */ = {isa = PBXFileReference; fileEncoding = 4; lastKnownFileType = sourcecode.c.h; path = MapDrawLine.h; sourceTree = "<group>"; };
		860037971FBAD35400E28F62 /* MapDrawLine.m */ = {isa = PBXFileReference; fileEncoding = 4; lastKnownFileType = sourcecode.c.objc; path = MapDrawLine.m; sourceTree = "<group>"; };
		860037981FBAD35400E28F62 /* MapDrawPoint.h */ = {isa = PBXFileReference; fileEncoding = 4; lastKnownFileType = sourcecode.c.h; path = MapDrawPoint.h; sourceTree = "<group>"; };
		860037991FBAD35400E28F62 /* MapDrawPoint.m */ = {isa = PBXFileReference; fileEncoding = 4; lastKnownFileType = sourcecode.c.objc; path = MapDrawPoint.m; sourceTree = "<group>"; };
		8600379A1FBAD35400E28F62 /* MapDrawRoute.h */ = {isa = PBXFileReference; fileEncoding = 4; lastKnownFileType = sourcecode.c.h; path = MapDrawRoute.h; sourceTree = "<group>"; };
		8600379B1FBAD35400E28F62 /* MapDrawRoute.m */ = {isa = PBXFileReference; fileEncoding = 4; lastKnownFileType = sourcecode.c.objc; path = MapDrawRoute.m; sourceTree = "<group>"; };
		8600379D1FBAD35400E28F62 /* MapDriveRecordObject.h */ = {isa = PBXFileReference; fileEncoding = 4; lastKnownFileType = sourcecode.c.h; path = MapDriveRecordObject.h; sourceTree = "<group>"; };
		8600379E1FBAD35400E28F62 /* MapDriveRecordObject.m */ = {isa = PBXFileReference; fileEncoding = 4; lastKnownFileType = sourcecode.c.objc; path = MapDriveRecordObject.m; sourceTree = "<group>"; };
		8600379F1FBAD35400E28F62 /* MapRouteObject.h */ = {isa = PBXFileReference; fileEncoding = 4; lastKnownFileType = sourcecode.c.h; path = MapRouteObject.h; sourceTree = "<group>"; };
		860037A01FBAD35400E28F62 /* MapRouteObject.m */ = {isa = PBXFileReference; fileEncoding = 4; lastKnownFileType = sourcecode.c.objc; path = MapRouteObject.m; sourceTree = "<group>"; };
		860037A21FBAD35400E28F62 /* MapDrawFenceView.h */ = {isa = PBXFileReference; fileEncoding = 4; lastKnownFileType = sourcecode.c.h; path = MapDrawFenceView.h; sourceTree = "<group>"; };
		860037A31FBAD35400E28F62 /* MapDrawFenceView.m */ = {isa = PBXFileReference; fileEncoding = 4; lastKnownFileType = sourcecode.c.objc; path = MapDrawFenceView.m; sourceTree = "<group>"; };
		860037A41FBAD35400E28F62 /* MapFenceAMapViewModel.h */ = {isa = PBXFileReference; fileEncoding = 4; lastKnownFileType = sourcecode.c.h; path = MapFenceAMapViewModel.h; sourceTree = "<group>"; };
		860037A51FBAD35400E28F62 /* MapFenceAMapViewModel.m */ = {isa = PBXFileReference; fileEncoding = 4; lastKnownFileType = sourcecode.c.objc; path = MapFenceAMapViewModel.m; sourceTree = "<group>"; };
		860037A61FBAD35400E28F62 /* MapFenceModel.h */ = {isa = PBXFileReference; fileEncoding = 4; lastKnownFileType = sourcecode.c.h; path = MapFenceModel.h; sourceTree = "<group>"; };
		860037A71FBAD35400E28F62 /* MapFenceModel.m */ = {isa = PBXFileReference; fileEncoding = 4; lastKnownFileType = sourcecode.c.objc; path = MapFenceModel.m; sourceTree = "<group>"; };
		860037A81FBAD35400E28F62 /* MapManager+Tools.h */ = {isa = PBXFileReference; fileEncoding = 4; lastKnownFileType = sourcecode.c.h; path = "MapManager+Tools.h"; sourceTree = "<group>"; };
		860037A91FBAD35400E28F62 /* MapManager+Tools.m */ = {isa = PBXFileReference; fileEncoding = 4; lastKnownFileType = sourcecode.c.objc; path = "MapManager+Tools.m"; sourceTree = "<group>"; };
		860037AA1FBAD35400E28F62 /* MapManager.h */ = {isa = PBXFileReference; fileEncoding = 4; lastKnownFileType = sourcecode.c.h; path = MapManager.h; sourceTree = "<group>"; };
		860037AB1FBAD35400E28F62 /* MapManager.m */ = {isa = PBXFileReference; fileEncoding = 4; lastKnownFileType = sourcecode.c.objc; path = MapManager.m; sourceTree = "<group>"; };
		860037AC1FBAD35400E28F62 /* MapManagerHeader.h */ = {isa = PBXFileReference; fileEncoding = 4; lastKnownFileType = sourcecode.c.h; path = MapManagerHeader.h; sourceTree = "<group>"; };
		860037AE1FBAD35400E28F62 /* CarLocationManager.h */ = {isa = PBXFileReference; fileEncoding = 4; lastKnownFileType = sourcecode.c.h; path = CarLocationManager.h; sourceTree = "<group>"; };
		860037AF1FBAD35400E28F62 /* CarLocationManager.m */ = {isa = PBXFileReference; fileEncoding = 4; lastKnownFileType = sourcecode.c.objc; path = CarLocationManager.m; sourceTree = "<group>"; };
		860037B01FBAD35400E28F62 /* CarMapLocation.h */ = {isa = PBXFileReference; fileEncoding = 4; lastKnownFileType = sourcecode.c.h; path = CarMapLocation.h; sourceTree = "<group>"; };
		860037B11FBAD35400E28F62 /* CarMapLocation.m */ = {isa = PBXFileReference; fileEncoding = 4; lastKnownFileType = sourcecode.c.objc; path = CarMapLocation.m; sourceTree = "<group>"; };
		860037B21FBAD35400E28F62 /* MapLocationManager.h */ = {isa = PBXFileReference; fileEncoding = 4; lastKnownFileType = sourcecode.c.h; path = MapLocationManager.h; sourceTree = "<group>"; };
		860037B31FBAD35400E28F62 /* MapLocationManager.m */ = {isa = PBXFileReference; fileEncoding = 4; lastKnownFileType = sourcecode.c.objc; path = MapLocationManager.m; sourceTree = "<group>"; };
		860037B41FBAD35400E28F62 /* MapLocationModel+RegeoSearch.h */ = {isa = PBXFileReference; fileEncoding = 4; lastKnownFileType = sourcecode.c.h; path = "MapLocationModel+RegeoSearch.h"; sourceTree = "<group>"; };
		860037B51FBAD35400E28F62 /* MapLocationModel+RegeoSearch.m */ = {isa = PBXFileReference; fileEncoding = 4; lastKnownFileType = sourcecode.c.objc; path = "MapLocationModel+RegeoSearch.m"; sourceTree = "<group>"; };
		860037B61FBAD35400E28F62 /* MapLocationModel.h */ = {isa = PBXFileReference; fileEncoding = 4; lastKnownFileType = sourcecode.c.h; path = MapLocationModel.h; sourceTree = "<group>"; };
		860037B71FBAD35400E28F62 /* MapLocationModel.m */ = {isa = PBXFileReference; fileEncoding = 4; lastKnownFileType = sourcecode.c.objc; path = MapLocationModel.m; sourceTree = "<group>"; };
		860037B81FBAD35400E28F62 /* MyLatLng.h */ = {isa = PBXFileReference; fileEncoding = 4; lastKnownFileType = sourcecode.c.h; path = MyLatLng.h; sourceTree = "<group>"; };
		860037B91FBAD35400E28F62 /* MyLatLng.m */ = {isa = PBXFileReference; fileEncoding = 4; lastKnownFileType = sourcecode.c.objc; path = MyLatLng.m; sourceTree = "<group>"; };
		860037BA1FBAD35400E28F62 /* SearchMapLocation.h */ = {isa = PBXFileReference; fileEncoding = 4; lastKnownFileType = sourcecode.c.h; path = SearchMapLocation.h; sourceTree = "<group>"; };
		860037BB1FBAD35400E28F62 /* SearchMapLocation.m */ = {isa = PBXFileReference; fileEncoding = 4; lastKnownFileType = sourcecode.c.objc; path = SearchMapLocation.m; sourceTree = "<group>"; };
		860037BC1FBAD35400E28F62 /* UserLocationManager.h */ = {isa = PBXFileReference; fileEncoding = 4; lastKnownFileType = sourcecode.c.h; path = UserLocationManager.h; sourceTree = "<group>"; };
		860037BD1FBAD35400E28F62 /* UserLocationManager.m */ = {isa = PBXFileReference; fileEncoding = 4; lastKnownFileType = sourcecode.c.objc; path = UserLocationManager.m; sourceTree = "<group>"; };
		860037BF1FBAD35400E28F62 /* DriveNaviViewController.h */ = {isa = PBXFileReference; fileEncoding = 4; lastKnownFileType = sourcecode.c.h; path = DriveNaviViewController.h; sourceTree = "<group>"; };
		860037C01FBAD35400E28F62 /* DriveNaviViewController.m */ = {isa = PBXFileReference; fileEncoding = 4; lastKnownFileType = sourcecode.c.objc; path = DriveNaviViewController.m; sourceTree = "<group>"; };
		860037C11FBAD35400E28F62 /* WalkNaviView.h */ = {isa = PBXFileReference; fileEncoding = 4; lastKnownFileType = sourcecode.c.h; path = WalkNaviView.h; sourceTree = "<group>"; };
		860037C21FBAD35400E28F62 /* WalkNaviView.m */ = {isa = PBXFileReference; fileEncoding = 4; lastKnownFileType = sourcecode.c.objc; path = WalkNaviView.m; sourceTree = "<group>"; };
		860037C31FBAD35400E28F62 /* WalkNaviViewController.h */ = {isa = PBXFileReference; fileEncoding = 4; lastKnownFileType = sourcecode.c.h; path = WalkNaviViewController.h; sourceTree = "<group>"; };
		860037C41FBAD35400E28F62 /* WalkNaviViewController.m */ = {isa = PBXFileReference; fileEncoding = 4; lastKnownFileType = sourcecode.c.objc; path = WalkNaviViewController.m; sourceTree = "<group>"; };
		860037C61FBAD35400E28F62 /* MapDrivePlanningRoute.h */ = {isa = PBXFileReference; fileEncoding = 4; lastKnownFileType = sourcecode.c.h; path = MapDrivePlanningRoute.h; sourceTree = "<group>"; };
		860037C71FBAD35400E28F62 /* MapDrivePlanningRoute.m */ = {isa = PBXFileReference; fileEncoding = 4; lastKnownFileType = sourcecode.c.objc; path = MapDrivePlanningRoute.m; sourceTree = "<group>"; };
		860037C81FBAD35400E28F62 /* MapPlanningRoute.h */ = {isa = PBXFileReference; fileEncoding = 4; lastKnownFileType = sourcecode.c.h; path = MapPlanningRoute.h; sourceTree = "<group>"; };
		860037C91FBAD35400E28F62 /* MapPlanningRoute.m */ = {isa = PBXFileReference; fileEncoding = 4; lastKnownFileType = sourcecode.c.objc; path = MapPlanningRoute.m; sourceTree = "<group>"; };
		860037CA1FBAD35400E28F62 /* MapPlanningRouteDelegate.h */ = {isa = PBXFileReference; fileEncoding = 4; lastKnownFileType = sourcecode.c.h; path = MapPlanningRouteDelegate.h; sourceTree = "<group>"; };
		860037CB1FBAD35400E28F62 /* MapPlanningRouteProtocol.h */ = {isa = PBXFileReference; fileEncoding = 4; lastKnownFileType = sourcecode.c.h; path = MapPlanningRouteProtocol.h; sourceTree = "<group>"; };
		860037CC1FBAD35400E28F62 /* MapWalkPlanningRoute.h */ = {isa = PBXFileReference; fileEncoding = 4; lastKnownFileType = sourcecode.c.h; path = MapWalkPlanningRoute.h; sourceTree = "<group>"; };
		860037CD1FBAD35400E28F62 /* MapWalkPlanningRoute.m */ = {isa = PBXFileReference; fileEncoding = 4; lastKnownFileType = sourcecode.c.objc; path = MapWalkPlanningRoute.m; sourceTree = "<group>"; };
		860037CF1FBAD35400E28F62 /* MapDeselectPolylineView.h */ = {isa = PBXFileReference; fileEncoding = 4; lastKnownFileType = sourcecode.c.h; path = MapDeselectPolylineView.h; sourceTree = "<group>"; };
		860037D01FBAD35400E28F62 /* MapDeselectPolylineView.m */ = {isa = PBXFileReference; fileEncoding = 4; lastKnownFileType = sourcecode.c.objc; path = MapDeselectPolylineView.m; sourceTree = "<group>"; };
		860037D11FBAD35400E28F62 /* MapPolyLineObject.h */ = {isa = PBXFileReference; fileEncoding = 4; lastKnownFileType = sourcecode.c.h; path = MapPolyLineObject.h; sourceTree = "<group>"; };
		860037D21FBAD35400E28F62 /* MapPolyLineObject.m */ = {isa = PBXFileReference; fileEncoding = 4; lastKnownFileType = sourcecode.c.objc; path = MapPolyLineObject.m; sourceTree = "<group>"; };
		860037D31FBAD35400E28F62 /* MapPolylineView.h */ = {isa = PBXFileReference; fileEncoding = 4; lastKnownFileType = sourcecode.c.h; path = MapPolylineView.h; sourceTree = "<group>"; };
		860037D41FBAD35400E28F62 /* MapPolylineView.m */ = {isa = PBXFileReference; fileEncoding = 4; lastKnownFileType = sourcecode.c.objc; path = MapPolylineView.m; sourceTree = "<group>"; };
		860037D51FBAD35400E28F62 /* MapRedPolylineView.h */ = {isa = PBXFileReference; fileEncoding = 4; lastKnownFileType = sourcecode.c.h; path = MapRedPolylineView.h; sourceTree = "<group>"; };
		860037D61FBAD35400E28F62 /* MapRedPolylineView.m */ = {isa = PBXFileReference; fileEncoding = 4; lastKnownFileType = sourcecode.c.objc; path = MapRedPolylineView.m; sourceTree = "<group>"; };
		860037D91FBAD35400E28F62 /* MapSearchInputTips.h */ = {isa = PBXFileReference; fileEncoding = 4; lastKnownFileType = sourcecode.c.h; path = MapSearchInputTips.h; sourceTree = "<group>"; };
		860037DA1FBAD35400E28F62 /* MapSearchInputTips.m */ = {isa = PBXFileReference; fileEncoding = 4; lastKnownFileType = sourcecode.c.objc; path = MapSearchInputTips.m; sourceTree = "<group>"; };
		860037DC1FBAD35400E28F62 /* MapSearchKeywords.h */ = {isa = PBXFileReference; fileEncoding = 4; lastKnownFileType = sourcecode.c.h; path = MapSearchKeywords.h; sourceTree = "<group>"; };
		860037DD1FBAD35400E28F62 /* MapSearchKeywords.m */ = {isa = PBXFileReference; fileEncoding = 4; lastKnownFileType = sourcecode.c.objc; path = MapSearchKeywords.m; sourceTree = "<group>"; };
		860037DE1FBAD35400E28F62 /* MapSearchKeywords_MapView.h */ = {isa = PBXFileReference; fileEncoding = 4; lastKnownFileType = sourcecode.c.h; path = MapSearchKeywords_MapView.h; sourceTree = "<group>"; };
		860037DF1FBAD35400E28F62 /* MapSearchKeywords_MapView.m */ = {isa = PBXFileReference; fileEncoding = 4; lastKnownFileType = sourcecode.c.objc; path = MapSearchKeywords_MapView.m; sourceTree = "<group>"; };
		860037E11FBAD35400E28F62 /* MapSearch+Search.h */ = {isa = PBXFileReference; fileEncoding = 4; lastKnownFileType = sourcecode.c.h; path = "MapSearch+Search.h"; sourceTree = "<group>"; };
		860037E21FBAD35400E28F62 /* MapSearch+Search.m */ = {isa = PBXFileReference; fileEncoding = 4; lastKnownFileType = sourcecode.c.objc; path = "MapSearch+Search.m"; sourceTree = "<group>"; };
		860037E31FBAD35400E28F62 /* MapSearch.h */ = {isa = PBXFileReference; fileEncoding = 4; lastKnownFileType = sourcecode.c.h; path = MapSearch.h; sourceTree = "<group>"; };
		860037E41FBAD35400E28F62 /* MapSearch.m */ = {isa = PBXFileReference; fileEncoding = 4; lastKnownFileType = sourcecode.c.objc; path = MapSearch.m; sourceTree = "<group>"; };
		860037E51FBAD35400E28F62 /* MapSearchObject.h */ = {isa = PBXFileReference; fileEncoding = 4; lastKnownFileType = sourcecode.c.h; path = MapSearchObject.h; sourceTree = "<group>"; };
		860037E61FBAD35400E28F62 /* MapSearchObject.m */ = {isa = PBXFileReference; fileEncoding = 4; lastKnownFileType = sourcecode.c.objc; path = MapSearchObject.m; sourceTree = "<group>"; };
		860037E81FBAD35400E28F62 /* MapSearchInputProtocol.h */ = {isa = PBXFileReference; fileEncoding = 4; lastKnownFileType = sourcecode.c.h; path = MapSearchInputProtocol.h; sourceTree = "<group>"; };
		860037E91FBAD35400E28F62 /* MapSearchInputTipModel.h */ = {isa = PBXFileReference; fileEncoding = 4; lastKnownFileType = sourcecode.c.h; path = MapSearchInputTipModel.h; sourceTree = "<group>"; };
		860037EA1FBAD35400E28F62 /* MapSearchInputTipModel.m */ = {isa = PBXFileReference; fileEncoding = 4; lastKnownFileType = sourcecode.c.objc; path = MapSearchInputTipModel.m; sourceTree = "<group>"; };
		860038221FBAD39400E28F62 /* MapManager+Location.h */ = {isa = PBXFileReference; lastKnownFileType = sourcecode.c.h; path = "MapManager+Location.h"; sourceTree = "<group>"; };
		860038231FBAD39400E28F62 /* MapManager+Location.m */ = {isa = PBXFileReference; lastKnownFileType = sourcecode.c.objc; path = "MapManager+Location.m"; sourceTree = "<group>"; };
		860038251FBADB4600E28F62 /* CacheMapLocationManager.h */ = {isa = PBXFileReference; lastKnownFileType = sourcecode.c.h; path = CacheMapLocationManager.h; sourceTree = "<group>"; };
		860038261FBADB4600E28F62 /* CacheMapLocationManager.m */ = {isa = PBXFileReference; lastKnownFileType = sourcecode.c.objc; path = CacheMapLocationManager.m; sourceTree = "<group>"; };
		8630CB341F25EDDD00243A93 /* MapDemo.app */ = {isa = PBXFileReference; explicitFileType = wrapper.application; includeInIndex = 0; path = MapDemo.app; sourceTree = BUILT_PRODUCTS_DIR; };
		8630CB381F25EDDD00243A93 /* main.m */ = {isa = PBXFileReference; lastKnownFileType = sourcecode.c.objc; path = main.m; sourceTree = "<group>"; };
		8630CB3A1F25EDDD00243A93 /* AppDelegate.h */ = {isa = PBXFileReference; lastKnownFileType = sourcecode.c.h; path = AppDelegate.h; sourceTree = "<group>"; };
		8630CB3B1F25EDDD00243A93 /* AppDelegate.m */ = {isa = PBXFileReference; lastKnownFileType = sourcecode.c.objc; path = AppDelegate.m; sourceTree = "<group>"; };
		8630CB3D1F25EDDD00243A93 /* ViewController.h */ = {isa = PBXFileReference; lastKnownFileType = sourcecode.c.h; path = ViewController.h; sourceTree = "<group>"; };
		8630CB3E1F25EDDD00243A93 /* ViewController.m */ = {isa = PBXFileReference; lastKnownFileType = sourcecode.c.objc; path = ViewController.m; sourceTree = "<group>"; };
		8630CB411F25EDDD00243A93 /* Base */ = {isa = PBXFileReference; lastKnownFileType = file.storyboard; name = Base; path = Base.lproj/Main.storyboard; sourceTree = "<group>"; };
		8630CB431F25EDDD00243A93 /* Assets.xcassets */ = {isa = PBXFileReference; lastKnownFileType = folder.assetcatalog; path = Assets.xcassets; sourceTree = "<group>"; };
		8630CB461F25EDDD00243A93 /* Base */ = {isa = PBXFileReference; lastKnownFileType = file.storyboard; name = Base; path = Base.lproj/LaunchScreen.storyboard; sourceTree = "<group>"; };
		8630CB481F25EDDD00243A93 /* Info.plist */ = {isa = PBXFileReference; lastKnownFileType = text.plist.xml; path = Info.plist; sourceTree = "<group>"; };
		8630CB4D1F25EDDD00243A93 /* MapDemoTests.xctest */ = {isa = PBXFileReference; explicitFileType = wrapper.cfbundle; includeInIndex = 0; path = MapDemoTests.xctest; sourceTree = BUILT_PRODUCTS_DIR; };
		8630CB511F25EDDD00243A93 /* MapDemoTests.m */ = {isa = PBXFileReference; lastKnownFileType = sourcecode.c.objc; path = MapDemoTests.m; sourceTree = "<group>"; };
		8630CB531F25EDDD00243A93 /* Info.plist */ = {isa = PBXFileReference; lastKnownFileType = text.plist.xml; path = Info.plist; sourceTree = "<group>"; };
		8630CB581F25EDDD00243A93 /* MapDemoUITests.xctest */ = {isa = PBXFileReference; explicitFileType = wrapper.cfbundle; includeInIndex = 0; path = MapDemoUITests.xctest; sourceTree = BUILT_PRODUCTS_DIR; };
		8630CB5C1F25EDDD00243A93 /* MapDemoUITests.m */ = {isa = PBXFileReference; lastKnownFileType = sourcecode.c.objc; path = MapDemoUITests.m; sourceTree = "<group>"; };
		8630CB5E1F25EDDD00243A93 /* Info.plist */ = {isa = PBXFileReference; lastKnownFileType = text.plist.xml; path = Info.plist; sourceTree = "<group>"; };
		8630CB6B1F25EE7500243A93 /* DrawDriveRecordViewController.h */ = {isa = PBXFileReference; fileEncoding = 4; lastKnownFileType = sourcecode.c.h; path = DrawDriveRecordViewController.h; sourceTree = "<group>"; };
		8630CB6C1F25EE7500243A93 /* DrawDriveRecordViewController.m */ = {isa = PBXFileReference; fileEncoding = 4; lastKnownFileType = sourcecode.c.objc; path = DrawDriveRecordViewController.m; sourceTree = "<group>"; };
		8630CB6D1F25EE7500243A93 /* DrawLineViewController.h */ = {isa = PBXFileReference; fileEncoding = 4; lastKnownFileType = sourcecode.c.h; path = DrawLineViewController.h; sourceTree = "<group>"; };
		8630CB6E1F25EE7500243A93 /* DrawLineViewController.m */ = {isa = PBXFileReference; fileEncoding = 4; lastKnownFileType = sourcecode.c.objc; path = DrawLineViewController.m; sourceTree = "<group>"; };
		8630CB6F1F25EE7500243A93 /* DrawRouteViewController.h */ = {isa = PBXFileReference; fileEncoding = 4; lastKnownFileType = sourcecode.c.h; path = DrawRouteViewController.h; sourceTree = "<group>"; };
		8630CB701F25EE7500243A93 /* DrawRouteViewController.m */ = {isa = PBXFileReference; fileEncoding = 4; lastKnownFileType = sourcecode.c.objc; path = DrawRouteViewController.m; sourceTree = "<group>"; };
		8630CB711F25EE7500243A93 /* KeyWordsViewController.h */ = {isa = PBXFileReference; fileEncoding = 4; lastKnownFileType = sourcecode.c.h; path = KeyWordsViewController.h; sourceTree = "<group>"; };
		8630CB721F25EE7500243A93 /* KeyWordsViewController.m */ = {isa = PBXFileReference; fileEncoding = 4; lastKnownFileType = sourcecode.c.objc; path = KeyWordsViewController.m; sourceTree = "<group>"; };
		8630CB731F25EE7500243A93 /* MapFenceViewController.h */ = {isa = PBXFileReference; fileEncoding = 4; lastKnownFileType = sourcecode.c.h; path = MapFenceViewController.h; sourceTree = "<group>"; };
		8630CB741F25EE7500243A93 /* MapFenceViewController.m */ = {isa = PBXFileReference; fileEncoding = 4; lastKnownFileType = sourcecode.c.objc; path = MapFenceViewController.m; sourceTree = "<group>"; };
		8630CB751F25EE7500243A93 /* MapInputTipsViewController.h */ = {isa = PBXFileReference; fileEncoding = 4; lastKnownFileType = sourcecode.c.h; path = MapInputTipsViewController.h; sourceTree = "<group>"; };
		8630CB761F25EE7500243A93 /* MapInputTipsViewController.m */ = {isa = PBXFileReference; fileEncoding = 4; lastKnownFileType = sourcecode.c.objc; path = MapInputTipsViewController.m; sourceTree = "<group>"; };
		8630CB771F25EE7500243A93 /* MapPointViewController.h */ = {isa = PBXFileReference; fileEncoding = 4; lastKnownFileType = sourcecode.c.h; path = MapPointViewController.h; sourceTree = "<group>"; };
		8630CB781F25EE7500243A93 /* MapPointViewController.m */ = {isa = PBXFileReference; fileEncoding = 4; lastKnownFileType = sourcecode.c.objc; path = MapPointViewController.m; sourceTree = "<group>"; };
		8630CB791F25EE7500243A93 /* SimulateRouteViewController.h */ = {isa = PBXFileReference; fileEncoding = 4; lastKnownFileType = sourcecode.c.h; path = SimulateRouteViewController.h; sourceTree = "<group>"; };
		8630CB7A1F25EE7500243A93 /* SimulateRouteViewController.m */ = {isa = PBXFileReference; fileEncoding = 4; lastKnownFileType = sourcecode.c.objc; path = SimulateRouteViewController.m; sourceTree = "<group>"; };
		8630CBA01F25EE7500243A93 /* CarSimulator.h */ = {isa = PBXFileReference; fileEncoding = 4; lastKnownFileType = sourcecode.c.h; path = CarSimulator.h; sourceTree = "<group>"; };
		8630CBA11F25EE7500243A93 /* CarSimulator.m */ = {isa = PBXFileReference; fileEncoding = 4; lastKnownFileType = sourcecode.c.objc; path = CarSimulator.m; sourceTree = "<group>"; };
		8630CBB21F25EE7500243A93 /* FourAngleLabel.h */ = {isa = PBXFileReference; fileEncoding = 4; lastKnownFileType = sourcecode.c.h; path = FourAngleLabel.h; sourceTree = "<group>"; };
		8630CBB31F25EE7500243A93 /* FourAngleLabel.m */ = {isa = PBXFileReference; fileEncoding = 4; lastKnownFileType = sourcecode.c.objc; path = FourAngleLabel.m; sourceTree = "<group>"; };
		8630CBFE1F25EE7500243A93 /* PrefixHeader.pch */ = {isa = PBXFileReference; fileEncoding = 4; lastKnownFileType = sourcecode.c.h; path = PrefixHeader.pch; sourceTree = "<group>"; };
		8630CC021F25EE7500243A93 /* TableViewCellModel.h */ = {isa = PBXFileReference; fileEncoding = 4; lastKnownFileType = sourcecode.c.h; path = TableViewCellModel.h; sourceTree = "<group>"; };
		8630CC031F25EE7500243A93 /* TableViewCellModel.m */ = {isa = PBXFileReference; fileEncoding = 4; lastKnownFileType = sourcecode.c.objc; path = TableViewCellModel.m; sourceTree = "<group>"; };
		8630CC041F25EE7500243A93 /* UIViewController+Alert.h */ = {isa = PBXFileReference; fileEncoding = 4; lastKnownFileType = sourcecode.c.h; path = "UIViewController+Alert.h"; sourceTree = "<group>"; };
		8630CC051F25EE7500243A93 /* UIViewController+Alert.m */ = {isa = PBXFileReference; fileEncoding = 4; lastKnownFileType = sourcecode.c.objc; path = "UIViewController+Alert.m"; sourceTree = "<group>"; };
		8648BFD11FB592DA009703EB /* MapDemo.entitlements */ = {isa = PBXFileReference; lastKnownFileType = text.plist.entitlements; path = MapDemo.entitlements; sourceTree = "<group>"; };
		9A50D6CFF12A25AA33FDF08B /* Pods-MapDemo.release.xcconfig */ = {isa = PBXFileReference; includeInIndex = 1; lastKnownFileType = text.xcconfig; name = "Pods-MapDemo.release.xcconfig"; path = "Pods/Target Support Files/Pods-MapDemo/Pods-MapDemo.release.xcconfig"; sourceTree = "<group>"; };
		B47ADE36CE3324CE23C89D9C /* Pods-MapDemo.debug.xcconfig */ = {isa = PBXFileReference; includeInIndex = 1; lastKnownFileType = text.xcconfig; name = "Pods-MapDemo.debug.xcconfig"; path = "Pods/Target Support Files/Pods-MapDemo/Pods-MapDemo.debug.xcconfig"; sourceTree = "<group>"; };
/* End PBXFileReference section */

/* Begin PBXFrameworksBuildPhase section */
		8630CB311F25EDDD00243A93 /* Frameworks */ = {
			isa = PBXFrameworksBuildPhase;
			buildActionMask = 2147483647;
			files = (
				02671DA6FD436813772668A4 /* libPods-MapDemo.a in Frameworks */,
			);
			runOnlyForDeploymentPostprocessing = 0;
		};
		8630CB4A1F25EDDD00243A93 /* Frameworks */ = {
			isa = PBXFrameworksBuildPhase;
			buildActionMask = 2147483647;
			files = (
			);
			runOnlyForDeploymentPostprocessing = 0;
		};
		8630CB551F25EDDD00243A93 /* Frameworks */ = {
			isa = PBXFrameworksBuildPhase;
			buildActionMask = 2147483647;
			files = (
			);
			runOnlyForDeploymentPostprocessing = 0;
		};
/* End PBXFrameworksBuildPhase section */

/* Begin PBXGroup section */
		08ACC4188A46F0E25DA42A24 /* Pods */ = {
			isa = PBXGroup;
			children = (
				B47ADE36CE3324CE23C89D9C /* Pods-MapDemo.debug.xcconfig */,
				9A50D6CFF12A25AA33FDF08B /* Pods-MapDemo.release.xcconfig */,
			);
			name = Pods;
			sourceTree = "<group>";
		};
		8600376D1FBAD35400E28F62 /* MapManager */ = {
			isa = PBXGroup;
			children = (
				860037AD1FBAD35400E28F62 /* Model */,
				860037BE1FBAD35400E28F62 /* NaviVC */,
				860037C51FBAD35400E28F62 /* PlanningRoute */,
				860037CE1FBAD35400E28F62 /* Polyline */,
				860037D71FBAD35400E28F62 /* Search */,
				8600376E1FBAD35400E28F62 /* Annotation */,
				860037931FBAD35400E28F62 /* Draw */,
				860037A11FBAD35400E28F62 /* Fence */,
				860037A81FBAD35400E28F62 /* MapManager+Tools.h */,
				860037A91FBAD35400E28F62 /* MapManager+Tools.m */,
				860037AA1FBAD35400E28F62 /* MapManager.h */,
				860037AB1FBAD35400E28F62 /* MapManager.m */,
				860037AC1FBAD35400E28F62 /* MapManagerHeader.h */,
			);
			name = MapManager;
			path = ../../MapManager;
			sourceTree = "<group>";
		};
		8600376E1FBAD35400E28F62 /* Annotation */ = {
			isa = PBXGroup;
			children = (
				8600376F1FBAD35400E28F62 /* Annotation */,
				860037801FBAD35400E28F62 /* MapAnnotation.h */,
				860037811FBAD35400E28F62 /* MapAnnotation.m */,
				860037821FBAD35400E28F62 /* MapAnnotationView.h */,
				860037831FBAD35400E28F62 /* MapAnnotationView.m */,
				860037841FBAD35400E28F62 /* MapAnnotationViewProtocol.h */,
				860037851FBAD35400E28F62 /* MovingAnnotationView */,
				8600378C1FBAD35400E28F62 /* View */,
			);
			path = Annotation;
			sourceTree = "<group>";
		};
		8600376F1FBAD35400E28F62 /* Annotation */ = {
			isa = PBXGroup;
			children = (
				860037701FBAD35400E28F62 /* BrakeMapAnnotation.h */,
				860037711FBAD35400E28F62 /* BrakeMapAnnotation.m */,
				860037721FBAD35400E28F62 /* CarMapAnnotation.h */,
				860037731FBAD35400E28F62 /* CarMapAnnotation.m */,
				860037741FBAD35400E28F62 /* EndPointMapAnnotation.h */,
				860037751FBAD35400E28F62 /* EndPointMapAnnotation.m */,
				860037761FBAD35400E28F62 /* SearchMapAnnotation.h */,
				860037771FBAD35400E28F62 /* SearchMapAnnotation.m */,
				860037781FBAD35400E28F62 /* SpeedUpMapAnnotation.h */,
				860037791FBAD35400E28F62 /* SpeedUpMapAnnotation.m */,
				8600377A1FBAD35400E28F62 /* StartPointMapAnnotation.h */,
				8600377B1FBAD35400E28F62 /* StartPointMapAnnotation.m */,
				8600377C1FBAD35400E28F62 /* TextMapAnnotation.h */,
				8600377D1FBAD35400E28F62 /* TextMapAnnotation.m */,
				8600377E1FBAD35400E28F62 /* TurnMapAnnotation.h */,
				8600377F1FBAD35400E28F62 /* TurnMapAnnotation.m */,
			);
			path = Annotation;
			sourceTree = "<group>";
		};
		860037851FBAD35400E28F62 /* MovingAnnotationView */ = {
			isa = PBXGroup;
			children = (
				860037861FBAD35400E28F62 /* CACoordLayer.h */,
				860037871FBAD35400E28F62 /* CACoordLayer.m */,
				860037881FBAD35400E28F62 /* MovingAnnotationView.h */,
				860037891FBAD35400E28F62 /* MovingAnnotationView.m */,
				8600378A1FBAD35400E28F62 /* TracingPoint.h */,
				8600378B1FBAD35400E28F62 /* TracingPoint.m */,
			);
			path = MovingAnnotationView;
			sourceTree = "<group>";
		};
		8600378C1FBAD35400E28F62 /* View */ = {
			isa = PBXGroup;
			children = (
				8600378D1FBAD35400E28F62 /* AngleLabel.h */,
				8600378E1FBAD35400E28F62 /* AngleLabel.m */,
				8600378F1FBAD35400E28F62 /* CarMapAnnotationView.h */,
				860037901FBAD35400E28F62 /* CarMapAnnotationView.m */,
				860037911FBAD35400E28F62 /* TextMapAnnotationView.h */,
				860037921FBAD35400E28F62 /* TextMapAnnotationView.m */,
			);
			path = View;
			sourceTree = "<group>";
		};
		860037931FBAD35400E28F62 /* Draw */ = {
			isa = PBXGroup;
			children = (
				860037941FBAD35400E28F62 /* MapDrawDriveRecord.h */,
				860037951FBAD35400E28F62 /* MapDrawDriveRecord.m */,
				860037961FBAD35400E28F62 /* MapDrawLine.h */,
				860037971FBAD35400E28F62 /* MapDrawLine.m */,
				860037981FBAD35400E28F62 /* MapDrawPoint.h */,
				860037991FBAD35400E28F62 /* MapDrawPoint.m */,
				8600379A1FBAD35400E28F62 /* MapDrawRoute.h */,
				8600379B1FBAD35400E28F62 /* MapDrawRoute.m */,
				8600379C1FBAD35400E28F62 /* Route */,
			);
			path = Draw;
			sourceTree = "<group>";
		};
		8600379C1FBAD35400E28F62 /* Route */ = {
			isa = PBXGroup;
			children = (
				8600379D1FBAD35400E28F62 /* MapDriveRecordObject.h */,
				8600379E1FBAD35400E28F62 /* MapDriveRecordObject.m */,
				8600379F1FBAD35400E28F62 /* MapRouteObject.h */,
				860037A01FBAD35400E28F62 /* MapRouteObject.m */,
			);
			path = Route;
			sourceTree = "<group>";
		};
		860037A11FBAD35400E28F62 /* Fence */ = {
			isa = PBXGroup;
			children = (
				860037A21FBAD35400E28F62 /* MapDrawFenceView.h */,
				860037A31FBAD35400E28F62 /* MapDrawFenceView.m */,
				860037A41FBAD35400E28F62 /* MapFenceAMapViewModel.h */,
				860037A51FBAD35400E28F62 /* MapFenceAMapViewModel.m */,
				860037A61FBAD35400E28F62 /* MapFenceModel.h */,
				860037A71FBAD35400E28F62 /* MapFenceModel.m */,
			);
			path = Fence;
			sourceTree = "<group>";
		};
		860037AD1FBAD35400E28F62 /* Model */ = {
			isa = PBXGroup;
			children = (
				860038281FBADB6D00E28F62 /* MapLocationManager */,
				860037B41FBAD35400E28F62 /* MapLocationModel+RegeoSearch.h */,
				860037B51FBAD35400E28F62 /* MapLocationModel+RegeoSearch.m */,
				860037B61FBAD35400E28F62 /* MapLocationModel.h */,
				860037B71FBAD35400E28F62 /* MapLocationModel.m */,
				860037B81FBAD35400E28F62 /* MyLatLng.h */,
				860037B91FBAD35400E28F62 /* MyLatLng.m */,
				860037BA1FBAD35400E28F62 /* SearchMapLocation.h */,
				860037BB1FBAD35400E28F62 /* SearchMapLocation.m */,
				860037B01FBAD35400E28F62 /* CarMapLocation.h */,
				860037B11FBAD35400E28F62 /* CarMapLocation.m */,
			);
			path = Model;
			sourceTree = "<group>";
		};
		860037BE1FBAD35400E28F62 /* NaviVC */ = {
			isa = PBXGroup;
			children = (
				860037BF1FBAD35400E28F62 /* DriveNaviViewController.h */,
				860037C01FBAD35400E28F62 /* DriveNaviViewController.m */,
				860037C11FBAD35400E28F62 /* WalkNaviView.h */,
				860037C21FBAD35400E28F62 /* WalkNaviView.m */,
				860037C31FBAD35400E28F62 /* WalkNaviViewController.h */,
				860037C41FBAD35400E28F62 /* WalkNaviViewController.m */,
			);
			path = NaviVC;
			sourceTree = "<group>";
		};
		860037C51FBAD35400E28F62 /* PlanningRoute */ = {
			isa = PBXGroup;
			children = (
				860037C61FBAD35400E28F62 /* MapDrivePlanningRoute.h */,
				860037C71FBAD35400E28F62 /* MapDrivePlanningRoute.m */,
				860037C81FBAD35400E28F62 /* MapPlanningRoute.h */,
				860037C91FBAD35400E28F62 /* MapPlanningRoute.m */,
				860037CA1FBAD35400E28F62 /* MapPlanningRouteDelegate.h */,
				860037CB1FBAD35400E28F62 /* MapPlanningRouteProtocol.h */,
				860037CC1FBAD35400E28F62 /* MapWalkPlanningRoute.h */,
				860037CD1FBAD35400E28F62 /* MapWalkPlanningRoute.m */,
			);
			path = PlanningRoute;
			sourceTree = "<group>";
		};
		860037CE1FBAD35400E28F62 /* Polyline */ = {
			isa = PBXGroup;
			children = (
				860037CF1FBAD35400E28F62 /* MapDeselectPolylineView.h */,
				860037D01FBAD35400E28F62 /* MapDeselectPolylineView.m */,
				860037D11FBAD35400E28F62 /* MapPolyLineObject.h */,
				860037D21FBAD35400E28F62 /* MapPolyLineObject.m */,
				860037D31FBAD35400E28F62 /* MapPolylineView.h */,
				860037D41FBAD35400E28F62 /* MapPolylineView.m */,
				860037D51FBAD35400E28F62 /* MapRedPolylineView.h */,
				860037D61FBAD35400E28F62 /* MapRedPolylineView.m */,
			);
			path = Polyline;
			sourceTree = "<group>";
		};
		860037D71FBAD35400E28F62 /* Search */ = {
			isa = PBXGroup;
			children = (
				860037D81FBAD35400E28F62 /* InputTip */,
				860037DB1FBAD35400E28F62 /* Keywords */,
				860037E01FBAD35400E28F62 /* MapSearch */,
				860037E71FBAD35400E28F62 /* Model */,
			);
			path = Search;
			sourceTree = "<group>";
		};
		860037D81FBAD35400E28F62 /* InputTip */ = {
			isa = PBXGroup;
			children = (
				860037D91FBAD35400E28F62 /* MapSearchInputTips.h */,
				860037DA1FBAD35400E28F62 /* MapSearchInputTips.m */,
			);
			path = InputTip;
			sourceTree = "<group>";
		};
		860037DB1FBAD35400E28F62 /* Keywords */ = {
			isa = PBXGroup;
			children = (
				860037DC1FBAD35400E28F62 /* MapSearchKeywords.h */,
				860037DD1FBAD35400E28F62 /* MapSearchKeywords.m */,
				860037DE1FBAD35400E28F62 /* MapSearchKeywords_MapView.h */,
				860037DF1FBAD35400E28F62 /* MapSearchKeywords_MapView.m */,
			);
			path = Keywords;
			sourceTree = "<group>";
		};
		860037E01FBAD35400E28F62 /* MapSearch */ = {
			isa = PBXGroup;
			children = (
				860037E11FBAD35400E28F62 /* MapSearch+Search.h */,
				860037E21FBAD35400E28F62 /* MapSearch+Search.m */,
				860037E31FBAD35400E28F62 /* MapSearch.h */,
				860037E41FBAD35400E28F62 /* MapSearch.m */,
				860037E51FBAD35400E28F62 /* MapSearchObject.h */,
				860037E61FBAD35400E28F62 /* MapSearchObject.m */,
			);
			path = MapSearch;
			sourceTree = "<group>";
		};
		860037E71FBAD35400E28F62 /* Model */ = {
			isa = PBXGroup;
			children = (
				860037E81FBAD35400E28F62 /* MapSearchInputProtocol.h */,
				860037E91FBAD35400E28F62 /* MapSearchInputTipModel.h */,
				860037EA1FBAD35400E28F62 /* MapSearchInputTipModel.m */,
			);
			path = Model;
			sourceTree = "<group>";
		};
		860038281FBADB6D00E28F62 /* MapLocationManager */ = {
			isa = PBXGroup;
			children = (
				860037B21FBAD35400E28F62 /* MapLocationManager.h */,
				860037B31FBAD35400E28F62 /* MapLocationManager.m */,
				860038251FBADB4600E28F62 /* CacheMapLocationManager.h */,
				860038261FBADB4600E28F62 /* CacheMapLocationManager.m */,
				860037BC1FBAD35400E28F62 /* UserLocationManager.h */,
				860037BD1FBAD35400E28F62 /* UserLocationManager.m */,
				860037AE1FBAD35400E28F62 /* CarLocationManager.h */,
				860037AF1FBAD35400E28F62 /* CarLocationManager.m */,
			);
			path = MapLocationManager;
			sourceTree = "<group>";
		};
		8630CB2B1F25EDDD00243A93 = {
			isa = PBXGroup;
			children = (
				94E92798F41DE30D1FAD4849 /* Frameworks */,
				8630CB361F25EDDD00243A93 /* MapDemo */,
				8630CB501F25EDDD00243A93 /* MapDemoTests */,
				8630CB5B1F25EDDD00243A93 /* MapDemoUITests */,
				08ACC4188A46F0E25DA42A24 /* Pods */,
				8630CB351F25EDDD00243A93 /* Products */,
			);
			sourceTree = "<group>";
		};
		8630CB351F25EDDD00243A93 /* Products */ = {
			isa = PBXGroup;
			children = (
				8630CB341F25EDDD00243A93 /* MapDemo.app */,
				8630CB4D1F25EDDD00243A93 /* MapDemoTests.xctest */,
				8630CB581F25EDDD00243A93 /* MapDemoUITests.xctest */,
			);
			name = Products;
			sourceTree = "<group>";
		};
		8630CB361F25EDDD00243A93 /* MapDemo */ = {
			isa = PBXGroup;
			children = (
				8648BFD11FB592DA009703EB /* MapDemo.entitlements */,
				8600376D1FBAD35400E28F62 /* MapManager */,
				8630CBFF1F25EE7500243A93 /* Tools */,
				8630CB6A1F25EE7500243A93 /* Controllers */,
				8630CB3A1F25EDDD00243A93 /* AppDelegate.h */,
				8630CB3B1F25EDDD00243A93 /* AppDelegate.m */,
				8630CB401F25EDDD00243A93 /* Main.storyboard */,
				8630CB451F25EDDD00243A93 /* LaunchScreen.storyboard */,
				8630CB481F25EDDD00243A93 /* Info.plist */,
				8630CB431F25EDDD00243A93 /* Assets.xcassets */,
				8630CBFE1F25EE7500243A93 /* PrefixHeader.pch */,
				8630CB3D1F25EDDD00243A93 /* ViewController.h */,
				8630CB3E1F25EDDD00243A93 /* ViewController.m */,
				8630CB371F25EDDD00243A93 /* Supporting Files */,
			);
			path = MapDemo;
			sourceTree = "<group>";
		};
		8630CB371F25EDDD00243A93 /* Supporting Files */ = {
			isa = PBXGroup;
			children = (
				8630CB381F25EDDD00243A93 /* main.m */,
			);
			path = "Supporting Files";
			sourceTree = "<group>";
		};
		8630CB501F25EDDD00243A93 /* MapDemoTests */ = {
			isa = PBXGroup;
			children = (
				8630CB531F25EDDD00243A93 /* Info.plist */,
				8630CB511F25EDDD00243A93 /* MapDemoTests.m */,
			);
			path = MapDemoTests;
			sourceTree = "<group>";
		};
		8630CB5B1F25EDDD00243A93 /* MapDemoUITests */ = {
			isa = PBXGroup;
			children = (
				8630CB5E1F25EDDD00243A93 /* Info.plist */,
				8630CB5C1F25EDDD00243A93 /* MapDemoUITests.m */,
			);
			path = MapDemoUITests;
			sourceTree = "<group>";
		};
		8630CB6A1F25EE7500243A93 /* Controllers */ = {
			isa = PBXGroup;
			children = (
				8630CB6B1F25EE7500243A93 /* DrawDriveRecordViewController.h */,
				8630CB6C1F25EE7500243A93 /* DrawDriveRecordViewController.m */,
				8630CB6D1F25EE7500243A93 /* DrawLineViewController.h */,
				8630CB6E1F25EE7500243A93 /* DrawLineViewController.m */,
				8630CB6F1F25EE7500243A93 /* DrawRouteViewController.h */,
				8630CB701F25EE7500243A93 /* DrawRouteViewController.m */,
				8630CB711F25EE7500243A93 /* KeyWordsViewController.h */,
				8630CB721F25EE7500243A93 /* KeyWordsViewController.m */,
				8630CB731F25EE7500243A93 /* MapFenceViewController.h */,
				8630CB741F25EE7500243A93 /* MapFenceViewController.m */,
				8630CB751F25EE7500243A93 /* MapInputTipsViewController.h */,
				8630CB761F25EE7500243A93 /* MapInputTipsViewController.m */,
				8630CB771F25EE7500243A93 /* MapPointViewController.h */,
				8630CB781F25EE7500243A93 /* MapPointViewController.m */,
				8630CB791F25EE7500243A93 /* SimulateRouteViewController.h */,
				8630CB7A1F25EE7500243A93 /* SimulateRouteViewController.m */,
			);
			path = Controllers;
			sourceTree = "<group>";
		};
		8630CBFF1F25EE7500243A93 /* Tools */ = {
			isa = PBXGroup;
			children = (
				8630CBA01F25EE7500243A93 /* CarSimulator.h */,
				8630CBA11F25EE7500243A93 /* CarSimulator.m */,
				860038221FBAD39400E28F62 /* MapManager+Location.h */,
				860038231FBAD39400E28F62 /* MapManager+Location.m */,
				8630CBB21F25EE7500243A93 /* FourAngleLabel.h */,
				8630CBB31F25EE7500243A93 /* FourAngleLabel.m */,
				8630CC021F25EE7500243A93 /* TableViewCellModel.h */,
				8630CC031F25EE7500243A93 /* TableViewCellModel.m */,
				8630CC041F25EE7500243A93 /* UIViewController+Alert.h */,
				8630CC051F25EE7500243A93 /* UIViewController+Alert.m */,
			);
			path = Tools;
			sourceTree = "<group>";
		};
		94E92798F41DE30D1FAD4849 /* Frameworks */ = {
			isa = PBXGroup;
			children = (
				67D9105E086DC24E2898C5D5 /* libPods-MapDemo.a */,
			);
			name = Frameworks;
			sourceTree = "<group>";
		};
/* End PBXGroup section */

/* Begin PBXNativeTarget section */
		8630CB331F25EDDD00243A93 /* MapDemo */ = {
			isa = PBXNativeTarget;
			buildConfigurationList = 8630CB611F25EDDD00243A93 /* Build configuration list for PBXNativeTarget "MapDemo" */;
			buildPhases = (
				65F05882A6C7B647651A0A52 /* [CP] Check Pods Manifest.lock */,
				8630CB301F25EDDD00243A93 /* Sources */,
				8630CB311F25EDDD00243A93 /* Frameworks */,
				8630CB321F25EDDD00243A93 /* Resources */,
				CF383A69CE36F44F4B937A7B /* [CP] Embed Pods Frameworks */,
				58830A41FC77105F8C58E78E /* [CP] Copy Pods Resources */,
			);
			buildRules = (
			);
			dependencies = (
			);
			name = MapDemo;
			productName = MapDemo;
			productReference = 8630CB341F25EDDD00243A93 /* MapDemo.app */;
			productType = "com.apple.product-type.application";
		};
		8630CB4C1F25EDDD00243A93 /* MapDemoTests */ = {
			isa = PBXNativeTarget;
			buildConfigurationList = 8630CB641F25EDDD00243A93 /* Build configuration list for PBXNativeTarget "MapDemoTests" */;
			buildPhases = (
				8630CB491F25EDDD00243A93 /* Sources */,
				8630CB4A1F25EDDD00243A93 /* Frameworks */,
				8630CB4B1F25EDDD00243A93 /* Resources */,
			);
			buildRules = (
			);
			dependencies = (
				8630CB4F1F25EDDD00243A93 /* PBXTargetDependency */,
			);
			name = MapDemoTests;
			productName = MapDemoTests;
			productReference = 8630CB4D1F25EDDD00243A93 /* MapDemoTests.xctest */;
			productType = "com.apple.product-type.bundle.unit-test";
		};
		8630CB571F25EDDD00243A93 /* MapDemoUITests */ = {
			isa = PBXNativeTarget;
			buildConfigurationList = 8630CB671F25EDDD00243A93 /* Build configuration list for PBXNativeTarget "MapDemoUITests" */;
			buildPhases = (
				8630CB541F25EDDD00243A93 /* Sources */,
				8630CB551F25EDDD00243A93 /* Frameworks */,
				8630CB561F25EDDD00243A93 /* Resources */,
			);
			buildRules = (
			);
			dependencies = (
				8630CB5A1F25EDDD00243A93 /* PBXTargetDependency */,
			);
			name = MapDemoUITests;
			productName = MapDemoUITests;
			productReference = 8630CB581F25EDDD00243A93 /* MapDemoUITests.xctest */;
			productType = "com.apple.product-type.bundle.ui-testing";
		};
/* End PBXNativeTarget section */

/* Begin PBXProject section */
		8630CB2C1F25EDDD00243A93 /* Project object */ = {
			isa = PBXProject;
			attributes = {
				LastUpgradeCheck = 0830;
				ORGANIZATIONNAME = "flamegrace@hotmail.com";
				TargetAttributes = {
					8630CB331F25EDDD00243A93 = {
						CreatedOnToolsVersion = 8.3.3;
						DevelopmentTeam = PK25G5QCH4;
						ProvisioningStyle = Automatic;
						SystemCapabilities = {
							com.apple.WAC = {
								enabled = 0;
							};
						};
					};
					8630CB4C1F25EDDD00243A93 = {
						CreatedOnToolsVersion = 8.3.3;
						DevelopmentTeam = PK25G5QCH4;
						ProvisioningStyle = Automatic;
						TestTargetID = 8630CB331F25EDDD00243A93;
					};
					8630CB571F25EDDD00243A93 = {
						CreatedOnToolsVersion = 8.3.3;
						DevelopmentTeam = PK25G5QCH4;
						ProvisioningStyle = Automatic;
						TestTargetID = 8630CB331F25EDDD00243A93;
					};
				};
			};
			buildConfigurationList = 8630CB2F1F25EDDD00243A93 /* Build configuration list for PBXProject "MapDemo" */;
			compatibilityVersion = "Xcode 3.2";
			developmentRegion = English;
			hasScannedForEncodings = 0;
			knownRegions = (
				en,
				Base,
			);
			mainGroup = 8630CB2B1F25EDDD00243A93;
			productRefGroup = 8630CB351F25EDDD00243A93 /* Products */;
			projectDirPath = "";
			projectRoot = "";
			targets = (
				8630CB331F25EDDD00243A93 /* MapDemo */,
				8630CB4C1F25EDDD00243A93 /* MapDemoTests */,
				8630CB571F25EDDD00243A93 /* MapDemoUITests */,
			);
		};
/* End PBXProject section */

/* Begin PBXResourcesBuildPhase section */
		8630CB321F25EDDD00243A93 /* Resources */ = {
			isa = PBXResourcesBuildPhase;
			buildActionMask = 2147483647;
			files = (
				8630CB471F25EDDD00243A93 /* LaunchScreen.storyboard in Resources */,
				8630CB441F25EDDD00243A93 /* Assets.xcassets in Resources */,
				8630CB421F25EDDD00243A93 /* Main.storyboard in Resources */,
			);
			runOnlyForDeploymentPostprocessing = 0;
		};
		8630CB4B1F25EDDD00243A93 /* Resources */ = {
			isa = PBXResourcesBuildPhase;
			buildActionMask = 2147483647;
			files = (
			);
			runOnlyForDeploymentPostprocessing = 0;
		};
		8630CB561F25EDDD00243A93 /* Resources */ = {
			isa = PBXResourcesBuildPhase;
			buildActionMask = 2147483647;
			files = (
			);
			runOnlyForDeploymentPostprocessing = 0;
		};
/* End PBXResourcesBuildPhase section */

/* Begin PBXShellScriptBuildPhase section */
		58830A41FC77105F8C58E78E /* [CP] Copy Pods Resources */ = {
			isa = PBXShellScriptBuildPhase;
			buildActionMask = 2147483647;
			files = (
			);
			inputPaths = (
			);
			name = "[CP] Copy Pods Resources";
			outputPaths = (
			);
			runOnlyForDeploymentPostprocessing = 0;
			shellPath = /bin/sh;
			shellScript = "\"${SRCROOT}/Pods/Target Support Files/Pods-MapDemo/Pods-MapDemo-resources.sh\"\n";
			showEnvVarsInLog = 0;
		};
		65F05882A6C7B647651A0A52 /* [CP] Check Pods Manifest.lock */ = {
			isa = PBXShellScriptBuildPhase;
			buildActionMask = 2147483647;
			files = (
			);
			inputPaths = (
			);
			name = "[CP] Check Pods Manifest.lock";
			outputPaths = (
			);
			runOnlyForDeploymentPostprocessing = 0;
			shellPath = /bin/sh;
			shellScript = "diff \"${PODS_ROOT}/../Podfile.lock\" \"${PODS_ROOT}/Manifest.lock\" > /dev/null\nif [ $? != 0 ] ; then\n    # print error to STDERR\n    echo \"error: The sandbox is not in sync with the Podfile.lock. Run 'pod install' or update your CocoaPods installation.\" >&2\n    exit 1\nfi\n";
			showEnvVarsInLog = 0;
		};
		CF383A69CE36F44F4B937A7B /* [CP] Embed Pods Frameworks */ = {
			isa = PBXShellScriptBuildPhase;
			buildActionMask = 2147483647;
			files = (
			);
			inputPaths = (
			);
			name = "[CP] Embed Pods Frameworks";
			outputPaths = (
			);
			runOnlyForDeploymentPostprocessing = 0;
			shellPath = /bin/sh;
			shellScript = "\"${SRCROOT}/Pods/Target Support Files/Pods-MapDemo/Pods-MapDemo-frameworks.sh\"\n";
			showEnvVarsInLog = 0;
		};
/* End PBXShellScriptBuildPhase section */

/* Begin PBXSourcesBuildPhase section */
		8630CB301F25EDDD00243A93 /* Sources */ = {
			isa = PBXSourcesBuildPhase;
			buildActionMask = 2147483647;
			files = (
				8630CC061F25EE7500243A93 /* DrawDriveRecordViewController.m in Sources */,
				8630CC0A1F25EE7500243A93 /* MapFenceViewController.m in Sources */,
				860038191FBAD35400E28F62 /* MapSearchKeywords.m in Sources */,
				8630CC091F25EE7500243A93 /* KeyWordsViewController.m in Sources */,
				860038011FBAD35400E28F62 /* MapDrawFenceView.m in Sources */,
				860038111FBAD35400E28F62 /* MapDrivePlanningRoute.m in Sources */,
				8630CC471F25EE7500243A93 /* UIViewController+Alert.m in Sources */,
				8600381D1FBAD35400E28F62 /* MapSearchObject.m in Sources */,
				860037FE1FBAD35400E28F62 /* MapDrawRoute.m in Sources */,
				8630CB3F1F25EDDD00243A93 /* ViewController.m in Sources */,
				8600380D1FBAD35400E28F62 /* UserLocationManager.m in Sources */,
				860037F01FBAD35400E28F62 /* StartPointMapAnnotation.m in Sources */,
				860037FF1FBAD35400E28F62 /* MapDriveRecordObject.m in Sources */,
				860038081FBAD35400E28F62 /* MapLocationManager.m in Sources */,
				8630CC0C1F25EE7500243A93 /* MapPointViewController.m in Sources */,
				860038031FBAD35400E28F62 /* MapFenceModel.m in Sources */,
				860038001FBAD35400E28F62 /* MapRouteObject.m in Sources */,
				8600380B1FBAD35400E28F62 /* MyLatLng.m in Sources */,
				860037F71FBAD35400E28F62 /* TracingPoint.m in Sources */,
				860038151FBAD35400E28F62 /* MapPolyLineObject.m in Sources */,
				860037F51FBAD35400E28F62 /* CACoordLayer.m in Sources */,
				860037F81FBAD35400E28F62 /* AngleLabel.m in Sources */,
				8630CB3C1F25EDDD00243A93 /* AppDelegate.m in Sources */,
				860038051FBAD35400E28F62 /* MapManager.m in Sources */,
				8630CC1E1F25EE7500243A93 /* CarSimulator.m in Sources */,
				860038171FBAD35400E28F62 /* MapRedPolylineView.m in Sources */,
				860037EF1FBAD35400E28F62 /* SpeedUpMapAnnotation.m in Sources */,
				860037FA1FBAD35400E28F62 /* TextMapAnnotationView.m in Sources */,
				860037F91FBAD35400E28F62 /* CarMapAnnotationView.m in Sources */,
				860038141FBAD35400E28F62 /* MapDeselectPolylineView.m in Sources */,
				860037ED1FBAD35400E28F62 /* EndPointMapAnnotation.m in Sources */,
				8600381C1FBAD35400E28F62 /* MapSearch.m in Sources */,
				860038041FBAD35400E28F62 /* MapManager+Tools.m in Sources */,
				860038021FBAD35400E28F62 /* MapFenceAMapViewModel.m in Sources */,
				860038181FBAD35400E28F62 /* MapSearchInputTips.m in Sources */,
				860038271FBADB4600E28F62 /* CacheMapLocationManager.m in Sources */,
				860038071FBAD35400E28F62 /* CarMapLocation.m in Sources */,
				8600381B1FBAD35400E28F62 /* MapSearch+Search.m in Sources */,
				860038121FBAD35400E28F62 /* MapPlanningRoute.m in Sources */,
				860038091FBAD35400E28F62 /* MapLocationModel+RegeoSearch.m in Sources */,
				8600380F1FBAD35400E28F62 /* WalkNaviView.m in Sources */,
				8600380E1FBAD35400E28F62 /* DriveNaviViewController.m in Sources */,
				860037F31FBAD35400E28F62 /* MapAnnotation.m in Sources */,
				860037FD1FBAD35400E28F62 /* MapDrawPoint.m in Sources */,
				860037F61FBAD35400E28F62 /* MovingAnnotationView.m in Sources */,
				860037F41FBAD35400E28F62 /* MapAnnotationView.m in Sources */,
				8600381A1FBAD35400E28F62 /* MapSearchKeywords_MapView.m in Sources */,
				860037FC1FBAD35400E28F62 /* MapDrawLine.m in Sources */,
				8600381E1FBAD35400E28F62 /* MapSearchInputTipModel.m in Sources */,
				8630CC0B1F25EE7500243A93 /* MapInputTipsViewController.m in Sources */,
				8600380A1FBAD35400E28F62 /* MapLocationModel.m in Sources */,
				8600380C1FBAD35400E28F62 /* SearchMapLocation.m in Sources */,
				860037FB1FBAD35400E28F62 /* MapDrawDriveRecord.m in Sources */,
				8630CB391F25EDDD00243A93 /* main.m in Sources */,
				860038061FBAD35400E28F62 /* CarLocationManager.m in Sources */,
				860038131FBAD35400E28F62 /* MapWalkPlanningRoute.m in Sources */,
				8630CC461F25EE7500243A93 /* TableViewCellModel.m in Sources */,
				8630CC081F25EE7500243A93 /* DrawRouteViewController.m in Sources */,
				860038241FBAD39400E28F62 /* MapManager+Location.m in Sources */,
				8630CC0D1F25EE7500243A93 /* SimulateRouteViewController.m in Sources */,
				860037EE1FBAD35400E28F62 /* SearchMapAnnotation.m in Sources */,
				860038101FBAD35400E28F62 /* WalkNaviViewController.m in Sources */,
				860038161FBAD35400E28F62 /* MapPolylineView.m in Sources */,
				860037EB1FBAD35400E28F62 /* BrakeMapAnnotation.m in Sources */,
				8630CC261F25EE7500243A93 /* FourAngleLabel.m in Sources */,
				860037F21FBAD35400E28F62 /* TurnMapAnnotation.m in Sources */,
				8630CC071F25EE7500243A93 /* DrawLineViewController.m in Sources */,
				860037F11FBAD35400E28F62 /* TextMapAnnotation.m in Sources */,
				860037EC1FBAD35400E28F62 /* CarMapAnnotation.m in Sources */,
			);
			runOnlyForDeploymentPostprocessing = 0;
		};
		8630CB491F25EDDD00243A93 /* Sources */ = {
			isa = PBXSourcesBuildPhase;
			buildActionMask = 2147483647;
			files = (
				8630CB521F25EDDD00243A93 /* MapDemoTests.m in Sources */,
			);
			runOnlyForDeploymentPostprocessing = 0;
		};
		8630CB541F25EDDD00243A93 /* Sources */ = {
			isa = PBXSourcesBuildPhase;
			buildActionMask = 2147483647;
			files = (
				8630CB5D1F25EDDD00243A93 /* MapDemoUITests.m in Sources */,
			);
			runOnlyForDeploymentPostprocessing = 0;
		};
/* End PBXSourcesBuildPhase section */

/* Begin PBXTargetDependency section */
		8630CB4F1F25EDDD00243A93 /* PBXTargetDependency */ = {
			isa = PBXTargetDependency;
			target = 8630CB331F25EDDD00243A93 /* MapDemo */;
			targetProxy = 8630CB4E1F25EDDD00243A93 /* PBXContainerItemProxy */;
		};
		8630CB5A1F25EDDD00243A93 /* PBXTargetDependency */ = {
			isa = PBXTargetDependency;
			target = 8630CB331F25EDDD00243A93 /* MapDemo */;
			targetProxy = 8630CB591F25EDDD00243A93 /* PBXContainerItemProxy */;
		};
/* End PBXTargetDependency section */

/* Begin PBXVariantGroup section */
		8630CB401F25EDDD00243A93 /* Main.storyboard */ = {
			isa = PBXVariantGroup;
			children = (
				8630CB411F25EDDD00243A93 /* Base */,
			);
			name = Main.storyboard;
			path = .;
			sourceTree = "<group>";
		};
		8630CB451F25EDDD00243A93 /* LaunchScreen.storyboard */ = {
			isa = PBXVariantGroup;
			children = (
				8630CB461F25EDDD00243A93 /* Base */,
			);
			name = LaunchScreen.storyboard;
			path = .;
			sourceTree = "<group>";
		};
/* End PBXVariantGroup section */

/* Begin XCBuildConfiguration section */
		8630CB5F1F25EDDD00243A93 /* Debug */ = {
			isa = XCBuildConfiguration;
			buildSettings = {
				ALWAYS_SEARCH_USER_PATHS = NO;
				CLANG_ANALYZER_NONNULL = YES;
				CLANG_ANALYZER_NUMBER_OBJECT_CONVERSION = YES_AGGRESSIVE;
				CLANG_CXX_LANGUAGE_STANDARD = "gnu++0x";
				CLANG_CXX_LIBRARY = "libc++";
				CLANG_ENABLE_MODULES = YES;
				CLANG_ENABLE_OBJC_ARC = YES;
				CLANG_WARN_BOOL_CONVERSION = YES;
				CLANG_WARN_CONSTANT_CONVERSION = YES;
				CLANG_WARN_DIRECT_OBJC_ISA_USAGE = YES_ERROR;
				CLANG_WARN_DOCUMENTATION_COMMENTS = YES;
				CLANG_WARN_EMPTY_BODY = YES;
				CLANG_WARN_ENUM_CONVERSION = YES;
				CLANG_WARN_INFINITE_RECURSION = YES;
				CLANG_WARN_INT_CONVERSION = YES;
				CLANG_WARN_OBJC_ROOT_CLASS = YES_ERROR;
				CLANG_WARN_SUSPICIOUS_MOVE = YES;
				CLANG_WARN_UNREACHABLE_CODE = YES;
				CLANG_WARN__DUPLICATE_METHOD_MATCH = YES;
				"CODE_SIGN_IDENTITY[sdk=iphoneos*]" = "iPhone Developer";
				COPY_PHASE_STRIP = NO;
				DEBUG_INFORMATION_FORMAT = dwarf;
				ENABLE_STRICT_OBJC_MSGSEND = YES;
				ENABLE_TESTABILITY = YES;
				GCC_C_LANGUAGE_STANDARD = gnu99;
				GCC_DYNAMIC_NO_PIC = NO;
				GCC_NO_COMMON_BLOCKS = YES;
				GCC_OPTIMIZATION_LEVEL = 0;
				GCC_PREPROCESSOR_DEFINITIONS = (
					"DEBUG=1",
					"$(inherited)",
				);
				GCC_WARN_64_TO_32_BIT_CONVERSION = YES;
				GCC_WARN_ABOUT_RETURN_TYPE = YES_ERROR;
				GCC_WARN_UNDECLARED_SELECTOR = YES;
				GCC_WARN_UNINITIALIZED_AUTOS = YES_AGGRESSIVE;
				GCC_WARN_UNUSED_FUNCTION = YES;
				GCC_WARN_UNUSED_VARIABLE = YES;
				IPHONEOS_DEPLOYMENT_TARGET = 11.0;
				MTL_ENABLE_DEBUG_INFO = YES;
				ONLY_ACTIVE_ARCH = YES;
				SDKROOT = iphoneos;
			};
			name = Debug;
		};
		8630CB601F25EDDD00243A93 /* Release */ = {
			isa = XCBuildConfiguration;
			buildSettings = {
				ALWAYS_SEARCH_USER_PATHS = NO;
				CLANG_ANALYZER_NONNULL = YES;
				CLANG_ANALYZER_NUMBER_OBJECT_CONVERSION = YES_AGGRESSIVE;
				CLANG_CXX_LANGUAGE_STANDARD = "gnu++0x";
				CLANG_CXX_LIBRARY = "libc++";
				CLANG_ENABLE_MODULES = YES;
				CLANG_ENABLE_OBJC_ARC = YES;
				CLANG_WARN_BOOL_CONVERSION = YES;
				CLANG_WARN_CONSTANT_CONVERSION = YES;
				CLANG_WARN_DIRECT_OBJC_ISA_USAGE = YES_ERROR;
				CLANG_WARN_DOCUMENTATION_COMMENTS = YES;
				CLANG_WARN_EMPTY_BODY = YES;
				CLANG_WARN_ENUM_CONVERSION = YES;
				CLANG_WARN_INFINITE_RECURSION = YES;
				CLANG_WARN_INT_CONVERSION = YES;
				CLANG_WARN_OBJC_ROOT_CLASS = YES_ERROR;
				CLANG_WARN_SUSPICIOUS_MOVE = YES;
				CLANG_WARN_UNREACHABLE_CODE = YES;
				CLANG_WARN__DUPLICATE_METHOD_MATCH = YES;
				"CODE_SIGN_IDENTITY[sdk=iphoneos*]" = "iPhone Developer";
				COPY_PHASE_STRIP = NO;
				DEBUG_INFORMATION_FORMAT = "dwarf-with-dsym";
				ENABLE_NS_ASSERTIONS = NO;
				ENABLE_STRICT_OBJC_MSGSEND = YES;
				GCC_C_LANGUAGE_STANDARD = gnu99;
				GCC_NO_COMMON_BLOCKS = YES;
				GCC_WARN_64_TO_32_BIT_CONVERSION = YES;
				GCC_WARN_ABOUT_RETURN_TYPE = YES_ERROR;
				GCC_WARN_UNDECLARED_SELECTOR = YES;
				GCC_WARN_UNINITIALIZED_AUTOS = YES_AGGRESSIVE;
				GCC_WARN_UNUSED_FUNCTION = YES;
				GCC_WARN_UNUSED_VARIABLE = YES;
				IPHONEOS_DEPLOYMENT_TARGET = 11.0;
				MTL_ENABLE_DEBUG_INFO = NO;
				SDKROOT = iphoneos;
				VALIDATE_PRODUCT = YES;
			};
			name = Release;
		};
		8630CB621F25EDDD00243A93 /* Debug */ = {
			isa = XCBuildConfiguration;
			baseConfigurationReference = B47ADE36CE3324CE23C89D9C /* Pods-MapDemo.debug.xcconfig */;
			buildSettings = {
				ASSETCATALOG_COMPILER_APPICON_NAME = AppIcon;
				DEVELOPMENT_TEAM = PK25G5QCH4;
				GCC_PREFIX_HEADER = "$(SRCROOT)/MapDemo/PrefixHeader.pch";
				INFOPLIST_FILE = MapDemo/Info.plist;
				IPHONEOS_DEPLOYMENT_TARGET = 8.0;
				LD_RUNPATH_SEARCH_PATHS = "$(inherited) @executable_path/Frameworks";
				PRODUCT_BUNDLE_IDENTIFIER = com.flamegrace.mapdemo;
				PRODUCT_NAME = "$(TARGET_NAME)";
				WARNING_CFLAGS = "-Wno-documentation";
			};
			name = Debug;
		};
		8630CB631F25EDDD00243A93 /* Release */ = {
			isa = XCBuildConfiguration;
			baseConfigurationReference = 9A50D6CFF12A25AA33FDF08B /* Pods-MapDemo.release.xcconfig */;
			buildSettings = {
				ASSETCATALOG_COMPILER_APPICON_NAME = AppIcon;
				DEVELOPMENT_TEAM = PK25G5QCH4;
				GCC_PREFIX_HEADER = "$(SRCROOT)/MapDemo/PrefixHeader.pch";
				INFOPLIST_FILE = MapDemo/Info.plist;
				IPHONEOS_DEPLOYMENT_TARGET = 8.0;
				LD_RUNPATH_SEARCH_PATHS = "$(inherited) @executable_path/Frameworks";
				PRODUCT_BUNDLE_IDENTIFIER = com.flamegrace.mapdemo;
				PRODUCT_NAME = "$(TARGET_NAME)";
				WARNING_CFLAGS = "-Wno-documentation";
			};
			name = Release;
		};
		8630CB651F25EDDD00243A93 /* Debug */ = {
			isa = XCBuildConfiguration;
			buildSettings = {
				BUNDLE_LOADER = "$(TEST_HOST)";
				DEVELOPMENT_TEAM = PK25G5QCH4;
				INFOPLIST_FILE = MapDemoTests/Info.plist;
				LD_RUNPATH_SEARCH_PATHS = "$(inherited) @executable_path/Frameworks @loader_path/Frameworks";
				PRODUCT_BUNDLE_IDENTIFIER = com.flamegrace.demo.MapDemoTests;
				PRODUCT_NAME = "$(TARGET_NAME)";
				TEST_HOST = "$(BUILT_PRODUCTS_DIR)/MapDemo.app/MapDemo";
			};
			name = Debug;
		};
		8630CB661F25EDDD00243A93 /* Release */ = {
			isa = XCBuildConfiguration;
			buildSettings = {
				BUNDLE_LOADER = "$(TEST_HOST)";
				DEVELOPMENT_TEAM = PK25G5QCH4;
				INFOPLIST_FILE = MapDemoTests/Info.plist;
				LD_RUNPATH_SEARCH_PATHS = "$(inherited) @executable_path/Frameworks @loader_path/Frameworks";
				PRODUCT_BUNDLE_IDENTIFIER = com.flamegrace.demo.MapDemoTests;
				PRODUCT_NAME = "$(TARGET_NAME)";
				TEST_HOST = "$(BUILT_PRODUCTS_DIR)/MapDemo.app/MapDemo";
			};
			name = Release;
		};
		8630CB681F25EDDD00243A93 /* Debug */ = {
			isa = XCBuildConfiguration;
			buildSettings = {
				DEVELOPMENT_TEAM = PK25G5QCH4;
				INFOPLIST_FILE = MapDemoUITests/Info.plist;
				LD_RUNPATH_SEARCH_PATHS = "$(inherited) @executable_path/Frameworks @loader_path/Frameworks";
				PRODUCT_BUNDLE_IDENTIFIER = com.flamegrace.demo.MapDemoUITests;
				PRODUCT_NAME = "$(TARGET_NAME)";
				TEST_TARGET_NAME = MapDemo;
			};
			name = Debug;
		};
		8630CB691F25EDDD00243A93 /* Release */ = {
			isa = XCBuildConfiguration;
			buildSettings = {
				DEVELOPMENT_TEAM = PK25G5QCH4;
				INFOPLIST_FILE = MapDemoUITests/Info.plist;
				LD_RUNPATH_SEARCH_PATHS = "$(inherited) @executable_path/Frameworks @loader_path/Frameworks";
				PRODUCT_BUNDLE_IDENTIFIER = com.flamegrace.demo.MapDemoUITests;
				PRODUCT_NAME = "$(TARGET_NAME)";
				TEST_TARGET_NAME = MapDemo;
			};
			name = Release;
		};
/* End XCBuildConfiguration section */

/* Begin XCConfigurationList section */
		8630CB2F1F25EDDD00243A93 /* Build configuration list for PBXProject "MapDemo" */ = {
			isa = XCConfigurationList;
			buildConfigurations = (
				8630CB5F1F25EDDD00243A93 /* Debug */,
				8630CB601F25EDDD00243A93 /* Release */,
			);
			defaultConfigurationIsVisible = 0;
			defaultConfigurationName = Release;
		};
		8630CB611F25EDDD00243A93 /* Build configuration list for PBXNativeTarget "MapDemo" */ = {
			isa = XCConfigurationList;
			buildConfigurations = (
				8630CB621F25EDDD00243A93 /* Debug */,
				8630CB631F25EDDD00243A93 /* Release */,
			);
			defaultConfigurationIsVisible = 0;
			defaultConfigurationName = Release;
		};
		8630CB641F25EDDD00243A93 /* Build configuration list for PBXNativeTarget "MapDemoTests" */ = {
			isa = XCConfigurationList;
			buildConfigurations = (
				8630CB651F25EDDD00243A93 /* Debug */,
				8630CB661F25EDDD00243A93 /* Release */,
			);
			defaultConfigurationIsVisible = 0;
			defaultConfigurationName = Release;
		};
		8630CB671F25EDDD00243A93 /* Build configuration list for PBXNativeTarget "MapDemoUITests" */ = {
			isa = XCConfigurationList;
			buildConfigurations = (
				8630CB681F25EDDD00243A93 /* Debug */,
				8630CB691F25EDDD00243A93 /* Release */,
			);
			defaultConfigurationIsVisible = 0;
			defaultConfigurationName = Release;
		};
/* End XCConfigurationList section */
	};
	rootObject = 8630CB2C1F25EDDD00243A93 /* Project object */;
}
